// !$*UTF8*$!
{
	archiveVersion = 1;
	classes = {
	};
	objectVersion = 46;
	objects = {

/* Begin PBXBuildFile section */
		350D55B5206FD47F00BB2F3B /* UILabel+Extensions.swift in Sources */ = {isa = PBXBuildFile; fileRef = 350D55B4206FD47F00BB2F3B /* UILabel+Extensions.swift */; };
		350F0F611E9564F3002ED5D7 /* FlowController.swift in Sources */ = {isa = PBXBuildFile; fileRef = 350F0F601E9564F3002ED5D7 /* FlowController.swift */; };
		350F0F631E956578002ED5D7 /* RootFlowController.swift in Sources */ = {isa = PBXBuildFile; fileRef = 350F0F621E956578002ED5D7 /* RootFlowController.swift */; };
		350F0F651E95664B002ED5D7 /* UIStoryboard+Additions.swift in Sources */ = {isa = PBXBuildFile; fileRef = 350F0F641E95664B002ED5D7 /* UIStoryboard+Additions.swift */; };
		350FBC1F200A9596000457EB /* TransactionManagedObjectTests.swift in Sources */ = {isa = PBXBuildFile; fileRef = 350FBC1E200A9596000457EB /* TransactionManagedObjectTests.swift */; };
		351005FB206438130090AD43 /* TransactionsSummaryViewController.swift in Sources */ = {isa = PBXBuildFile; fileRef = 351005FA206438130090AD43 /* TransactionsSummaryViewController.swift */; };
		35129ED1200B5A1400B7A566 /* TransactionsRepositoryTests.swift in Sources */ = {isa = PBXBuildFile; fileRef = 35129ED0200B5A1400B7A566 /* TransactionsRepositoryTests.swift */; };
		3514C4291F9B9A55003C3044 /* TransactionCategoryViewModel.swift in Sources */ = {isa = PBXBuildFile; fileRef = 3514C4281F9B9A55003C3044 /* TransactionCategoryViewModel.swift */; };
		3514C42C1F9CA0A6003C3044 /* TransactionCategoryManagedObject+CoreDataProperties.swift in Sources */ = {isa = PBXBuildFile; fileRef = 3514C42A1F9CA0A6003C3044 /* TransactionCategoryManagedObject+CoreDataProperties.swift */; };
		3514C42D1F9CA0A6003C3044 /* TransactionManagedObject+CoreDataProperties.swift in Sources */ = {isa = PBXBuildFile; fileRef = 3514C42B1F9CA0A6003C3044 /* TransactionManagedObject+CoreDataProperties.swift */; };
		35163F0C20722472000801FA /* TransactionsOverviewViewController.swift in Sources */ = {isa = PBXBuildFile; fileRef = 35163F0B20722472000801FA /* TransactionsOverviewViewController.swift */; };
		35163F0E2072249A000801FA /* TransactionsOverviewViewModel.swift in Sources */ = {isa = PBXBuildFile; fileRef = 35163F0D2072249A000801FA /* TransactionsOverviewViewModel.swift */; };
		3520ADF32087C47D001C6F1E /* FakeChartsDataProcessor.swift in Sources */ = {isa = PBXBuildFile; fileRef = 3520ADF22087C47D001C6F1E /* FakeChartsDataProcessor.swift */; };
		35214FF51F9E670C006503C5 /* FakeTransactionRepository.swift in Sources */ = {isa = PBXBuildFile; fileRef = 35214FF41F9E670C006503C5 /* FakeTransactionRepository.swift */; };
		3523249B1F88F7CF007C4FF5 /* TransactionCategoryRepository.swift in Sources */ = {isa = PBXBuildFile; fileRef = 3523249A1F88F7CF007C4FF5 /* TransactionCategoryRepository.swift */; };
		352324A31F8A8A77007C4FF5 /* TransactionCategoryCollectionViewCell.swift in Sources */ = {isa = PBXBuildFile; fileRef = 352324A21F8A8A77007C4FF5 /* TransactionCategoryCollectionViewCell.swift */; };
		3528D3B6206E68A0009A19E2 /* TransactionsSummaryViewModel.swift in Sources */ = {isa = PBXBuildFile; fileRef = 3528D3B5206E68A0009A19E2 /* TransactionsSummaryViewModel.swift */; };
		352B030A1E92BD0A001B99CB /* Dip.framework in Frameworks */ = {isa = PBXBuildFile; fileRef = 352B03091E92BD0A001B99CB /* Dip.framework */; };
		352B030E1E92BE13001B99CB /* DependencyContainerConfigurator.swift in Sources */ = {isa = PBXBuildFile; fileRef = 352B030D1E92BE13001B99CB /* DependencyContainerConfigurator.swift */; };
		352B03101E92BF20001B99CB /* ContainerAssembly.swift in Sources */ = {isa = PBXBuildFile; fileRef = 352B030F1E92BF20001B99CB /* ContainerAssembly.swift */; };
		352B03121E92BF63001B99CB /* NetworkingLayerAssembler.swift in Sources */ = {isa = PBXBuildFile; fileRef = 352B03111E92BF63001B99CB /* NetworkingLayerAssembler.swift */; };
		352B03141E92C087001B99CB /* DataLayerAssembler.swift in Sources */ = {isa = PBXBuildFile; fileRef = 352B03131E92C087001B99CB /* DataLayerAssembler.swift */; };
		352B03161E92C44B001B99CB /* ModelsAssembler.swift in Sources */ = {isa = PBXBuildFile; fileRef = 352B03151E92C44B001B99CB /* ModelsAssembler.swift */; };
		352B03181E92C4DA001B99CB /* ViewModelsAssembler.swift in Sources */ = {isa = PBXBuildFile; fileRef = 352B03171E92C4DA001B99CB /* ViewModelsAssembler.swift */; };
		352D29A3206AD13900B91E07 /* Gradients.swift in Sources */ = {isa = PBXBuildFile; fileRef = 352D29A2206AD13900B91E07 /* Gradients.swift */; };
		353B9C89202770FB00990667 /* TransactionProtocol.swift in Sources */ = {isa = PBXBuildFile; fileRef = 353B9C88202770FB00990667 /* TransactionProtocol.swift */; };
		353B9C8B202771FC00990667 /* TransactionCategoryProtocol.swift in Sources */ = {isa = PBXBuildFile; fileRef = 353B9C8A202771FC00990667 /* TransactionCategoryProtocol.swift */; };
		353B9C8D2027774F00990667 /* TransactionCellViewModelTests.swift in Sources */ = {isa = PBXBuildFile; fileRef = 353B9C8C2027774F00990667 /* TransactionCellViewModelTests.swift */; };
		353B9C8F2027775D00990667 /* FakeTransction.swift in Sources */ = {isa = PBXBuildFile; fileRef = 353B9C8E2027775D00990667 /* FakeTransction.swift */; };
		35411785200BE83F002B7AF6 /* RootFlowService.swift in Sources */ = {isa = PBXBuildFile; fileRef = 35411784200BE83F002B7AF6 /* RootFlowService.swift */; };
		354513132076A4EB00909A7F /* DateFormattersTests.swift in Sources */ = {isa = PBXBuildFile; fileRef = 354513122076A4EB00909A7F /* DateFormattersTests.swift */; };
		35451317207A721200909A7F /* UserPreferences.swift in Sources */ = {isa = PBXBuildFile; fileRef = 35451316207A721200909A7F /* UserPreferences.swift */; };
		35451319207A733600909A7F /* UserPreferencesTests.swift in Sources */ = {isa = PBXBuildFile; fileRef = 35451318207A733600909A7F /* UserPreferencesTests.swift */; };
		3545131B207A750400909A7F /* FakeUserPreferences.swift in Sources */ = {isa = PBXBuildFile; fileRef = 3545131A207A750400909A7F /* FakeUserPreferences.swift */; };
		3551A39920069E68001394F2 /* String+Additions.swift in Sources */ = {isa = PBXBuildFile; fileRef = 3551A39820069E68001394F2 /* String+Additions.swift */; };
		3551A39B20069F90001394F2 /* StringTests.swift in Sources */ = {isa = PBXBuildFile; fileRef = 3551A39A20069F90001394F2 /* StringTests.swift */; };
		355509C71F7831F20007FEF1 /* SynchronizationService.swift in Sources */ = {isa = PBXBuildFile; fileRef = 355509C61F7831F20007FEF1 /* SynchronizationService.swift */; };
		355509C91F7832830007FEF1 /* TransactionsCloudKitClient.swift in Sources */ = {isa = PBXBuildFile; fileRef = 355509C81F7832830007FEF1 /* TransactionsCloudKitClient.swift */; };
		355509CB1F7ABF1B0007FEF1 /* BudgetViewController.swift in Sources */ = {isa = PBXBuildFile; fileRef = 355509CA1F7ABF1B0007FEF1 /* BudgetViewController.swift */; };
		355509CD1F7ABF7E0007FEF1 /* StatsViewController.swift in Sources */ = {isa = PBXBuildFile; fileRef = 355509CC1F7ABF7E0007FEF1 /* StatsViewController.swift */; };
		355509CF1F7AC1730007FEF1 /* UIViewController+Additions.swift in Sources */ = {isa = PBXBuildFile; fileRef = 355509CE1F7AC1730007FEF1 /* UIViewController+Additions.swift */; };
		355509D11F7AC4410007FEF1 /* UIViewControllerAdditionsTests.swift in Sources */ = {isa = PBXBuildFile; fileRef = 355509D01F7AC4410007FEF1 /* UIViewControllerAdditionsTests.swift */; };
		355509D31F7AC6070007FEF1 /* RootFlowControllerTests.swift in Sources */ = {isa = PBXBuildFile; fileRef = 355509D21F7AC6070007FEF1 /* RootFlowControllerTests.swift */; };
		355509D41F7AC8080007FEF1 /* Dip.framework in Frameworks */ = {isa = PBXBuildFile; fileRef = 352B03091E92BD0A001B99CB /* Dip.framework */; };
		355DB26A2020F90200F990FD /* Sequence+Extension.swift in Sources */ = {isa = PBXBuildFile; fileRef = 355DB2692020F90200F990FD /* Sequence+Extension.swift */; };
		355DB26C2020FA3500F990FD /* SequenceTests.swift in Sources */ = {isa = PBXBuildFile; fileRef = 355DB26B2020FA3500F990FD /* SequenceTests.swift */; };
		356D0EAC1F8BF75800378362 /* TransactionCategoriesCollectionViewController.swift in Sources */ = {isa = PBXBuildFile; fileRef = 356D0EAB1F8BF75800378362 /* TransactionCategoriesCollectionViewController.swift */; };
		356D0EAE1F8BF83800378362 /* TransactionCategoriesCollectionViewModel.swift in Sources */ = {isa = PBXBuildFile; fileRef = 356D0EAD1F8BF83800378362 /* TransactionCategoriesCollectionViewModel.swift */; };
		356D0EB11F8C00E700378362 /* Errors.swift in Sources */ = {isa = PBXBuildFile; fileRef = 356D0EB01F8C00E700378362 /* Errors.swift */; };
		35708BBA1FC605C30052ED9E /* ChartsDataProcessor.swift in Sources */ = {isa = PBXBuildFile; fileRef = 35708BB91FC605C30052ED9E /* ChartsDataProcessor.swift */; };
		35708BBC1FC958110052ED9E /* SetupBudgetViewController.swift in Sources */ = {isa = PBXBuildFile; fileRef = 35708BBB1FC958110052ED9E /* SetupBudgetViewController.swift */; };
		35708BC21FC95B300052ED9E /* BudgetRepository.swift in Sources */ = {isa = PBXBuildFile; fileRef = 35708BC11FC95B300052ED9E /* BudgetRepository.swift */; };
		35708BC51FC95C7F0052ED9E /* BudgetManagedObject+CoreDataClass.swift in Sources */ = {isa = PBXBuildFile; fileRef = 35708BC31FC95C7F0052ED9E /* BudgetManagedObject+CoreDataClass.swift */; };
		35708BC61FC95C7F0052ED9E /* BudgetManagedObject+CoreDataProperties.swift in Sources */ = {isa = PBXBuildFile; fileRef = 35708BC41FC95C7F0052ED9E /* BudgetManagedObject+CoreDataProperties.swift */; };
		35708BC81FC97F750052ED9E /* SetupBudgetViewModel.swift in Sources */ = {isa = PBXBuildFile; fileRef = 35708BC71FC97F750052ED9E /* SetupBudgetViewModel.swift */; };
		3573A9312002AE3100B615F7 /* DateRange.swift in Sources */ = {isa = PBXBuildFile; fileRef = 3573A9302002AE3100B615F7 /* DateRange.swift */; };
		35757FA52075441A00FDAEC0 /* DateRangePickerViewModel.swift in Sources */ = {isa = PBXBuildFile; fileRef = 35757FA42075441A00FDAEC0 /* DateRangePickerViewModel.swift */; };
		35757FA92075444400FDAEC0 /* DateRangePickerViewModelTests.swift in Sources */ = {isa = PBXBuildFile; fileRef = 35757FA82075444400FDAEC0 /* DateRangePickerViewModelTests.swift */; };
		35816360200560F80013BE33 /* CalendarTests.swift in Sources */ = {isa = PBXBuildFile; fileRef = 3581635F200560F80013BE33 /* CalendarTests.swift */; };
		35832E42207E8A310023521C /* ManagedContextProtocol.swift in Sources */ = {isa = PBXBuildFile; fileRef = 35832E41207E8A310023521C /* ManagedContextProtocol.swift */; };
		3585EDFA1FDDA08200871941 /* Styles.swift in Sources */ = {isa = PBXBuildFile; fileRef = 3585EDF91FDDA08200871941 /* Styles.swift */; };
		3585EDFC1FDDA50400871941 /* NotificationHandlers.swift in Sources */ = {isa = PBXBuildFile; fileRef = 3585EDFB1FDDA50400871941 /* NotificationHandlers.swift */; };
		358894741E992DE500ACF06C /* TransactionDataViewModel.swift in Sources */ = {isa = PBXBuildFile; fileRef = 358894731E992DE500ACF06C /* TransactionDataViewModel.swift */; };
		358894771E99459500ACF06C /* AddTransactionFormDataToJSONMapper.swift in Sources */ = {isa = PBXBuildFile; fileRef = 358894761E99459500ACF06C /* AddTransactionFormDataToJSONMapper.swift */; };
		358894791E994A1C00ACF06C /* MappersAssembler.swift in Sources */ = {isa = PBXBuildFile; fileRef = 358894781E994A1C00ACF06C /* MappersAssembler.swift */; };
		359784B71FD70D5200140DCA /* MMFoundation.framework in Frameworks */ = {isa = PBXBuildFile; fileRef = 359784B41FD70D3E00140DCA /* MMFoundation.framework */; };
		3599F5DA1F8404E500A39659 /* TransactionCategoryManagedObject+CoreDataClass.swift in Sources */ = {isa = PBXBuildFile; fileRef = 3599F5D81F8404E500A39659 /* TransactionCategoryManagedObject+CoreDataClass.swift */; };
		3599F5DD1F84053B00A39659 /* NSManagedObject+Additions.swift in Sources */ = {isa = PBXBuildFile; fileRef = 3599F5DC1F84053B00A39659 /* NSManagedObject+Additions.swift */; };
		359A31391FB249C4000DA85F /* Character+Additions.swift in Sources */ = {isa = PBXBuildFile; fileRef = 359A31381FB249C4000DA85F /* Character+Additions.swift */; };
		359A313B1FB4F754000DA85F /* UIColor+Additions.swift in Sources */ = {isa = PBXBuildFile; fileRef = 359A313A1FB4F754000DA85F /* UIColor+Additions.swift */; };
		359BC2901EA27FCA0020E156 /* TransactionsRepository.swift in Sources */ = {isa = PBXBuildFile; fileRef = 359BC28F1EA27FCA0020E156 /* TransactionsRepository.swift */; };
		35A0239E2022394B00E42FFD /* NSManagedObjectContext+Additions.swift in Sources */ = {isa = PBXBuildFile; fileRef = 35A0239D2022394B00E42FFD /* NSManagedObjectContext+Additions.swift */; };
		35A023A92024C9CC00E42FFD /* InsetLabel.swift in Sources */ = {isa = PBXBuildFile; fileRef = 35A023A82024C9CC00E42FFD /* InsetLabel.swift */; };
		35A023AC2024E59200E42FFD /* SettingsViewController.swift in Sources */ = {isa = PBXBuildFile; fileRef = 35A023AB2024E59200E42FFD /* SettingsViewController.swift */; };
		35A7BA05201E023C009E6111 /* Calendar+Additions.swift in Sources */ = {isa = PBXBuildFile; fileRef = 35A7BA04201E023C009E6111 /* Calendar+Additions.swift */; };
		35AC4C97206E6C7100872615 /* TransactionsComputingServiceNotifications.swift in Sources */ = {isa = PBXBuildFile; fileRef = 35AC4C96206E6C7100872615 /* TransactionsComputingServiceNotifications.swift */; };
		35AC4C9C206E70C000872615 /* ObservationToken.swift in Sources */ = {isa = PBXBuildFile; fileRef = 35AC4C9B206E70C000872615 /* ObservationToken.swift */; };
		35B296D81F7EBEEA004A3E32 /* CardStylePresentationManager.swift in Sources */ = {isa = PBXBuildFile; fileRef = 35B296D71F7EBEEA004A3E32 /* CardStylePresentationManager.swift */; };
		35B296DA1F7EBEF9004A3E32 /* CardStylePresentationController.swift in Sources */ = {isa = PBXBuildFile; fileRef = 35B296D91F7EBEF9004A3E32 /* CardStylePresentationController.swift */; };
		35B296DC1F7EC423004A3E32 /* UIView+Additions.swift in Sources */ = {isa = PBXBuildFile; fileRef = 35B296DB1F7EC423004A3E32 /* UIView+Additions.swift */; };
		35B35ACC1EC8BF7A007E3A53 /* UtilsAssembler.swift in Sources */ = {isa = PBXBuildFile; fileRef = 35B35ACB1EC8BF7A007E3A53 /* UtilsAssembler.swift */; };
		35B35ACF1EC8BFBB007E3A53 /* Logger.swift in Sources */ = {isa = PBXBuildFile; fileRef = 35B35ACE1EC8BFBB007E3A53 /* Logger.swift */; };
		35B540541FDD6D1200B27F9F /* MMFoundation.framework in CopyFiles */ = {isa = PBXBuildFile; fileRef = 359784B41FD70D3E00140DCA /* MMFoundation.framework */; settings = {ATTRIBUTES = (CodeSignOnCopy, RemoveHeadersOnCopy, ); }; };
		35B8A1DD200D161100EA8C7C /* RootFlowServiceTests.swift in Sources */ = {isa = PBXBuildFile; fileRef = 35B8A1DC200D161100EA8C7C /* RootFlowServiceTests.swift */; };
		35B8A1E1200D18AD00EA8C7C /* TransactionsListViewModelTests.swift in Sources */ = {isa = PBXBuildFile; fileRef = 35B8A1E0200D18AD00EA8C7C /* TransactionsListViewModelTests.swift */; };
		35B8A1E3200D193D00EA8C7C /* FakeTransactionsComputingService.swift in Sources */ = {isa = PBXBuildFile; fileRef = 35B8A1E2200D193D00EA8C7C /* FakeTransactionsComputingService.swift */; };
		35B8A1E5200D1A5B00EA8C7C /* FakeTimeChangedObserver.swift in Sources */ = {isa = PBXBuildFile; fileRef = 35B8A1E4200D1A5B00EA8C7C /* FakeTimeChangedObserver.swift */; };
		35B8A1E7200D201B00EA8C7C /* FakeCollectionUpdater.swift in Sources */ = {isa = PBXBuildFile; fileRef = 35B8A1E6200D201B00EA8C7C /* FakeCollectionUpdater.swift */; };
		35B8A1EB200D22A900EA8C7C /* FakeFetchedResultsController.swift in Sources */ = {isa = PBXBuildFile; fileRef = 35B8A1EA200D22A900EA8C7C /* FakeFetchedResultsController.swift */; };
		35B8C1821F8FF5180059A1CC /* TransactionCategoryService.swift in Sources */ = {isa = PBXBuildFile; fileRef = 35B8C1811F8FF5180059A1CC /* TransactionCategoryService.swift */; };
		35B8C1841F923CB00059A1CC /* TransactionCategoryView.swift in Sources */ = {isa = PBXBuildFile; fileRef = 35B8C1831F923CB00059A1CC /* TransactionCategoryView.swift */; };
		35B8D0731EC766D400A96C00 /* TransactionsComputingService.swift in Sources */ = {isa = PBXBuildFile; fileRef = 35B8D0721EC766D400A96C00 /* TransactionsComputingService.swift */; };
		35B908AB1FD2FD3E00F4D49F /* BudgetService.swift in Sources */ = {isa = PBXBuildFile; fileRef = 35B908AA1FD2FD3E00F4D49F /* BudgetService.swift */; };
		35BB971E1E7F085F003DBA41 /* AppDelegate.swift in Sources */ = {isa = PBXBuildFile; fileRef = 35BB971D1E7F085F003DBA41 /* AppDelegate.swift */; };
		35BB97231E7F0860003DBA41 /* Main.storyboard in Resources */ = {isa = PBXBuildFile; fileRef = 35BB97211E7F0860003DBA41 /* Main.storyboard */; };
		35BB97251E7F0860003DBA41 /* Assets.xcassets in Resources */ = {isa = PBXBuildFile; fileRef = 35BB97241E7F0860003DBA41 /* Assets.xcassets */; };
		35BB97281E7F0860003DBA41 /* LaunchScreen.storyboard in Resources */ = {isa = PBXBuildFile; fileRef = 35BB97261E7F0860003DBA41 /* LaunchScreen.storyboard */; };
		35C09DE01E89766900095FE2 /* TransactionsListViewController.swift in Sources */ = {isa = PBXBuildFile; fileRef = 35C09DDF1E89766900095FE2 /* TransactionsListViewController.swift */; };
		35C09DE21E8976EE00095FE2 /* TransactionsListViewModel.swift in Sources */ = {isa = PBXBuildFile; fileRef = 35C09DE11E8976EE00095FE2 /* TransactionsListViewModel.swift */; };
		35C09DEB1E897ABC00095FE2 /* UITableView+Additions.swift in Sources */ = {isa = PBXBuildFile; fileRef = 35C09DEA1E897ABC00095FE2 /* UITableView+Additions.swift */; };
		35C09DED1E89802900095FE2 /* TransactionDataViewController.swift in Sources */ = {isa = PBXBuildFile; fileRef = 35C09DEC1E89802900095FE2 /* TransactionDataViewController.swift */; };
		35C1BBEF1FFE6B7000C77B72 /* UIScrollView+Additions.swift in Sources */ = {isa = PBXBuildFile; fileRef = 35C1BBEE1FFE6B7000C77B72 /* UIScrollView+Additions.swift */; };
		35C853961FBCD1F400A7E479 /* WeakHoldersCollectionTests.swift in Sources */ = {isa = PBXBuildFile; fileRef = 35C853951FBCD1F400A7E479 /* WeakHoldersCollectionTests.swift */; };
		35C8539A1FBCD89800A7E479 /* BudgetViewModel.swift in Sources */ = {isa = PBXBuildFile; fileRef = 35C853991FBCD89800A7E479 /* BudgetViewModel.swift */; };
		35C8539C1FBCDAA600A7E479 /* Decimal+Additions.swift in Sources */ = {isa = PBXBuildFile; fileRef = 35C8539B1FBCDAA600A7E479 /* Decimal+Additions.swift */; };
		35C9FEEE1E8C240A0092D5E3 /* CoreDataStack.swift in Sources */ = {isa = PBXBuildFile; fileRef = 35C9FEED1E8C240A0092D5E3 /* CoreDataStack.swift */; };
		35C9FEF11E8C276A0092D5E3 /* DataModel.xcdatamodeld in Sources */ = {isa = PBXBuildFile; fileRef = 35C9FEEF1E8C276A0092D5E3 /* DataModel.xcdatamodeld */; };
		35C9FEF31E8C279D0092D5E3 /* CoreData.framework in Frameworks */ = {isa = PBXBuildFile; fileRef = 35C9FEF21E8C279D0092D5E3 /* CoreData.framework */; };
		35C9FF021E8C29BF0092D5E3 /* TransactionManagedObject+CoreDataClass.swift in Sources */ = {isa = PBXBuildFile; fileRef = 35C9FF001E8C29BF0092D5E3 /* TransactionManagedObject+CoreDataClass.swift */; };
		35CCD5061FAE3A3B00BD308E /* DateFormatters.swift in Sources */ = {isa = PBXBuildFile; fileRef = 35CCD5051FAE3A3B00BD308E /* DateFormatters.swift */; };
		35CFA2912028C7C90028FBA1 /* Palette.swift in Sources */ = {isa = PBXBuildFile; fileRef = 35CFA2902028C7C90028FBA1 /* Palette.swift */; };
		35CFA2932028CC210028FBA1 /* CalendarDateProtocol.swift in Sources */ = {isa = PBXBuildFile; fileRef = 35CFA2922028CC210028FBA1 /* CalendarDateProtocol.swift */; };
		35CFA2952028CD790028FBA1 /* FakeCalendarDate.swift in Sources */ = {isa = PBXBuildFile; fileRef = 35CFA2942028CD790028FBA1 /* FakeCalendarDate.swift */; };
		35D1DE7A1EA124A900284EA0 /* CollectionUpdater.swift in Sources */ = {isa = PBXBuildFile; fileRef = 35D1DE791EA124A900284EA0 /* CollectionUpdater.swift */; };
		35D1DE7E1EA12A3B00284EA0 /* TableViewCollectionUpdater.swift in Sources */ = {isa = PBXBuildFile; fileRef = 35D1DE7D1EA12A3B00284EA0 /* TableViewCollectionUpdater.swift */; };
		35D1DE801EA12B0400284EA0 /* CoreDataCollectionUpdateHandler.swift in Sources */ = {isa = PBXBuildFile; fileRef = 35D1DE7F1EA12B0400284EA0 /* CoreDataCollectionUpdateHandler.swift */; };
		35D740071EB8AEEA0028DD92 /* BarButtonProvider.swift in Sources */ = {isa = PBXBuildFile; fileRef = 35D740061EB8AEEA0028DD92 /* BarButtonProvider.swift */; };
		35D7400A1EB8AF240028DD92 /* DashboardTabBarController.swift in Sources */ = {isa = PBXBuildFile; fileRef = 35D740091EB8AF240028DD92 /* DashboardTabBarController.swift */; };
		35DEBBE32011249000EA1556 /* Default-568h@2x.png in Resources */ = {isa = PBXBuildFile; fileRef = 35DEBBE02011249000EA1556 /* Default-568h@2x.png */; };
		35DF1B422009275900AD2926 /* ChartsDataProcessorTests.swift in Sources */ = {isa = PBXBuildFile; fileRef = 35DF1B412009275900AD2926 /* ChartsDataProcessorTests.swift */; };
		35DF1B48200A015700AD2926 /* CalendarProtocol.swift in Sources */ = {isa = PBXBuildFile; fileRef = 35DF1B47200A015700AD2926 /* CalendarProtocol.swift */; };
		35DF1B4A200A03DB00AD2926 /* FakeCalendar.swift in Sources */ = {isa = PBXBuildFile; fileRef = 35DF1B49200A03DA00AD2926 /* FakeCalendar.swift */; };
		35DF3AAE1F8D3BA800141F5B /* TransactionDataViewModelTests.swift in Sources */ = {isa = PBXBuildFile; fileRef = 35DF3AAD1F8D3BA800141F5B /* TransactionDataViewModelTests.swift */; };
		35DFB5DD2012903B00F03C93 /* StatsViewModel.swift in Sources */ = {isa = PBXBuildFile; fileRef = 35DFB5DC2012903B00F03C93 /* StatsViewModel.swift */; };
		35E1567820132695004F6A8D /* StatsViewModelTests.swift in Sources */ = {isa = PBXBuildFile; fileRef = 35E1567720132695004F6A8D /* StatsViewModelTests.swift */; };
		35E4DD591EC3817300102E3B /* UICollectionView+Additions.swift in Sources */ = {isa = PBXBuildFile; fileRef = 35E4DD581EC3817300102E3B /* UICollectionView+Additions.swift */; };
		35E4DD5B1EC3832400102E3B /* CollectionViewUpdater.swift in Sources */ = {isa = PBXBuildFile; fileRef = 35E4DD5A1EC3832400102E3B /* CollectionViewUpdater.swift */; };
		35E70C042082170F001F4808 /* CalendarDateManagedObject+CoreDataClass.swift in Sources */ = {isa = PBXBuildFile; fileRef = 35E70C022082170F001F4808 /* CalendarDateManagedObject+CoreDataClass.swift */; };
		35E70C052082170F001F4808 /* CalendarDateManagedObject+CoreDataProperties.swift in Sources */ = {isa = PBXBuildFile; fileRef = 35E70C032082170F001F4808 /* CalendarDateManagedObject+CoreDataProperties.swift */; };
		35E70C0720821C8C001F4808 /* CalendarDateManagedObjectTests.swift in Sources */ = {isa = PBXBuildFile; fileRef = 35E70C0620821C8C001F4808 /* CalendarDateManagedObjectTests.swift */; };
		35E70C092083C873001F4808 /* TransactionsGrouping.swift in Sources */ = {isa = PBXBuildFile; fileRef = 35E70C082083C873001F4808 /* TransactionsGrouping.swift */; };
		35EA1A271EB632A70083C57F /* TransactionCell.swift in Sources */ = {isa = PBXBuildFile; fileRef = 35EA1A261EB632A70083C57F /* TransactionCell.swift */; };
		35EA1A291EB632DB0083C57F /* TransactionCell.xib in Resources */ = {isa = PBXBuildFile; fileRef = 35EA1A281EB632DB0083C57F /* TransactionCell.xib */; };
		35EA1A2B1EB633DF0083C57F /* TransactionCellViewModel.swift in Sources */ = {isa = PBXBuildFile; fileRef = 35EA1A2A1EB633DF0083C57F /* TransactionCellViewModel.swift */; };
		35EB3D081F7195BD00BCB79C /* CloudKit.framework in Frameworks */ = {isa = PBXBuildFile; fileRef = 35EB3D071F7195BD00BCB79C /* CloudKit.framework */; };
		35EE9D06200D3C4E006D5791 /* FakeUserDefaults.swift in Sources */ = {isa = PBXBuildFile; fileRef = 35EE9D05200D3C4E006D5791 /* FakeUserDefaults.swift */; };
		35FB7E1A1FFFE352001929DF /* TimeChangedObserverTests.swift in Sources */ = {isa = PBXBuildFile; fileRef = 35FB7E191FFFE352001929DF /* TimeChangedObserverTests.swift */; };
/* End PBXBuildFile section */

/* Begin PBXContainerItemProxy section */
		359784B31FD70D3E00140DCA /* PBXContainerItemProxy */ = {
			isa = PBXContainerItemProxy;
			containerPortal = 359784AE1FD70D3E00140DCA /* MMFoundation.xcodeproj */;
			proxyType = 2;
			remoteGlobalIDString = 35757C8E1FD5DB2A0022C2FB;
			remoteInfo = MMFoundation;
		};
		359784B51FD70D3E00140DCA /* PBXContainerItemProxy */ = {
			isa = PBXContainerItemProxy;
			containerPortal = 359784AE1FD70D3E00140DCA /* MMFoundation.xcodeproj */;
			proxyType = 2;
			remoteGlobalIDString = 35757C971FD5DB2A0022C2FB;
			remoteInfo = MMFoundationTests;
		};
		35BB972F1E7F0860003DBA41 /* PBXContainerItemProxy */ = {
			isa = PBXContainerItemProxy;
			containerPortal = 35BB97121E7F085F003DBA41 /* Project object */;
			proxyType = 1;
			remoteGlobalIDString = 35BB97191E7F085F003DBA41;
			remoteInfo = "MoneySaverApp-iOS";
		};
/* End PBXContainerItemProxy section */

/* Begin PBXCopyFilesBuildPhase section */
		35B540531FDD6CFF00B27F9F /* CopyFiles */ = {
			isa = PBXCopyFilesBuildPhase;
			buildActionMask = 2147483647;
			dstPath = "";
			dstSubfolderSpec = 10;
			files = (
				35B540541FDD6D1200B27F9F /* MMFoundation.framework in CopyFiles */,
			);
			runOnlyForDeploymentPostprocessing = 0;
		};
/* End PBXCopyFilesBuildPhase section */

/* Begin PBXFileReference section */
		350D55B4206FD47F00BB2F3B /* UILabel+Extensions.swift */ = {isa = PBXFileReference; lastKnownFileType = sourcecode.swift; path = "UILabel+Extensions.swift"; sourceTree = "<group>"; };
		350F0F601E9564F3002ED5D7 /* FlowController.swift */ = {isa = PBXFileReference; fileEncoding = 4; lastKnownFileType = sourcecode.swift; path = FlowController.swift; sourceTree = "<group>"; };
		350F0F621E956578002ED5D7 /* RootFlowController.swift */ = {isa = PBXFileReference; fileEncoding = 4; lastKnownFileType = sourcecode.swift; path = RootFlowController.swift; sourceTree = "<group>"; };
		350F0F641E95664B002ED5D7 /* UIStoryboard+Additions.swift */ = {isa = PBXFileReference; fileEncoding = 4; lastKnownFileType = sourcecode.swift; path = "UIStoryboard+Additions.swift"; sourceTree = "<group>"; };
		350FBC1E200A9596000457EB /* TransactionManagedObjectTests.swift */ = {isa = PBXFileReference; lastKnownFileType = sourcecode.swift; path = TransactionManagedObjectTests.swift; sourceTree = "<group>"; };
		351005FA206438130090AD43 /* TransactionsSummaryViewController.swift */ = {isa = PBXFileReference; lastKnownFileType = sourcecode.swift; path = TransactionsSummaryViewController.swift; sourceTree = "<group>"; };
		35129ED0200B5A1400B7A566 /* TransactionsRepositoryTests.swift */ = {isa = PBXFileReference; lastKnownFileType = sourcecode.swift; path = TransactionsRepositoryTests.swift; sourceTree = "<group>"; };
		3514C4281F9B9A55003C3044 /* TransactionCategoryViewModel.swift */ = {isa = PBXFileReference; lastKnownFileType = sourcecode.swift; path = TransactionCategoryViewModel.swift; sourceTree = "<group>"; };
		3514C42A1F9CA0A6003C3044 /* TransactionCategoryManagedObject+CoreDataProperties.swift */ = {isa = PBXFileReference; lastKnownFileType = sourcecode.swift; path = "TransactionCategoryManagedObject+CoreDataProperties.swift"; sourceTree = "<group>"; };
		3514C42B1F9CA0A6003C3044 /* TransactionManagedObject+CoreDataProperties.swift */ = {isa = PBXFileReference; lastKnownFileType = sourcecode.swift; path = "TransactionManagedObject+CoreDataProperties.swift"; sourceTree = "<group>"; };
		35163F0B20722472000801FA /* TransactionsOverviewViewController.swift */ = {isa = PBXFileReference; lastKnownFileType = sourcecode.swift; path = TransactionsOverviewViewController.swift; sourceTree = "<group>"; };
		35163F0D2072249A000801FA /* TransactionsOverviewViewModel.swift */ = {isa = PBXFileReference; lastKnownFileType = sourcecode.swift; path = TransactionsOverviewViewModel.swift; sourceTree = "<group>"; };
		351897E11EB71F7B002B6A86 /* MoneySaverApp-iOS.entitlements */ = {isa = PBXFileReference; lastKnownFileType = text.plist.entitlements; path = "MoneySaverApp-iOS.entitlements"; sourceTree = "<group>"; };
		3520ADF22087C47D001C6F1E /* FakeChartsDataProcessor.swift */ = {isa = PBXFileReference; lastKnownFileType = sourcecode.swift; path = FakeChartsDataProcessor.swift; sourceTree = "<group>"; };
		35214FF41F9E670C006503C5 /* FakeTransactionRepository.swift */ = {isa = PBXFileReference; lastKnownFileType = sourcecode.swift; path = FakeTransactionRepository.swift; sourceTree = "<group>"; };
		3523249A1F88F7CF007C4FF5 /* TransactionCategoryRepository.swift */ = {isa = PBXFileReference; lastKnownFileType = sourcecode.swift; path = TransactionCategoryRepository.swift; sourceTree = "<group>"; };
		352324A21F8A8A77007C4FF5 /* TransactionCategoryCollectionViewCell.swift */ = {isa = PBXFileReference; lastKnownFileType = sourcecode.swift; path = TransactionCategoryCollectionViewCell.swift; sourceTree = "<group>"; };
		3528D3B5206E68A0009A19E2 /* TransactionsSummaryViewModel.swift */ = {isa = PBXFileReference; lastKnownFileType = sourcecode.swift; path = TransactionsSummaryViewModel.swift; sourceTree = "<group>"; };
		352B03091E92BD0A001B99CB /* Dip.framework */ = {isa = PBXFileReference; lastKnownFileType = wrapper.framework; name = Dip.framework; path = Carthage/Build/iOS/Dip.framework; sourceTree = "<group>"; };
		352B030D1E92BE13001B99CB /* DependencyContainerConfigurator.swift */ = {isa = PBXFileReference; fileEncoding = 4; lastKnownFileType = sourcecode.swift; path = DependencyContainerConfigurator.swift; sourceTree = "<group>"; };
		352B030F1E92BF20001B99CB /* ContainerAssembly.swift */ = {isa = PBXFileReference; fileEncoding = 4; lastKnownFileType = sourcecode.swift; path = ContainerAssembly.swift; sourceTree = "<group>"; };
		352B03111E92BF63001B99CB /* NetworkingLayerAssembler.swift */ = {isa = PBXFileReference; fileEncoding = 4; lastKnownFileType = sourcecode.swift; path = NetworkingLayerAssembler.swift; sourceTree = "<group>"; };
		352B03131E92C087001B99CB /* DataLayerAssembler.swift */ = {isa = PBXFileReference; fileEncoding = 4; lastKnownFileType = sourcecode.swift; path = DataLayerAssembler.swift; sourceTree = "<group>"; };
		352B03151E92C44B001B99CB /* ModelsAssembler.swift */ = {isa = PBXFileReference; fileEncoding = 4; lastKnownFileType = sourcecode.swift; path = ModelsAssembler.swift; sourceTree = "<group>"; };
		352B03171E92C4DA001B99CB /* ViewModelsAssembler.swift */ = {isa = PBXFileReference; fileEncoding = 4; lastKnownFileType = sourcecode.swift; path = ViewModelsAssembler.swift; sourceTree = "<group>"; };
		352D29A2206AD13900B91E07 /* Gradients.swift */ = {isa = PBXFileReference; lastKnownFileType = sourcecode.swift; path = Gradients.swift; sourceTree = "<group>"; };
		353B9C88202770FB00990667 /* TransactionProtocol.swift */ = {isa = PBXFileReference; lastKnownFileType = sourcecode.swift; path = TransactionProtocol.swift; sourceTree = "<group>"; };
		353B9C8A202771FC00990667 /* TransactionCategoryProtocol.swift */ = {isa = PBXFileReference; lastKnownFileType = sourcecode.swift; path = TransactionCategoryProtocol.swift; sourceTree = "<group>"; };
		353B9C8C2027774F00990667 /* TransactionCellViewModelTests.swift */ = {isa = PBXFileReference; lastKnownFileType = sourcecode.swift; path = TransactionCellViewModelTests.swift; sourceTree = "<group>"; };
		353B9C8E2027775D00990667 /* FakeTransction.swift */ = {isa = PBXFileReference; lastKnownFileType = sourcecode.swift; path = FakeTransction.swift; sourceTree = "<group>"; };
		35411784200BE83F002B7AF6 /* RootFlowService.swift */ = {isa = PBXFileReference; lastKnownFileType = sourcecode.swift; path = RootFlowService.swift; sourceTree = "<group>"; };
		354513122076A4EB00909A7F /* DateFormattersTests.swift */ = {isa = PBXFileReference; lastKnownFileType = sourcecode.swift; path = DateFormattersTests.swift; sourceTree = "<group>"; };
		35451316207A721200909A7F /* UserPreferences.swift */ = {isa = PBXFileReference; lastKnownFileType = sourcecode.swift; path = UserPreferences.swift; sourceTree = "<group>"; };
		35451318207A733600909A7F /* UserPreferencesTests.swift */ = {isa = PBXFileReference; lastKnownFileType = sourcecode.swift; path = UserPreferencesTests.swift; sourceTree = "<group>"; };
		3545131A207A750400909A7F /* FakeUserPreferences.swift */ = {isa = PBXFileReference; lastKnownFileType = sourcecode.swift; path = FakeUserPreferences.swift; sourceTree = "<group>"; };
		3551A39820069E68001394F2 /* String+Additions.swift */ = {isa = PBXFileReference; lastKnownFileType = sourcecode.swift; path = "String+Additions.swift"; sourceTree = "<group>"; };
		3551A39A20069F90001394F2 /* StringTests.swift */ = {isa = PBXFileReference; lastKnownFileType = sourcecode.swift; path = StringTests.swift; sourceTree = "<group>"; };
		355509C61F7831F20007FEF1 /* SynchronizationService.swift */ = {isa = PBXFileReference; lastKnownFileType = sourcecode.swift; path = SynchronizationService.swift; sourceTree = "<group>"; };
		355509C81F7832830007FEF1 /* TransactionsCloudKitClient.swift */ = {isa = PBXFileReference; lastKnownFileType = sourcecode.swift; path = TransactionsCloudKitClient.swift; sourceTree = "<group>"; };
		355509CA1F7ABF1B0007FEF1 /* BudgetViewController.swift */ = {isa = PBXFileReference; lastKnownFileType = sourcecode.swift; path = BudgetViewController.swift; sourceTree = "<group>"; };
		355509CC1F7ABF7E0007FEF1 /* StatsViewController.swift */ = {isa = PBXFileReference; lastKnownFileType = sourcecode.swift; path = StatsViewController.swift; sourceTree = "<group>"; };
		355509CE1F7AC1730007FEF1 /* UIViewController+Additions.swift */ = {isa = PBXFileReference; lastKnownFileType = sourcecode.swift; path = "UIViewController+Additions.swift"; sourceTree = "<group>"; };
		355509D01F7AC4410007FEF1 /* UIViewControllerAdditionsTests.swift */ = {isa = PBXFileReference; lastKnownFileType = sourcecode.swift; path = UIViewControllerAdditionsTests.swift; sourceTree = "<group>"; };
		355509D21F7AC6070007FEF1 /* RootFlowControllerTests.swift */ = {isa = PBXFileReference; lastKnownFileType = sourcecode.swift; path = RootFlowControllerTests.swift; sourceTree = "<group>"; };
		355DB2692020F90200F990FD /* Sequence+Extension.swift */ = {isa = PBXFileReference; lastKnownFileType = sourcecode.swift; path = "Sequence+Extension.swift"; sourceTree = "<group>"; };
		355DB26B2020FA3500F990FD /* SequenceTests.swift */ = {isa = PBXFileReference; lastKnownFileType = sourcecode.swift; path = SequenceTests.swift; sourceTree = "<group>"; };
		356D0EAB1F8BF75800378362 /* TransactionCategoriesCollectionViewController.swift */ = {isa = PBXFileReference; lastKnownFileType = sourcecode.swift; path = TransactionCategoriesCollectionViewController.swift; sourceTree = "<group>"; };
		356D0EAD1F8BF83800378362 /* TransactionCategoriesCollectionViewModel.swift */ = {isa = PBXFileReference; lastKnownFileType = sourcecode.swift; path = TransactionCategoriesCollectionViewModel.swift; sourceTree = "<group>"; };
		356D0EB01F8C00E700378362 /* Errors.swift */ = {isa = PBXFileReference; lastKnownFileType = sourcecode.swift; path = Errors.swift; sourceTree = "<group>"; };
		35708BB91FC605C30052ED9E /* ChartsDataProcessor.swift */ = {isa = PBXFileReference; lastKnownFileType = sourcecode.swift; path = ChartsDataProcessor.swift; sourceTree = "<group>"; };
		35708BBB1FC958110052ED9E /* SetupBudgetViewController.swift */ = {isa = PBXFileReference; lastKnownFileType = sourcecode.swift; path = SetupBudgetViewController.swift; sourceTree = "<group>"; };
		35708BC11FC95B300052ED9E /* BudgetRepository.swift */ = {isa = PBXFileReference; lastKnownFileType = sourcecode.swift; path = BudgetRepository.swift; sourceTree = "<group>"; };
		35708BC31FC95C7F0052ED9E /* BudgetManagedObject+CoreDataClass.swift */ = {isa = PBXFileReference; lastKnownFileType = sourcecode.swift; path = "BudgetManagedObject+CoreDataClass.swift"; sourceTree = "<group>"; };
		35708BC41FC95C7F0052ED9E /* BudgetManagedObject+CoreDataProperties.swift */ = {isa = PBXFileReference; lastKnownFileType = sourcecode.swift; path = "BudgetManagedObject+CoreDataProperties.swift"; sourceTree = "<group>"; };
		35708BC71FC97F750052ED9E /* SetupBudgetViewModel.swift */ = {isa = PBXFileReference; lastKnownFileType = sourcecode.swift; path = SetupBudgetViewModel.swift; sourceTree = "<group>"; };
		3573A9302002AE3100B615F7 /* DateRange.swift */ = {isa = PBXFileReference; lastKnownFileType = sourcecode.swift; path = DateRange.swift; sourceTree = "<group>"; };
		35757FA42075441A00FDAEC0 /* DateRangePickerViewModel.swift */ = {isa = PBXFileReference; lastKnownFileType = sourcecode.swift; path = DateRangePickerViewModel.swift; sourceTree = "<group>"; };
		35757FA82075444400FDAEC0 /* DateRangePickerViewModelTests.swift */ = {isa = PBXFileReference; lastKnownFileType = sourcecode.swift; path = DateRangePickerViewModelTests.swift; sourceTree = "<group>"; };
		3581635F200560F80013BE33 /* CalendarTests.swift */ = {isa = PBXFileReference; lastKnownFileType = sourcecode.swift; path = CalendarTests.swift; sourceTree = "<group>"; };
		35832E41207E8A310023521C /* ManagedContextProtocol.swift */ = {isa = PBXFileReference; lastKnownFileType = sourcecode.swift; path = ManagedContextProtocol.swift; sourceTree = "<group>"; };
		3585EDF91FDDA08200871941 /* Styles.swift */ = {isa = PBXFileReference; lastKnownFileType = sourcecode.swift; path = Styles.swift; sourceTree = "<group>"; };
		3585EDFB1FDDA50400871941 /* NotificationHandlers.swift */ = {isa = PBXFileReference; lastKnownFileType = sourcecode.swift; path = NotificationHandlers.swift; sourceTree = "<group>"; };
		358894731E992DE500ACF06C /* TransactionDataViewModel.swift */ = {isa = PBXFileReference; fileEncoding = 4; lastKnownFileType = sourcecode.swift; path = TransactionDataViewModel.swift; sourceTree = "<group>"; };
		358894761E99459500ACF06C /* AddTransactionFormDataToJSONMapper.swift */ = {isa = PBXFileReference; fileEncoding = 4; lastKnownFileType = sourcecode.swift; path = AddTransactionFormDataToJSONMapper.swift; sourceTree = "<group>"; };
		358894781E994A1C00ACF06C /* MappersAssembler.swift */ = {isa = PBXFileReference; fileEncoding = 4; lastKnownFileType = sourcecode.swift; path = MappersAssembler.swift; sourceTree = "<group>"; };
		359784AE1FD70D3E00140DCA /* MMFoundation.xcodeproj */ = {isa = PBXFileReference; lastKnownFileType = "wrapper.pb-project"; name = MMFoundation.xcodeproj; path = InternalFrameworks/MMFoundation/MMFoundation.xcodeproj; sourceTree = "<group>"; };
		3599F5D81F8404E500A39659 /* TransactionCategoryManagedObject+CoreDataClass.swift */ = {isa = PBXFileReference; lastKnownFileType = sourcecode.swift; path = "TransactionCategoryManagedObject+CoreDataClass.swift"; sourceTree = "<group>"; };
		3599F5DC1F84053B00A39659 /* NSManagedObject+Additions.swift */ = {isa = PBXFileReference; lastKnownFileType = sourcecode.swift; path = "NSManagedObject+Additions.swift"; sourceTree = "<group>"; };
		359A31381FB249C4000DA85F /* Character+Additions.swift */ = {isa = PBXFileReference; lastKnownFileType = sourcecode.swift; path = "Character+Additions.swift"; sourceTree = "<group>"; };
		359A313A1FB4F754000DA85F /* UIColor+Additions.swift */ = {isa = PBXFileReference; lastKnownFileType = sourcecode.swift; path = "UIColor+Additions.swift"; sourceTree = "<group>"; };
		359BC28F1EA27FCA0020E156 /* TransactionsRepository.swift */ = {isa = PBXFileReference; fileEncoding = 4; lastKnownFileType = sourcecode.swift; path = TransactionsRepository.swift; sourceTree = "<group>"; };
		35A0239D2022394B00E42FFD /* NSManagedObjectContext+Additions.swift */ = {isa = PBXFileReference; lastKnownFileType = sourcecode.swift; path = "NSManagedObjectContext+Additions.swift"; sourceTree = "<group>"; };
		35A023A82024C9CC00E42FFD /* InsetLabel.swift */ = {isa = PBXFileReference; lastKnownFileType = sourcecode.swift; path = InsetLabel.swift; sourceTree = "<group>"; };
		35A023AB2024E59200E42FFD /* SettingsViewController.swift */ = {isa = PBXFileReference; lastKnownFileType = sourcecode.swift; path = SettingsViewController.swift; sourceTree = "<group>"; };
		35A7BA04201E023C009E6111 /* Calendar+Additions.swift */ = {isa = PBXFileReference; lastKnownFileType = sourcecode.swift; path = "Calendar+Additions.swift"; sourceTree = "<group>"; };
		35AC4C96206E6C7100872615 /* TransactionsComputingServiceNotifications.swift */ = {isa = PBXFileReference; lastKnownFileType = sourcecode.swift; path = TransactionsComputingServiceNotifications.swift; sourceTree = "<group>"; };
		35AC4C9B206E70C000872615 /* ObservationToken.swift */ = {isa = PBXFileReference; lastKnownFileType = sourcecode.swift; path = ObservationToken.swift; sourceTree = "<group>"; };
		35B296D71F7EBEEA004A3E32 /* CardStylePresentationManager.swift */ = {isa = PBXFileReference; lastKnownFileType = sourcecode.swift; path = CardStylePresentationManager.swift; sourceTree = "<group>"; };
		35B296D91F7EBEF9004A3E32 /* CardStylePresentationController.swift */ = {isa = PBXFileReference; lastKnownFileType = sourcecode.swift; path = CardStylePresentationController.swift; sourceTree = "<group>"; };
		35B296DB1F7EC423004A3E32 /* UIView+Additions.swift */ = {isa = PBXFileReference; lastKnownFileType = sourcecode.swift; path = "UIView+Additions.swift"; sourceTree = "<group>"; };
		35B35ACB1EC8BF7A007E3A53 /* UtilsAssembler.swift */ = {isa = PBXFileReference; fileEncoding = 4; lastKnownFileType = sourcecode.swift; path = UtilsAssembler.swift; sourceTree = "<group>"; };
		35B35ACE1EC8BFBB007E3A53 /* Logger.swift */ = {isa = PBXFileReference; fileEncoding = 4; lastKnownFileType = sourcecode.swift; path = Logger.swift; sourceTree = "<group>"; };
		35B5CAC71E883D5500D1990E /* RxSwift.framework */ = {isa = PBXFileReference; lastKnownFileType = wrapper.framework; name = RxSwift.framework; path = Carthage/Build/iOS/RxSwift.framework; sourceTree = "<group>"; };
		35B5CAC91E883D6200D1990E /* MoneySaverFoundationiOS.framework */ = {isa = PBXFileReference; lastKnownFileType = wrapper.framework; name = MoneySaverFoundationiOS.framework; path = Carthage/Build/iOS/MoneySaverFoundationiOS.framework; sourceTree = "<group>"; };
		35B8A1DC200D161100EA8C7C /* RootFlowServiceTests.swift */ = {isa = PBXFileReference; lastKnownFileType = sourcecode.swift; path = RootFlowServiceTests.swift; sourceTree = "<group>"; };
		35B8A1E0200D18AD00EA8C7C /* TransactionsListViewModelTests.swift */ = {isa = PBXFileReference; lastKnownFileType = sourcecode.swift; path = TransactionsListViewModelTests.swift; sourceTree = "<group>"; };
		35B8A1E2200D193D00EA8C7C /* FakeTransactionsComputingService.swift */ = {isa = PBXFileReference; lastKnownFileType = sourcecode.swift; path = FakeTransactionsComputingService.swift; sourceTree = "<group>"; };
		35B8A1E4200D1A5B00EA8C7C /* FakeTimeChangedObserver.swift */ = {isa = PBXFileReference; lastKnownFileType = sourcecode.swift; path = FakeTimeChangedObserver.swift; sourceTree = "<group>"; };
		35B8A1E6200D201B00EA8C7C /* FakeCollectionUpdater.swift */ = {isa = PBXFileReference; lastKnownFileType = sourcecode.swift; path = FakeCollectionUpdater.swift; sourceTree = "<group>"; };
		35B8A1EA200D22A900EA8C7C /* FakeFetchedResultsController.swift */ = {isa = PBXFileReference; lastKnownFileType = sourcecode.swift; path = FakeFetchedResultsController.swift; sourceTree = "<group>"; };
		35B8C1811F8FF5180059A1CC /* TransactionCategoryService.swift */ = {isa = PBXFileReference; lastKnownFileType = sourcecode.swift; path = TransactionCategoryService.swift; sourceTree = "<group>"; };
		35B8C1831F923CB00059A1CC /* TransactionCategoryView.swift */ = {isa = PBXFileReference; lastKnownFileType = sourcecode.swift; path = TransactionCategoryView.swift; sourceTree = "<group>"; };
		35B8D0721EC766D400A96C00 /* TransactionsComputingService.swift */ = {isa = PBXFileReference; fileEncoding = 4; lastKnownFileType = sourcecode.swift; path = TransactionsComputingService.swift; sourceTree = "<group>"; };
		35B908AA1FD2FD3E00F4D49F /* BudgetService.swift */ = {isa = PBXFileReference; lastKnownFileType = sourcecode.swift; path = BudgetService.swift; sourceTree = "<group>"; };
		35BB971A1E7F085F003DBA41 /* MoneySaverApp-iOS.app */ = {isa = PBXFileReference; explicitFileType = wrapper.application; includeInIndex = 0; path = "MoneySaverApp-iOS.app"; sourceTree = BUILT_PRODUCTS_DIR; };
		35BB971D1E7F085F003DBA41 /* AppDelegate.swift */ = {isa = PBXFileReference; lastKnownFileType = sourcecode.swift; path = AppDelegate.swift; sourceTree = "<group>"; };
		35BB97221E7F0860003DBA41 /* Base */ = {isa = PBXFileReference; lastKnownFileType = file.storyboard; name = Base; path = Base.lproj/Main.storyboard; sourceTree = "<group>"; };
		35BB97241E7F0860003DBA41 /* Assets.xcassets */ = {isa = PBXFileReference; lastKnownFileType = folder.assetcatalog; path = Assets.xcassets; sourceTree = "<group>"; };
		35BB97271E7F0860003DBA41 /* Base */ = {isa = PBXFileReference; lastKnownFileType = file.storyboard; name = Base; path = Base.lproj/LaunchScreen.storyboard; sourceTree = "<group>"; };
		35BB97291E7F0860003DBA41 /* Info.plist */ = {isa = PBXFileReference; lastKnownFileType = text.plist.xml; path = Info.plist; sourceTree = "<group>"; };
		35BB972E1E7F0860003DBA41 /* MoneySaverApp-iOSTests.xctest */ = {isa = PBXFileReference; explicitFileType = wrapper.cfbundle; includeInIndex = 0; path = "MoneySaverApp-iOSTests.xctest"; sourceTree = BUILT_PRODUCTS_DIR; };
		35BB97341E7F0860003DBA41 /* Info.plist */ = {isa = PBXFileReference; lastKnownFileType = text.plist.xml; path = Info.plist; sourceTree = "<group>"; };
		35BB973E1E7F0D76003DBA41 /* RESTClient.framework */ = {isa = PBXFileReference; lastKnownFileType = wrapper.framework; name = RESTClient.framework; path = Carthage/Build/iOS/RESTClient.framework; sourceTree = "<group>"; };
		35C09DDF1E89766900095FE2 /* TransactionsListViewController.swift */ = {isa = PBXFileReference; fileEncoding = 4; lastKnownFileType = sourcecode.swift; path = TransactionsListViewController.swift; sourceTree = "<group>"; };
		35C09DE11E8976EE00095FE2 /* TransactionsListViewModel.swift */ = {isa = PBXFileReference; fileEncoding = 4; lastKnownFileType = sourcecode.swift; path = TransactionsListViewModel.swift; sourceTree = "<group>"; };
		35C09DEA1E897ABC00095FE2 /* UITableView+Additions.swift */ = {isa = PBXFileReference; fileEncoding = 4; lastKnownFileType = sourcecode.swift; path = "UITableView+Additions.swift"; sourceTree = "<group>"; };
		35C09DEC1E89802900095FE2 /* TransactionDataViewController.swift */ = {isa = PBXFileReference; fileEncoding = 4; lastKnownFileType = sourcecode.swift; path = TransactionDataViewController.swift; sourceTree = "<group>"; };
		35C1BBEE1FFE6B7000C77B72 /* UIScrollView+Additions.swift */ = {isa = PBXFileReference; lastKnownFileType = sourcecode.swift; path = "UIScrollView+Additions.swift"; sourceTree = "<group>"; };
		35C853951FBCD1F400A7E479 /* WeakHoldersCollectionTests.swift */ = {isa = PBXFileReference; lastKnownFileType = sourcecode.swift; path = WeakHoldersCollectionTests.swift; sourceTree = "<group>"; };
		35C853991FBCD89800A7E479 /* BudgetViewModel.swift */ = {isa = PBXFileReference; lastKnownFileType = sourcecode.swift; path = BudgetViewModel.swift; sourceTree = "<group>"; };
		35C8539B1FBCDAA600A7E479 /* Decimal+Additions.swift */ = {isa = PBXFileReference; lastKnownFileType = sourcecode.swift; path = "Decimal+Additions.swift"; sourceTree = "<group>"; };
		35C9FEED1E8C240A0092D5E3 /* CoreDataStack.swift */ = {isa = PBXFileReference; fileEncoding = 4; lastKnownFileType = sourcecode.swift; path = CoreDataStack.swift; sourceTree = "<group>"; };
		35C9FEF01E8C276A0092D5E3 /* DataModel.xcdatamodel */ = {isa = PBXFileReference; explicitFileType = wrapper.xcdatamodel; path = DataModel.xcdatamodel; sourceTree = "<group>"; };
		35C9FEF21E8C279D0092D5E3 /* CoreData.framework */ = {isa = PBXFileReference; lastKnownFileType = wrapper.framework; name = CoreData.framework; path = System/Library/Frameworks/CoreData.framework; sourceTree = SDKROOT; };
		35C9FF001E8C29BF0092D5E3 /* TransactionManagedObject+CoreDataClass.swift */ = {isa = PBXFileReference; fileEncoding = 4; lastKnownFileType = sourcecode.swift; path = "TransactionManagedObject+CoreDataClass.swift"; sourceTree = "<group>"; };
		35CCD5051FAE3A3B00BD308E /* DateFormatters.swift */ = {isa = PBXFileReference; lastKnownFileType = sourcecode.swift; path = DateFormatters.swift; sourceTree = "<group>"; };
		35CFA2902028C7C90028FBA1 /* Palette.swift */ = {isa = PBXFileReference; lastKnownFileType = sourcecode.swift; path = Palette.swift; sourceTree = "<group>"; };
		35CFA2922028CC210028FBA1 /* CalendarDateProtocol.swift */ = {isa = PBXFileReference; lastKnownFileType = sourcecode.swift; path = CalendarDateProtocol.swift; sourceTree = "<group>"; };
		35CFA2942028CD790028FBA1 /* FakeCalendarDate.swift */ = {isa = PBXFileReference; lastKnownFileType = sourcecode.swift; path = FakeCalendarDate.swift; sourceTree = "<group>"; };
		35D1DE791EA124A900284EA0 /* CollectionUpdater.swift */ = {isa = PBXFileReference; fileEncoding = 4; lastKnownFileType = sourcecode.swift; path = CollectionUpdater.swift; sourceTree = "<group>"; };
		35D1DE7D1EA12A3B00284EA0 /* TableViewCollectionUpdater.swift */ = {isa = PBXFileReference; fileEncoding = 4; lastKnownFileType = sourcecode.swift; path = TableViewCollectionUpdater.swift; sourceTree = "<group>"; };
		35D1DE7F1EA12B0400284EA0 /* CoreDataCollectionUpdateHandler.swift */ = {isa = PBXFileReference; fileEncoding = 4; lastKnownFileType = sourcecode.swift; path = CoreDataCollectionUpdateHandler.swift; sourceTree = "<group>"; };
		35D740061EB8AEEA0028DD92 /* BarButtonProvider.swift */ = {isa = PBXFileReference; fileEncoding = 4; lastKnownFileType = sourcecode.swift; path = BarButtonProvider.swift; sourceTree = "<group>"; };
		35D740091EB8AF240028DD92 /* DashboardTabBarController.swift */ = {isa = PBXFileReference; fileEncoding = 4; lastKnownFileType = sourcecode.swift; path = DashboardTabBarController.swift; sourceTree = "<group>"; };
		35DEBBE02011249000EA1556 /* Default-568h@2x.png */ = {isa = PBXFileReference; lastKnownFileType = image.png; path = "Default-568h@2x.png"; sourceTree = "<group>"; };
		35DF1B412009275900AD2926 /* ChartsDataProcessorTests.swift */ = {isa = PBXFileReference; lastKnownFileType = sourcecode.swift; path = ChartsDataProcessorTests.swift; sourceTree = "<group>"; };
		35DF1B47200A015700AD2926 /* CalendarProtocol.swift */ = {isa = PBXFileReference; lastKnownFileType = sourcecode.swift; path = CalendarProtocol.swift; sourceTree = "<group>"; };
		35DF1B49200A03DA00AD2926 /* FakeCalendar.swift */ = {isa = PBXFileReference; lastKnownFileType = sourcecode.swift; path = FakeCalendar.swift; sourceTree = "<group>"; };
		35DF3AAD1F8D3BA800141F5B /* TransactionDataViewModelTests.swift */ = {isa = PBXFileReference; lastKnownFileType = sourcecode.swift; path = TransactionDataViewModelTests.swift; sourceTree = "<group>"; };
		35DFB5DC2012903B00F03C93 /* StatsViewModel.swift */ = {isa = PBXFileReference; lastKnownFileType = sourcecode.swift; path = StatsViewModel.swift; sourceTree = "<group>"; };
		35E1567720132695004F6A8D /* StatsViewModelTests.swift */ = {isa = PBXFileReference; lastKnownFileType = sourcecode.swift; path = StatsViewModelTests.swift; sourceTree = "<group>"; };
		35E4DD581EC3817300102E3B /* UICollectionView+Additions.swift */ = {isa = PBXFileReference; fileEncoding = 4; lastKnownFileType = sourcecode.swift; path = "UICollectionView+Additions.swift"; sourceTree = "<group>"; };
		35E4DD5A1EC3832400102E3B /* CollectionViewUpdater.swift */ = {isa = PBXFileReference; fileEncoding = 4; lastKnownFileType = sourcecode.swift; path = CollectionViewUpdater.swift; sourceTree = "<group>"; };
		35E6F1DE1EC389F1007667BB /* RxCocoa.framework */ = {isa = PBXFileReference; lastKnownFileType = wrapper.framework; name = RxCocoa.framework; path = Carthage/Build/iOS/RxCocoa.framework; sourceTree = "<group>"; };
		35E70C022082170F001F4808 /* CalendarDateManagedObject+CoreDataClass.swift */ = {isa = PBXFileReference; lastKnownFileType = sourcecode.swift; path = "CalendarDateManagedObject+CoreDataClass.swift"; sourceTree = "<group>"; };
		35E70C032082170F001F4808 /* CalendarDateManagedObject+CoreDataProperties.swift */ = {isa = PBXFileReference; lastKnownFileType = sourcecode.swift; path = "CalendarDateManagedObject+CoreDataProperties.swift"; sourceTree = "<group>"; };
		35E70C0620821C8C001F4808 /* CalendarDateManagedObjectTests.swift */ = {isa = PBXFileReference; lastKnownFileType = sourcecode.swift; path = CalendarDateManagedObjectTests.swift; sourceTree = "<group>"; };
		35E70C082083C873001F4808 /* TransactionsGrouping.swift */ = {isa = PBXFileReference; lastKnownFileType = sourcecode.swift; path = TransactionsGrouping.swift; sourceTree = "<group>"; };
		35EA1A261EB632A70083C57F /* TransactionCell.swift */ = {isa = PBXFileReference; fileEncoding = 4; lastKnownFileType = sourcecode.swift; path = TransactionCell.swift; sourceTree = "<group>"; };
		35EA1A281EB632DB0083C57F /* TransactionCell.xib */ = {isa = PBXFileReference; fileEncoding = 4; lastKnownFileType = file.xib; path = TransactionCell.xib; sourceTree = "<group>"; };
		35EA1A2A1EB633DF0083C57F /* TransactionCellViewModel.swift */ = {isa = PBXFileReference; fileEncoding = 4; lastKnownFileType = sourcecode.swift; path = TransactionCellViewModel.swift; sourceTree = "<group>"; };
		35EB3D071F7195BD00BCB79C /* CloudKit.framework */ = {isa = PBXFileReference; lastKnownFileType = wrapper.framework; name = CloudKit.framework; path = System/Library/Frameworks/CloudKit.framework; sourceTree = SDKROOT; };
		35EE9D05200D3C4E006D5791 /* FakeUserDefaults.swift */ = {isa = PBXFileReference; lastKnownFileType = sourcecode.swift; path = FakeUserDefaults.swift; sourceTree = "<group>"; };
		35F011D51E8D7B03006A2BC2 /* Cleanse.framework */ = {isa = PBXFileReference; lastKnownFileType = wrapper.framework; name = Cleanse.framework; path = Carthage/Build/iOS/Cleanse.framework; sourceTree = "<group>"; };
		35FB7E191FFFE352001929DF /* TimeChangedObserverTests.swift */ = {isa = PBXFileReference; lastKnownFileType = sourcecode.swift; path = TimeChangedObserverTests.swift; sourceTree = "<group>"; };
/* End PBXFileReference section */

/* Begin PBXFrameworksBuildPhase section */
		35BB97171E7F085F003DBA41 /* Frameworks */ = {
			isa = PBXFrameworksBuildPhase;
			buildActionMask = 2147483647;
			files = (
				359784B71FD70D5200140DCA /* MMFoundation.framework in Frameworks */,
				35C9FEF31E8C279D0092D5E3 /* CoreData.framework in Frameworks */,
				352B030A1E92BD0A001B99CB /* Dip.framework in Frameworks */,
				35EB3D081F7195BD00BCB79C /* CloudKit.framework in Frameworks */,
			);
			runOnlyForDeploymentPostprocessing = 0;
		};
		35BB972B1E7F0860003DBA41 /* Frameworks */ = {
			isa = PBXFrameworksBuildPhase;
			buildActionMask = 2147483647;
			files = (
				355509D41F7AC8080007FEF1 /* Dip.framework in Frameworks */,
			);
			runOnlyForDeploymentPostprocessing = 0;
		};
/* End PBXFrameworksBuildPhase section */

/* Begin PBXGroup section */
		350F0F5F1E9564C8002ED5D7 /* FlowControllers */ = {
			isa = PBXGroup;
			children = (
				350F0F601E9564F3002ED5D7 /* FlowController.swift */,
				350F0F621E956578002ED5D7 /* RootFlowController.swift */,
				35411784200BE83F002B7AF6 /* RootFlowService.swift */,
			);
			path = FlowControllers;
			sourceTree = "<group>";
		};
		351005F9206438000090AD43 /* TransactionsSummary */ = {
			isa = PBXGroup;
			children = (
				351005FA206438130090AD43 /* TransactionsSummaryViewController.swift */,
				3528D3B5206E68A0009A19E2 /* TransactionsSummaryViewModel.swift */,
				35757FA42075441A00FDAEC0 /* DateRangePickerViewModel.swift */,
			);
			path = TransactionsSummary;
			sourceTree = "<group>";
		};
		35163F0820722452000801FA /* TransactionsOverview */ = {
			isa = PBXGroup;
			children = (
				35163F0B20722472000801FA /* TransactionsOverviewViewController.swift */,
				35163F0D2072249A000801FA /* TransactionsOverviewViewModel.swift */,
			);
			path = TransactionsOverview;
			sourceTree = "<group>";
		};
		35214FF31F9E66FE006503C5 /* Fakes */ = {
			isa = PBXGroup;
			children = (
				35214FF41F9E670C006503C5 /* FakeTransactionRepository.swift */,
				35DF1B49200A03DA00AD2926 /* FakeCalendar.swift */,
				35B8A1E2200D193D00EA8C7C /* FakeTransactionsComputingService.swift */,
				35B8A1E4200D1A5B00EA8C7C /* FakeTimeChangedObserver.swift */,
				35B8A1E6200D201B00EA8C7C /* FakeCollectionUpdater.swift */,
				35B8A1EA200D22A900EA8C7C /* FakeFetchedResultsController.swift */,
				35EE9D05200D3C4E006D5791 /* FakeUserDefaults.swift */,
				353B9C8E2027775D00990667 /* FakeTransction.swift */,
				35CFA2942028CD790028FBA1 /* FakeCalendarDate.swift */,
				3545131A207A750400909A7F /* FakeUserPreferences.swift */,
				3520ADF22087C47D001C6F1E /* FakeChartsDataProcessor.swift */,
			);
			path = Fakes;
			sourceTree = "<group>";
		};
		352B030C1E92BDB9001B99CB /* DependencyContainers */ = {
			isa = PBXGroup;
			children = (
				352B030D1E92BE13001B99CB /* DependencyContainerConfigurator.swift */,
				352B030F1E92BF20001B99CB /* ContainerAssembly.swift */,
				352B03111E92BF63001B99CB /* NetworkingLayerAssembler.swift */,
				352B03131E92C087001B99CB /* DataLayerAssembler.swift */,
				352B03151E92C44B001B99CB /* ModelsAssembler.swift */,
				352B03171E92C4DA001B99CB /* ViewModelsAssembler.swift */,
				358894781E994A1C00ACF06C /* MappersAssembler.swift */,
				35B35ACB1EC8BF7A007E3A53 /* UtilsAssembler.swift */,
			);
			path = DependencyContainers;
			sourceTree = "<group>";
		};
		353B9C85202770ED00990667 /* Domain */ = {
			isa = PBXGroup;
			children = (
				353B9C88202770FB00990667 /* TransactionProtocol.swift */,
				353B9C8A202771FC00990667 /* TransactionCategoryProtocol.swift */,
				35CFA2922028CC210028FBA1 /* CalendarDateProtocol.swift */,
			);
			path = Domain;
			sourceTree = "<group>";
		};
		353DF8551F84011700EF6F70 /* TransactionCategory */ = {
			isa = PBXGroup;
			children = (
				3523249A1F88F7CF007C4FF5 /* TransactionCategoryRepository.swift */,
				352324A21F8A8A77007C4FF5 /* TransactionCategoryCollectionViewCell.swift */,
				356D0EAB1F8BF75800378362 /* TransactionCategoriesCollectionViewController.swift */,
				356D0EAD1F8BF83800378362 /* TransactionCategoriesCollectionViewModel.swift */,
				35B8C1811F8FF5180059A1CC /* TransactionCategoryService.swift */,
				35B8C1831F923CB00059A1CC /* TransactionCategoryView.swift */,
				3514C4281F9B9A55003C3044 /* TransactionCategoryViewModel.swift */,
			);
			path = TransactionCategory;
			sourceTree = "<group>";
		};
		356D0EAF1F8C00BB00378362 /* Errors */ = {
			isa = PBXGroup;
			children = (
				356D0EB01F8C00E700378362 /* Errors.swift */,
			);
			path = Errors;
			sourceTree = "<group>";
		};
		35708BB81FC605B20052ED9E /* Charts */ = {
			isa = PBXGroup;
			children = (
				35708BB91FC605C30052ED9E /* ChartsDataProcessor.swift */,
			);
			path = Charts;
			sourceTree = "<group>";
		};
		3585EDF61FDDA07000871941 /* Styles */ = {
			isa = PBXGroup;
			children = (
				3585EDF91FDDA08200871941 /* Styles.swift */,
				35CFA2902028C7C90028FBA1 /* Palette.swift */,
				352D29A2206AD13900B91E07 /* Gradients.swift */,
			);
			path = Styles;
			sourceTree = "<group>";
		};
		358894751E99457400ACF06C /* Mappers */ = {
			isa = PBXGroup;
			children = (
				358894761E99459500ACF06C /* AddTransactionFormDataToJSONMapper.swift */,
			);
			path = Mappers;
			sourceTree = "<group>";
		};
		359784AF1FD70D3E00140DCA /* Products */ = {
			isa = PBXGroup;
			children = (
				359784B41FD70D3E00140DCA /* MMFoundation.framework */,
				359784B61FD70D3E00140DCA /* MMFoundationTests.xctest */,
			);
			name = Products;
			sourceTree = "<group>";
		};
		35A023A72024C9B600E42FFD /* Views */ = {
			isa = PBXGroup;
			children = (
				35A023A82024C9CC00E42FFD /* InsetLabel.swift */,
				350D55B4206FD47F00BB2F3B /* UILabel+Extensions.swift */,
			);
			path = Views;
			sourceTree = "<group>";
		};
		35A023AA2024E58300E42FFD /* Settings */ = {
			isa = PBXGroup;
			children = (
				35A023AB2024E59200E42FFD /* SettingsViewController.swift */,
			);
			path = Settings;
			sourceTree = "<group>";
		};
		35AC4C9A206E70AB00872615 /* Notifications */ = {
			isa = PBXGroup;
			children = (
				35AC4C9B206E70C000872615 /* ObservationToken.swift */,
			);
			path = Notifications;
			sourceTree = "<group>";
		};
		35B296D61F7EBEC5004A3E32 /* PresentationControllers */ = {
			isa = PBXGroup;
			children = (
				35B296D71F7EBEEA004A3E32 /* CardStylePresentationManager.swift */,
				35B296D91F7EBEF9004A3E32 /* CardStylePresentationController.swift */,
			);
			path = PresentationControllers;
			sourceTree = "<group>";
		};
		35B35ACD1EC8BFAD007E3A53 /* Logging */ = {
			isa = PBXGroup;
			children = (
				35B35ACE1EC8BFBB007E3A53 /* Logger.swift */,
			);
			path = Logging;
			sourceTree = "<group>";
		};
		35B8D0711EC766B400A96C00 /* MathOperations */ = {
			isa = PBXGroup;
			children = (
				35B8D0721EC766D400A96C00 /* TransactionsComputingService.swift */,
				35AC4C96206E6C7100872615 /* TransactionsComputingServiceNotifications.swift */,
			);
			path = MathOperations;
			sourceTree = "<group>";
		};
		35BB97111E7F085F003DBA41 = {
			isa = PBXGroup;
			children = (
				35DEBBE02011249000EA1556 /* Default-568h@2x.png */,
				359784AE1FD70D3E00140DCA /* MMFoundation.xcodeproj */,
				35BB971C1E7F085F003DBA41 /* MoneySaverApp-iOS */,
				35BB97311E7F0860003DBA41 /* MoneySaverApp-iOSTests */,
				35BB971B1E7F085F003DBA41 /* Products */,
				35BB973D1E7F0D76003DBA41 /* Frameworks */,
			);
			sourceTree = "<group>";
		};
		35BB971B1E7F085F003DBA41 /* Products */ = {
			isa = PBXGroup;
			children = (
				35BB971A1E7F085F003DBA41 /* MoneySaverApp-iOS.app */,
				35BB972E1E7F0860003DBA41 /* MoneySaverApp-iOSTests.xctest */,
			);
			name = Products;
			sourceTree = "<group>";
		};
		35BB971C1E7F085F003DBA41 /* MoneySaverApp-iOS */ = {
			isa = PBXGroup;
			children = (
				35163F0820722452000801FA /* TransactionsOverview */,
				35AC4C9A206E70AB00872615 /* Notifications */,
				351005F9206438000090AD43 /* TransactionsSummary */,
				353B9C85202770ED00990667 /* Domain */,
				35A023AA2024E58300E42FFD /* Settings */,
				35DFB5D92012900C00F03C93 /* Stats */,
				35EE9D00200D3B44006D5791 /* StatePreservation */,
				3585EDF61FDDA07000871941 /* Styles */,
				35708BB81FC605B20052ED9E /* Charts */,
				35C853921FBCC84300A7E479 /* Budget */,
				35D7C4121FAC9C0F0052BAD6 /* Dates */,
				356D0EAF1F8C00BB00378362 /* Errors */,
				353DF8551F84011700EF6F70 /* TransactionCategory */,
				35B296D61F7EBEC5004A3E32 /* PresentationControllers */,
				35B35ACD1EC8BFAD007E3A53 /* Logging */,
				35B8D0711EC766B400A96C00 /* MathOperations */,
				35D740081EB8AF140028DD92 /* Dashboard */,
				35D740051EB8AECB0028DD92 /* Commons */,
				351897E11EB71F7B002B6A86 /* MoneySaverApp-iOS.entitlements */,
				35EA1A2C1EB636DF0083C57F /* Brand */,
				35D1DE721EA1221800284EA0 /* TableView */,
				350F0F5F1E9564C8002ED5D7 /* FlowControllers */,
				352B030C1E92BDB9001B99CB /* DependencyContainers */,
				35C9FEEC1E8C23A90092D5E3 /* CoreData */,
				35C09DE31E8977F500095FE2 /* Extensions */,
				35C09DDC1E8974F800095FE2 /* Transactions */,
				35BB971D1E7F085F003DBA41 /* AppDelegate.swift */,
				35BB97211E7F0860003DBA41 /* Main.storyboard */,
				35BB97241E7F0860003DBA41 /* Assets.xcassets */,
				35BB97261E7F0860003DBA41 /* LaunchScreen.storyboard */,
				35BB97291E7F0860003DBA41 /* Info.plist */,
				355509C61F7831F20007FEF1 /* SynchronizationService.swift */,
				355509C81F7832830007FEF1 /* TransactionsCloudKitClient.swift */,
			);
			path = "MoneySaverApp-iOS";
			sourceTree = "<group>";
		};
		35BB97311E7F0860003DBA41 /* MoneySaverApp-iOSTests */ = {
			isa = PBXGroup;
			children = (
				35214FF31F9E66FE006503C5 /* Fakes */,
				35BB97341E7F0860003DBA41 /* Info.plist */,
				355509D01F7AC4410007FEF1 /* UIViewControllerAdditionsTests.swift */,
				355509D21F7AC6070007FEF1 /* RootFlowControllerTests.swift */,
				35DF3AAD1F8D3BA800141F5B /* TransactionDataViewModelTests.swift */,
				35C853951FBCD1F400A7E479 /* WeakHoldersCollectionTests.swift */,
				35FB7E191FFFE352001929DF /* TimeChangedObserverTests.swift */,
				3581635F200560F80013BE33 /* CalendarTests.swift */,
				3551A39A20069F90001394F2 /* StringTests.swift */,
				35DF1B412009275900AD2926 /* ChartsDataProcessorTests.swift */,
				350FBC1E200A9596000457EB /* TransactionManagedObjectTests.swift */,
				35129ED0200B5A1400B7A566 /* TransactionsRepositoryTests.swift */,
				35B8A1DC200D161100EA8C7C /* RootFlowServiceTests.swift */,
				35B8A1E0200D18AD00EA8C7C /* TransactionsListViewModelTests.swift */,
				35E1567720132695004F6A8D /* StatsViewModelTests.swift */,
				355DB26B2020FA3500F990FD /* SequenceTests.swift */,
				353B9C8C2027774F00990667 /* TransactionCellViewModelTests.swift */,
				35757FA82075444400FDAEC0 /* DateRangePickerViewModelTests.swift */,
				354513122076A4EB00909A7F /* DateFormattersTests.swift */,
				35451318207A733600909A7F /* UserPreferencesTests.swift */,
				35E70C0620821C8C001F4808 /* CalendarDateManagedObjectTests.swift */,
			);
			path = "MoneySaverApp-iOSTests";
			sourceTree = "<group>";
		};
		35BB973D1E7F0D76003DBA41 /* Frameworks */ = {
			isa = PBXGroup;
			children = (
				35EB3D071F7195BD00BCB79C /* CloudKit.framework */,
				35E6F1DE1EC389F1007667BB /* RxCocoa.framework */,
				352B03091E92BD0A001B99CB /* Dip.framework */,
				35F011D51E8D7B03006A2BC2 /* Cleanse.framework */,
				35C9FEF21E8C279D0092D5E3 /* CoreData.framework */,
				35B5CAC91E883D6200D1990E /* MoneySaverFoundationiOS.framework */,
				35B5CAC71E883D5500D1990E /* RxSwift.framework */,
				35BB973E1E7F0D76003DBA41 /* RESTClient.framework */,
			);
			name = Frameworks;
			sourceTree = "<group>";
		};
		35C09DDC1E8974F800095FE2 /* Transactions */ = {
			isa = PBXGroup;
			children = (
				35C0ECF61FB72C1400589F53 /* Grouping */,
				35EA1A251EB6329C0083C57F /* Views */,
				358894751E99457400ACF06C /* Mappers */,
				35C09DDF1E89766900095FE2 /* TransactionsListViewController.swift */,
				35C09DE11E8976EE00095FE2 /* TransactionsListViewModel.swift */,
				35C09DEC1E89802900095FE2 /* TransactionDataViewController.swift */,
				358894731E992DE500ACF06C /* TransactionDataViewModel.swift */,
				359BC28F1EA27FCA0020E156 /* TransactionsRepository.swift */,
			);
			path = Transactions;
			sourceTree = "<group>";
		};
		35C09DE31E8977F500095FE2 /* Extensions */ = {
			isa = PBXGroup;
			children = (
				35C09DEA1E897ABC00095FE2 /* UITableView+Additions.swift */,
				350F0F641E95664B002ED5D7 /* UIStoryboard+Additions.swift */,
				35E4DD581EC3817300102E3B /* UICollectionView+Additions.swift */,
				355509CE1F7AC1730007FEF1 /* UIViewController+Additions.swift */,
				35B296DB1F7EC423004A3E32 /* UIView+Additions.swift */,
				3599F5DC1F84053B00A39659 /* NSManagedObject+Additions.swift */,
				359A31381FB249C4000DA85F /* Character+Additions.swift */,
				359A313A1FB4F754000DA85F /* UIColor+Additions.swift */,
				35C8539B1FBCDAA600A7E479 /* Decimal+Additions.swift */,
				35C1BBEE1FFE6B7000C77B72 /* UIScrollView+Additions.swift */,
				3551A39820069E68001394F2 /* String+Additions.swift */,
				35A7BA04201E023C009E6111 /* Calendar+Additions.swift */,
				355DB2692020F90200F990FD /* Sequence+Extension.swift */,
				35A0239D2022394B00E42FFD /* NSManagedObjectContext+Additions.swift */,
			);
			path = Extensions;
			sourceTree = "<group>";
		};
		35C0ECF61FB72C1400589F53 /* Grouping */ = {
			isa = PBXGroup;
			children = (
				35E70C082083C873001F4808 /* TransactionsGrouping.swift */,
			);
			path = Grouping;
			sourceTree = "<group>";
		};
		35C853921FBCC84300A7E479 /* Budget */ = {
			isa = PBXGroup;
			children = (
				355509CA1F7ABF1B0007FEF1 /* BudgetViewController.swift */,
				35C853991FBCD89800A7E479 /* BudgetViewModel.swift */,
				35708BBB1FC958110052ED9E /* SetupBudgetViewController.swift */,
				35708BC11FC95B300052ED9E /* BudgetRepository.swift */,
				35708BC71FC97F750052ED9E /* SetupBudgetViewModel.swift */,
				35B908AA1FD2FD3E00F4D49F /* BudgetService.swift */,
			);
			path = Budget;
			sourceTree = "<group>";
		};
		35C9FEEC1E8C23A90092D5E3 /* CoreData */ = {
			isa = PBXGroup;
			children = (
				35E70C022082170F001F4808 /* CalendarDateManagedObject+CoreDataClass.swift */,
				35E70C032082170F001F4808 /* CalendarDateManagedObject+CoreDataProperties.swift */,
				35708BC31FC95C7F0052ED9E /* BudgetManagedObject+CoreDataClass.swift */,
				35708BC41FC95C7F0052ED9E /* BudgetManagedObject+CoreDataProperties.swift */,
				3514C42A1F9CA0A6003C3044 /* TransactionCategoryManagedObject+CoreDataProperties.swift */,
				3599F5D81F8404E500A39659 /* TransactionCategoryManagedObject+CoreDataClass.swift */,
				3514C42B1F9CA0A6003C3044 /* TransactionManagedObject+CoreDataProperties.swift */,
				35C9FF001E8C29BF0092D5E3 /* TransactionManagedObject+CoreDataClass.swift */,
				35C9FEED1E8C240A0092D5E3 /* CoreDataStack.swift */,
				35C9FEEF1E8C276A0092D5E3 /* DataModel.xcdatamodeld */,
				35832E41207E8A310023521C /* ManagedContextProtocol.swift */,
			);
			path = CoreData;
			sourceTree = "<group>";
		};
		35D1DE721EA1221800284EA0 /* TableView */ = {
			isa = PBXGroup;
			children = (
				35D1DE791EA124A900284EA0 /* CollectionUpdater.swift */,
				35D1DE7D1EA12A3B00284EA0 /* TableViewCollectionUpdater.swift */,
				35D1DE7F1EA12B0400284EA0 /* CoreDataCollectionUpdateHandler.swift */,
				35E4DD5A1EC3832400102E3B /* CollectionViewUpdater.swift */,
			);
			path = TableView;
			sourceTree = "<group>";
		};
		35D740051EB8AECB0028DD92 /* Commons */ = {
			isa = PBXGroup;
			children = (
				35A023A72024C9B600E42FFD /* Views */,
				35D740061EB8AEEA0028DD92 /* BarButtonProvider.swift */,
				3585EDFB1FDDA50400871941 /* NotificationHandlers.swift */,
			);
			path = Commons;
			sourceTree = "<group>";
		};
		35D740081EB8AF140028DD92 /* Dashboard */ = {
			isa = PBXGroup;
			children = (
				35D740091EB8AF240028DD92 /* DashboardTabBarController.swift */,
			);
			path = Dashboard;
			sourceTree = "<group>";
		};
		35D7C4121FAC9C0F0052BAD6 /* Dates */ = {
			isa = PBXGroup;
			children = (
				35CCD5051FAE3A3B00BD308E /* DateFormatters.swift */,
				3573A9302002AE3100B615F7 /* DateRange.swift */,
				35DF1B47200A015700AD2926 /* CalendarProtocol.swift */,
			);
			path = Dates;
			sourceTree = "<group>";
		};
		35DFB5D92012900C00F03C93 /* Stats */ = {
			isa = PBXGroup;
			children = (
				355509CC1F7ABF7E0007FEF1 /* StatsViewController.swift */,
				35DFB5DC2012903B00F03C93 /* StatsViewModel.swift */,
			);
			path = Stats;
			sourceTree = "<group>";
		};
		35EA1A251EB6329C0083C57F /* Views */ = {
			isa = PBXGroup;
			children = (
				35EA1A261EB632A70083C57F /* TransactionCell.swift */,
				35EA1A281EB632DB0083C57F /* TransactionCell.xib */,
				35EA1A2A1EB633DF0083C57F /* TransactionCellViewModel.swift */,
			);
			path = Views;
			sourceTree = "<group>";
		};
		35EA1A2C1EB636DF0083C57F /* Brand */ = {
			isa = PBXGroup;
			children = (
			);
			path = Brand;
			sourceTree = "<group>";
		};
		35EE9D00200D3B44006D5791 /* StatePreservation */ = {
			isa = PBXGroup;
			children = (
				35451316207A721200909A7F /* UserPreferences.swift */,
			);
			path = StatePreservation;
			sourceTree = "<group>";
		};
/* End PBXGroup section */

/* Begin PBXNativeTarget section */
		35BB97191E7F085F003DBA41 /* MoneySaverApp-iOS */ = {
			isa = PBXNativeTarget;
			buildConfigurationList = 35BB97371E7F0860003DBA41 /* Build configuration list for PBXNativeTarget "MoneySaverApp-iOS" */;
			buildPhases = (
				35BB97161E7F085F003DBA41 /* Sources */,
				35BB97171E7F085F003DBA41 /* Frameworks */,
				35BB97181E7F085F003DBA41 /* Resources */,
				35BBEBAD1FBB8830002CF520 /* ShellScript */,
				35B540531FDD6CFF00B27F9F /* CopyFiles */,
			);
			buildRules = (
			);
			dependencies = (
			);
			name = "MoneySaverApp-iOS";
			productName = "MoneySaverApp-iOS";
			productReference = 35BB971A1E7F085F003DBA41 /* MoneySaverApp-iOS.app */;
			productType = "com.apple.product-type.application";
		};
		35BB972D1E7F0860003DBA41 /* MoneySaverApp-iOSTests */ = {
			isa = PBXNativeTarget;
			buildConfigurationList = 35BB973A1E7F0860003DBA41 /* Build configuration list for PBXNativeTarget "MoneySaverApp-iOSTests" */;
			buildPhases = (
				35BB972A1E7F0860003DBA41 /* Sources */,
				35BB972B1E7F0860003DBA41 /* Frameworks */,
				35BB972C1E7F0860003DBA41 /* Resources */,
			);
			buildRules = (
			);
			dependencies = (
				35BB97301E7F0860003DBA41 /* PBXTargetDependency */,
			);
			name = "MoneySaverApp-iOSTests";
			productName = "MoneySaverApp-iOSTests";
			productReference = 35BB972E1E7F0860003DBA41 /* MoneySaverApp-iOSTests.xctest */;
			productType = "com.apple.product-type.bundle.unit-test";
		};
/* End PBXNativeTarget section */

/* Begin PBXProject section */
		35BB97121E7F085F003DBA41 /* Project object */ = {
			isa = PBXProject;
			attributes = {
				LastSwiftUpdateCheck = 0820;
				LastUpgradeCheck = 0930;
				ORGANIZATIONNAME = "Michal Moskala";
				TargetAttributes = {
					35BB97191E7F085F003DBA41 = {
						CreatedOnToolsVersion = 8.2.1;
						DevelopmentTeam = R77HUFLYN8;
						LastSwiftMigration = 0900;
						ProvisioningStyle = Automatic;
						SystemCapabilities = {
							com.apple.Push = {
								enabled = 1;
							};
							com.apple.iCloud = {
								enabled = 1;
							};
						};
					};
					35BB972D1E7F0860003DBA41 = {
						CreatedOnToolsVersion = 8.2.1;
						DevelopmentTeam = R77HUFLYN8;
						LastSwiftMigration = 0900;
						ProvisioningStyle = Automatic;
						TestTargetID = 35BB97191E7F085F003DBA41;
					};
				};
			};
			buildConfigurationList = 35BB97151E7F085F003DBA41 /* Build configuration list for PBXProject "MoneySaverApp-iOS" */;
			compatibilityVersion = "Xcode 3.2";
			developmentRegion = English;
			hasScannedForEncodings = 0;
			knownRegions = (
				en,
				Base,
			);
			mainGroup = 35BB97111E7F085F003DBA41;
			productRefGroup = 35BB971B1E7F085F003DBA41 /* Products */;
			projectDirPath = "";
			projectReferences = (
				{
					ProductGroup = 359784AF1FD70D3E00140DCA /* Products */;
					ProjectRef = 359784AE1FD70D3E00140DCA /* MMFoundation.xcodeproj */;
				},
			);
			projectRoot = "";
			targets = (
				35BB97191E7F085F003DBA41 /* MoneySaverApp-iOS */,
				35BB972D1E7F0860003DBA41 /* MoneySaverApp-iOSTests */,
			);
		};
/* End PBXProject section */

/* Begin PBXReferenceProxy section */
		359784B41FD70D3E00140DCA /* MMFoundation.framework */ = {
			isa = PBXReferenceProxy;
			fileType = wrapper.framework;
			path = MMFoundation.framework;
			remoteRef = 359784B31FD70D3E00140DCA /* PBXContainerItemProxy */;
			sourceTree = BUILT_PRODUCTS_DIR;
		};
		359784B61FD70D3E00140DCA /* MMFoundationTests.xctest */ = {
			isa = PBXReferenceProxy;
			fileType = wrapper.cfbundle;
			path = MMFoundationTests.xctest;
			remoteRef = 359784B51FD70D3E00140DCA /* PBXContainerItemProxy */;
			sourceTree = BUILT_PRODUCTS_DIR;
		};
/* End PBXReferenceProxy section */

/* Begin PBXResourcesBuildPhase section */
		35BB97181E7F085F003DBA41 /* Resources */ = {
			isa = PBXResourcesBuildPhase;
			buildActionMask = 2147483647;
			files = (
				35BB97281E7F0860003DBA41 /* LaunchScreen.storyboard in Resources */,
				35BB97251E7F0860003DBA41 /* Assets.xcassets in Resources */,
				35EA1A291EB632DB0083C57F /* TransactionCell.xib in Resources */,
				35DEBBE32011249000EA1556 /* Default-568h@2x.png in Resources */,
				35BB97231E7F0860003DBA41 /* Main.storyboard in Resources */,
			);
			runOnlyForDeploymentPostprocessing = 0;
		};
		35BB972C1E7F0860003DBA41 /* Resources */ = {
			isa = PBXResourcesBuildPhase;
			buildActionMask = 2147483647;
			files = (
			);
			runOnlyForDeploymentPostprocessing = 0;
		};
/* End PBXResourcesBuildPhase section */

/* Begin PBXShellScriptBuildPhase section */
		35BBEBAD1FBB8830002CF520 /* ShellScript */ = {
			isa = PBXShellScriptBuildPhase;
			buildActionMask = 2147483647;
			files = (
			);
			inputPaths = (
				"$(SRCROOT)/Carthage/Build/iOS/Dip.framework",
				"$(SRCROOT)/Carthage/Build/iOS/Charts.framework",
				"$(SRCROOT)/Carthage/Build/iOS/ScrollableGraphView.framework",
			);
			outputPaths = (
				"$(BUILT_PRODUCTS_DIR)/$(FRAMEWORKS_FOLDER_PATH)/Dip.framework",
				"$(BUILT_PRODUCTS_DIR)/$(FRAMEWORKS_FOLDER_PATH)/Charts.framework",
				"$(BUILT_PRODUCTS_DIR)/$(FRAMEWORKS_FOLDER_PATH)/ScrollableGraphView.framework",
			);
			runOnlyForDeploymentPostprocessing = 0;
			shellPath = /bin/sh;
			shellScript = "/usr/local/bin/carthage copy-frameworks";
		};
/* End PBXShellScriptBuildPhase section */

/* Begin PBXSourcesBuildPhase section */
		35BB97161E7F085F003DBA41 /* Sources */ = {
			isa = PBXSourcesBuildPhase;
			buildActionMask = 2147483647;
			files = (
				35708BBA1FC605C30052ED9E /* ChartsDataProcessor.swift in Sources */,
				35D1DE7A1EA124A900284EA0 /* CollectionUpdater.swift in Sources */,
				352D29A3206AD13900B91E07 /* Gradients.swift in Sources */,
				359A313B1FB4F754000DA85F /* UIColor+Additions.swift in Sources */,
				352324A31F8A8A77007C4FF5 /* TransactionCategoryCollectionViewCell.swift in Sources */,
				35EA1A2B1EB633DF0083C57F /* TransactionCellViewModel.swift in Sources */,
				3551A39920069E68001394F2 /* String+Additions.swift in Sources */,
				35708BC81FC97F750052ED9E /* SetupBudgetViewModel.swift in Sources */,
				3599F5DD1F84053B00A39659 /* NSManagedObject+Additions.swift in Sources */,
				35A7BA05201E023C009E6111 /* Calendar+Additions.swift in Sources */,
				35C09DEB1E897ABC00095FE2 /* UITableView+Additions.swift in Sources */,
				352B03181E92C4DA001B99CB /* ViewModelsAssembler.swift in Sources */,
				355509CD1F7ABF7E0007FEF1 /* StatsViewController.swift in Sources */,
				3528D3B6206E68A0009A19E2 /* TransactionsSummaryViewModel.swift in Sources */,
				350F0F651E95664B002ED5D7 /* UIStoryboard+Additions.swift in Sources */,
				352B03161E92C44B001B99CB /* ModelsAssembler.swift in Sources */,
				3523249B1F88F7CF007C4FF5 /* TransactionCategoryRepository.swift in Sources */,
				359A31391FB249C4000DA85F /* Character+Additions.swift in Sources */,
				353B9C8B202771FC00990667 /* TransactionCategoryProtocol.swift in Sources */,
				35CCD5061FAE3A3B00BD308E /* DateFormatters.swift in Sources */,
				3599F5DA1F8404E500A39659 /* TransactionCategoryManagedObject+CoreDataClass.swift in Sources */,
				35C9FF021E8C29BF0092D5E3 /* TransactionManagedObject+CoreDataClass.swift in Sources */,
				35CFA2932028CC210028FBA1 /* CalendarDateProtocol.swift in Sources */,
				35B8D0731EC766D400A96C00 /* TransactionsComputingService.swift in Sources */,
				355509CB1F7ABF1B0007FEF1 /* BudgetViewController.swift in Sources */,
				35A023A92024C9CC00E42FFD /* InsetLabel.swift in Sources */,
				35832E42207E8A310023521C /* ManagedContextProtocol.swift in Sources */,
				35163F0E2072249A000801FA /* TransactionsOverviewViewModel.swift in Sources */,
				35C8539C1FBCDAA600A7E479 /* Decimal+Additions.swift in Sources */,
				358894741E992DE500ACF06C /* TransactionDataViewModel.swift in Sources */,
				35C9FEF11E8C276A0092D5E3 /* DataModel.xcdatamodeld in Sources */,
				35B296DA1F7EBEF9004A3E32 /* CardStylePresentationController.swift in Sources */,
				35E70C042082170F001F4808 /* CalendarDateManagedObject+CoreDataClass.swift in Sources */,
				35EA1A271EB632A70083C57F /* TransactionCell.swift in Sources */,
				351005FB206438130090AD43 /* TransactionsSummaryViewController.swift in Sources */,
				35E70C052082170F001F4808 /* CalendarDateManagedObject+CoreDataProperties.swift in Sources */,
				355509C91F7832830007FEF1 /* TransactionsCloudKitClient.swift in Sources */,
				35DF1B48200A015700AD2926 /* CalendarProtocol.swift in Sources */,
				352B03121E92BF63001B99CB /* NetworkingLayerAssembler.swift in Sources */,
				352B03101E92BF20001B99CB /* ContainerAssembly.swift in Sources */,
				35B8C1821F8FF5180059A1CC /* TransactionCategoryService.swift in Sources */,
				352B03141E92C087001B99CB /* DataLayerAssembler.swift in Sources */,
				356D0EAC1F8BF75800378362 /* TransactionCategoriesCollectionViewController.swift in Sources */,
				35C1BBEF1FFE6B7000C77B72 /* UIScrollView+Additions.swift in Sources */,
				355509CF1F7AC1730007FEF1 /* UIViewController+Additions.swift in Sources */,
				35B908AB1FD2FD3E00F4D49F /* BudgetService.swift in Sources */,
				35E70C092083C873001F4808 /* TransactionsGrouping.swift in Sources */,
				35C09DE21E8976EE00095FE2 /* TransactionsListViewModel.swift in Sources */,
				35C8539A1FBCD89800A7E479 /* BudgetViewModel.swift in Sources */,
				355DB26A2020F90200F990FD /* Sequence+Extension.swift in Sources */,
				35708BC51FC95C7F0052ED9E /* BudgetManagedObject+CoreDataClass.swift in Sources */,
				35AC4C9C206E70C000872615 /* ObservationToken.swift in Sources */,
				350D55B5206FD47F00BB2F3B /* UILabel+Extensions.swift in Sources */,
				35BB971E1E7F085F003DBA41 /* AppDelegate.swift in Sources */,
				35E4DD5B1EC3832400102E3B /* CollectionViewUpdater.swift in Sources */,
				35D7400A1EB8AF240028DD92 /* DashboardTabBarController.swift in Sources */,
				35A023AC2024E59200E42FFD /* SettingsViewController.swift in Sources */,
				359BC2901EA27FCA0020E156 /* TransactionsRepository.swift in Sources */,
				358894791E994A1C00ACF06C /* MappersAssembler.swift in Sources */,
				35B8C1841F923CB00059A1CC /* TransactionCategoryView.swift in Sources */,
				3585EDFC1FDDA50400871941 /* NotificationHandlers.swift in Sources */,
				35CFA2912028C7C90028FBA1 /* Palette.swift in Sources */,
				3514C42C1F9CA0A6003C3044 /* TransactionCategoryManagedObject+CoreDataProperties.swift in Sources */,
				3573A9312002AE3100B615F7 /* DateRange.swift in Sources */,
				355509C71F7831F20007FEF1 /* SynchronizationService.swift in Sources */,
				3585EDFA1FDDA08200871941 /* Styles.swift in Sources */,
				35451317207A721200909A7F /* UserPreferences.swift in Sources */,
				35B296DC1F7EC423004A3E32 /* UIView+Additions.swift in Sources */,
				3514C42D1F9CA0A6003C3044 /* TransactionManagedObject+CoreDataProperties.swift in Sources */,
				35C09DE01E89766900095FE2 /* TransactionsListViewController.swift in Sources */,
				358894771E99459500ACF06C /* AddTransactionFormDataToJSONMapper.swift in Sources */,
				35B35ACF1EC8BFBB007E3A53 /* Logger.swift in Sources */,
				35C9FEEE1E8C240A0092D5E3 /* CoreDataStack.swift in Sources */,
				35AC4C97206E6C7100872615 /* TransactionsComputingServiceNotifications.swift in Sources */,
				35C09DED1E89802900095FE2 /* TransactionDataViewController.swift in Sources */,
				353B9C89202770FB00990667 /* TransactionProtocol.swift in Sources */,
				3514C4291F9B9A55003C3044 /* TransactionCategoryViewModel.swift in Sources */,
				352B030E1E92BE13001B99CB /* DependencyContainerConfigurator.swift in Sources */,
				35757FA52075441A00FDAEC0 /* DateRangePickerViewModel.swift in Sources */,
				350F0F611E9564F3002ED5D7 /* FlowController.swift in Sources */,
				35D1DE7E1EA12A3B00284EA0 /* TableViewCollectionUpdater.swift in Sources */,
				35D740071EB8AEEA0028DD92 /* BarButtonProvider.swift in Sources */,
				35D1DE801EA12B0400284EA0 /* CoreDataCollectionUpdateHandler.swift in Sources */,
				350F0F631E956578002ED5D7 /* RootFlowController.swift in Sources */,
				35B35ACC1EC8BF7A007E3A53 /* UtilsAssembler.swift in Sources */,
				356D0EAE1F8BF83800378362 /* TransactionCategoriesCollectionViewModel.swift in Sources */,
				35A0239E2022394B00E42FFD /* NSManagedObjectContext+Additions.swift in Sources */,
				35411785200BE83F002B7AF6 /* RootFlowService.swift in Sources */,
				35708BBC1FC958110052ED9E /* SetupBudgetViewController.swift in Sources */,
				35708BC21FC95B300052ED9E /* BudgetRepository.swift in Sources */,
				35163F0C20722472000801FA /* TransactionsOverviewViewController.swift in Sources */,
				35708BC61FC95C7F0052ED9E /* BudgetManagedObject+CoreDataProperties.swift in Sources */,
				35E4DD591EC3817300102E3B /* UICollectionView+Additions.swift in Sources */,
				356D0EB11F8C00E700378362 /* Errors.swift in Sources */,
				35DFB5DD2012903B00F03C93 /* StatsViewModel.swift in Sources */,
				35B296D81F7EBEEA004A3E32 /* CardStylePresentationManager.swift in Sources */,
			);
			runOnlyForDeploymentPostprocessing = 0;
		};
		35BB972A1E7F0860003DBA41 /* Sources */ = {
			isa = PBXSourcesBuildPhase;
			buildActionMask = 2147483647;
			files = (
				3520ADF32087C47D001C6F1E /* FakeChartsDataProcessor.swift in Sources */,
				355509D11F7AC4410007FEF1 /* UIViewControllerAdditionsTests.swift in Sources */,
				35B8A1E1200D18AD00EA8C7C /* TransactionsListViewModelTests.swift in Sources */,
				35DF1B422009275900AD2926 /* ChartsDataProcessorTests.swift in Sources */,
				353B9C8D2027774F00990667 /* TransactionCellViewModelTests.swift in Sources */,
				3545131B207A750400909A7F /* FakeUserPreferences.swift in Sources */,
				35B8A1E5200D1A5B00EA8C7C /* FakeTimeChangedObserver.swift in Sources */,
				355DB26C2020FA3500F990FD /* SequenceTests.swift in Sources */,
				350FBC1F200A9596000457EB /* TransactionManagedObjectTests.swift in Sources */,
				35DF1B4A200A03DB00AD2926 /* FakeCalendar.swift in Sources */,
				355509D31F7AC6070007FEF1 /* RootFlowControllerTests.swift in Sources */,
				35B8A1DD200D161100EA8C7C /* RootFlowServiceTests.swift in Sources */,
				35B8A1E7200D201B00EA8C7C /* FakeCollectionUpdater.swift in Sources */,
				35816360200560F80013BE33 /* CalendarTests.swift in Sources */,
				35B8A1E3200D193D00EA8C7C /* FakeTransactionsComputingService.swift in Sources */,
				3551A39B20069F90001394F2 /* StringTests.swift in Sources */,
				353B9C8F2027775D00990667 /* FakeTransction.swift in Sources */,
				354513132076A4EB00909A7F /* DateFormattersTests.swift in Sources */,
				35DF3AAE1F8D3BA800141F5B /* TransactionDataViewModelTests.swift in Sources */,
				35129ED1200B5A1400B7A566 /* TransactionsRepositoryTests.swift in Sources */,
				35E1567820132695004F6A8D /* StatsViewModelTests.swift in Sources */,
				35CFA2952028CD790028FBA1 /* FakeCalendarDate.swift in Sources */,
				35EE9D06200D3C4E006D5791 /* FakeUserDefaults.swift in Sources */,
				35757FA92075444400FDAEC0 /* DateRangePickerViewModelTests.swift in Sources */,
				35B8A1EB200D22A900EA8C7C /* FakeFetchedResultsController.swift in Sources */,
				35E70C0720821C8C001F4808 /* CalendarDateManagedObjectTests.swift in Sources */,
				35C853961FBCD1F400A7E479 /* WeakHoldersCollectionTests.swift in Sources */,
				35451319207A733600909A7F /* UserPreferencesTests.swift in Sources */,
				35FB7E1A1FFFE352001929DF /* TimeChangedObserverTests.swift in Sources */,
				35214FF51F9E670C006503C5 /* FakeTransactionRepository.swift in Sources */,
			);
			runOnlyForDeploymentPostprocessing = 0;
		};
/* End PBXSourcesBuildPhase section */

/* Begin PBXTargetDependency section */
		35BB97301E7F0860003DBA41 /* PBXTargetDependency */ = {
			isa = PBXTargetDependency;
			target = 35BB97191E7F085F003DBA41 /* MoneySaverApp-iOS */;
			targetProxy = 35BB972F1E7F0860003DBA41 /* PBXContainerItemProxy */;
		};
/* End PBXTargetDependency section */

/* Begin PBXVariantGroup section */
		35BB97211E7F0860003DBA41 /* Main.storyboard */ = {
			isa = PBXVariantGroup;
			children = (
				35BB97221E7F0860003DBA41 /* Base */,
			);
			name = Main.storyboard;
			sourceTree = "<group>";
		};
		35BB97261E7F0860003DBA41 /* LaunchScreen.storyboard */ = {
			isa = PBXVariantGroup;
			children = (
				35BB97271E7F0860003DBA41 /* Base */,
			);
			name = LaunchScreen.storyboard;
			sourceTree = "<group>";
		};
/* End PBXVariantGroup section */

/* Begin XCBuildConfiguration section */
		35BB97351E7F0860003DBA41 /* Debug */ = {
			isa = XCBuildConfiguration;
			buildSettings = {
				ALWAYS_SEARCH_USER_PATHS = NO;
				CLANG_ANALYZER_NONNULL = YES;
				CLANG_CXX_LANGUAGE_STANDARD = "gnu++0x";
				CLANG_CXX_LIBRARY = "libc++";
				CLANG_ENABLE_MODULES = YES;
				CLANG_ENABLE_OBJC_ARC = YES;
				CLANG_WARN_BLOCK_CAPTURE_AUTORELEASING = YES;
				CLANG_WARN_BOOL_CONVERSION = YES;
				CLANG_WARN_COMMA = YES;
				CLANG_WARN_CONSTANT_CONVERSION = YES;
				CLANG_WARN_DEPRECATED_OBJC_IMPLEMENTATIONS = YES;
				CLANG_WARN_DIRECT_OBJC_ISA_USAGE = YES_ERROR;
				CLANG_WARN_DOCUMENTATION_COMMENTS = YES;
				CLANG_WARN_EMPTY_BODY = YES;
				CLANG_WARN_ENUM_CONVERSION = YES;
				CLANG_WARN_INFINITE_RECURSION = YES;
				CLANG_WARN_INT_CONVERSION = YES;
				CLANG_WARN_NON_LITERAL_NULL_CONVERSION = YES;
				CLANG_WARN_OBJC_IMPLICIT_RETAIN_SELF = YES;
				CLANG_WARN_OBJC_LITERAL_CONVERSION = YES;
				CLANG_WARN_OBJC_ROOT_CLASS = YES_ERROR;
				CLANG_WARN_RANGE_LOOP_ANALYSIS = YES;
				CLANG_WARN_STRICT_PROTOTYPES = YES;
				CLANG_WARN_SUSPICIOUS_MOVE = YES;
				CLANG_WARN_UNREACHABLE_CODE = YES;
				CLANG_WARN__DUPLICATE_METHOD_MATCH = YES;
				"CODE_SIGN_IDENTITY[sdk=iphoneos*]" = "iPhone Developer";
				COPY_PHASE_STRIP = NO;
				DEBUG_INFORMATION_FORMAT = dwarf;
				ENABLE_STRICT_OBJC_MSGSEND = YES;
				ENABLE_TESTABILITY = YES;
				GCC_C_LANGUAGE_STANDARD = gnu99;
				GCC_DYNAMIC_NO_PIC = NO;
				GCC_NO_COMMON_BLOCKS = YES;
				GCC_OPTIMIZATION_LEVEL = 0;
				GCC_PREPROCESSOR_DEFINITIONS = (
					"DEBUG=1",
					"$(inherited)",
				);
				GCC_WARN_64_TO_32_BIT_CONVERSION = YES;
				GCC_WARN_ABOUT_RETURN_TYPE = YES_ERROR;
				GCC_WARN_UNDECLARED_SELECTOR = YES;
				GCC_WARN_UNINITIALIZED_AUTOS = YES_AGGRESSIVE;
				GCC_WARN_UNUSED_FUNCTION = YES;
				GCC_WARN_UNUSED_VARIABLE = YES;
				IPHONEOS_DEPLOYMENT_TARGET = 11.0;
				MTL_ENABLE_DEBUG_INFO = YES;
				ONLY_ACTIVE_ARCH = YES;
				SDKROOT = iphoneos;
				SWIFT_ACTIVE_COMPILATION_CONDITIONS = DEBUG;
				SWIFT_OPTIMIZATION_LEVEL = "-Onone";
				SWIFT_SWIFT3_OBJC_INFERENCE = Off;
			};
			name = Debug;
		};
		35BB97361E7F0860003DBA41 /* Release */ = {
			isa = XCBuildConfiguration;
			buildSettings = {
				ALWAYS_SEARCH_USER_PATHS = NO;
				CLANG_ANALYZER_NONNULL = YES;
				CLANG_CXX_LANGUAGE_STANDARD = "gnu++0x";
				CLANG_CXX_LIBRARY = "libc++";
				CLANG_ENABLE_MODULES = YES;
				CLANG_ENABLE_OBJC_ARC = YES;
				CLANG_WARN_BLOCK_CAPTURE_AUTORELEASING = YES;
				CLANG_WARN_BOOL_CONVERSION = YES;
				CLANG_WARN_COMMA = YES;
				CLANG_WARN_CONSTANT_CONVERSION = YES;
				CLANG_WARN_DEPRECATED_OBJC_IMPLEMENTATIONS = YES;
				CLANG_WARN_DIRECT_OBJC_ISA_USAGE = YES_ERROR;
				CLANG_WARN_DOCUMENTATION_COMMENTS = YES;
				CLANG_WARN_EMPTY_BODY = YES;
				CLANG_WARN_ENUM_CONVERSION = YES;
				CLANG_WARN_INFINITE_RECURSION = YES;
				CLANG_WARN_INT_CONVERSION = YES;
				CLANG_WARN_NON_LITERAL_NULL_CONVERSION = YES;
				CLANG_WARN_OBJC_IMPLICIT_RETAIN_SELF = YES;
				CLANG_WARN_OBJC_LITERAL_CONVERSION = YES;
				CLANG_WARN_OBJC_ROOT_CLASS = YES_ERROR;
				CLANG_WARN_RANGE_LOOP_ANALYSIS = YES;
				CLANG_WARN_STRICT_PROTOTYPES = YES;
				CLANG_WARN_SUSPICIOUS_MOVE = YES;
				CLANG_WARN_UNREACHABLE_CODE = YES;
				CLANG_WARN__DUPLICATE_METHOD_MATCH = YES;
				"CODE_SIGN_IDENTITY[sdk=iphoneos*]" = "iPhone Developer";
				COPY_PHASE_STRIP = NO;
				DEBUG_INFORMATION_FORMAT = "dwarf-with-dsym";
				ENABLE_NS_ASSERTIONS = NO;
				ENABLE_STRICT_OBJC_MSGSEND = YES;
				GCC_C_LANGUAGE_STANDARD = gnu99;
				GCC_NO_COMMON_BLOCKS = YES;
				GCC_WARN_64_TO_32_BIT_CONVERSION = YES;
				GCC_WARN_ABOUT_RETURN_TYPE = YES_ERROR;
				GCC_WARN_UNDECLARED_SELECTOR = YES;
				GCC_WARN_UNINITIALIZED_AUTOS = YES_AGGRESSIVE;
				GCC_WARN_UNUSED_FUNCTION = YES;
				GCC_WARN_UNUSED_VARIABLE = YES;
				IPHONEOS_DEPLOYMENT_TARGET = 11.0;
				MTL_ENABLE_DEBUG_INFO = NO;
				SDKROOT = iphoneos;
				SWIFT_OPTIMIZATION_LEVEL = "-Owholemodule";
				SWIFT_SWIFT3_OBJC_INFERENCE = Off;
				VALIDATE_PRODUCT = YES;
			};
			name = Release;
		};
		35BB97381E7F0860003DBA41 /* Debug */ = {
			isa = XCBuildConfiguration;
			buildSettings = {
				ASSETCATALOG_COMPILER_APPICON_NAME = AppIcon;
				CODE_SIGN_ENTITLEMENTS = "MoneySaverApp-iOS/MoneySaverApp-iOS.entitlements";
				DEFINES_MODULE = NO;
				DEVELOPMENT_TEAM = R77HUFLYN8;
				FRAMEWORK_SEARCH_PATHS = (
					"$(inherited)",
					"$(PROJECT_DIR)/Carthage/Build/iOS",
				);
				INFOPLIST_FILE = "MoneySaverApp-iOS/Info.plist";
				IPHONEOS_DEPLOYMENT_TARGET = 11.0;
				LD_RUNPATH_SEARCH_PATHS = "$(inherited) @executable_path/Frameworks";
				PRODUCT_BUNDLE_IDENTIFIER = com.michal.moskala.moneySaverApp;
				PRODUCT_NAME = "$(TARGET_NAME)";
				SWIFT_SWIFT3_OBJC_INFERENCE = Off;
				SWIFT_VERSION = 4.0;
			};
			name = Debug;
		};
		35BB97391E7F0860003DBA41 /* Release */ = {
			isa = XCBuildConfiguration;
			buildSettings = {
				ASSETCATALOG_COMPILER_APPICON_NAME = AppIcon;
				CODE_SIGN_ENTITLEMENTS = "MoneySaverApp-iOS/MoneySaverApp-iOS.entitlements";
				DEFINES_MODULE = NO;
				DEVELOPMENT_TEAM = R77HUFLYN8;
				FRAMEWORK_SEARCH_PATHS = (
					"$(inherited)",
					"$(PROJECT_DIR)/Carthage/Build/iOS",
				);
				INFOPLIST_FILE = "MoneySaverApp-iOS/Info.plist";
				IPHONEOS_DEPLOYMENT_TARGET = 11.0;
				LD_RUNPATH_SEARCH_PATHS = "$(inherited) @executable_path/Frameworks";
				PRODUCT_BUNDLE_IDENTIFIER = com.michal.moskala.moneySaverApp;
				PRODUCT_NAME = "$(TARGET_NAME)";
				SWIFT_SWIFT3_OBJC_INFERENCE = Off;
				SWIFT_VERSION = 4.0;
			};
			name = Release;
		};
		35BB973B1E7F0860003DBA41 /* Debug */ = {
			isa = XCBuildConfiguration;
			buildSettings = {
				ALWAYS_EMBED_SWIFT_STANDARD_LIBRARIES = YES;
				BUNDLE_LOADER = "$(TEST_HOST)";
				CLANG_ENABLE_MODULES = YES;
				DEVELOPMENT_TEAM = R77HUFLYN8;
				FRAMEWORK_SEARCH_PATHS = (
					"$(inherited)",
					"$(PROJECT_DIR)/Carthage/Build/iOS",
				);
				INFOPLIST_FILE = "MoneySaverApp-iOSTests/Info.plist";
				LD_RUNPATH_SEARCH_PATHS = "$(inherited) @executable_path/Frameworks @loader_path/Frameworks";
				PRODUCT_BUNDLE_IDENTIFIER = "com.michal.moskala.MoneySaverApp-iOSTests";
				PRODUCT_NAME = "$(TARGET_NAME)";
				SWIFT_OPTIMIZATION_LEVEL = "-Onone";
				SWIFT_SWIFT3_OBJC_INFERENCE = Off;
				SWIFT_VERSION = 4.0;
				TEST_HOST = "$(BUILT_PRODUCTS_DIR)/MoneySaverApp-iOS.app/MoneySaverApp-iOS";
			};
			name = Debug;
		};
		35BB973C1E7F0860003DBA41 /* Release */ = {
			isa = XCBuildConfiguration;
			buildSettings = {
				ALWAYS_EMBED_SWIFT_STANDARD_LIBRARIES = YES;
				BUNDLE_LOADER = "$(TEST_HOST)";
				CLANG_ENABLE_MODULES = YES;
				DEVELOPMENT_TEAM = R77HUFLYN8;
				FRAMEWORK_SEARCH_PATHS = (
					"$(inherited)",
					"$(PROJECT_DIR)/Carthage/Build/iOS",
				);
				INFOPLIST_FILE = "MoneySaverApp-iOSTests/Info.plist";
				LD_RUNPATH_SEARCH_PATHS = "$(inherited) @executable_path/Frameworks @loader_path/Frameworks";
				PRODUCT_BUNDLE_IDENTIFIER = "com.michal.moskala.MoneySaverApp-iOSTests";
				PRODUCT_NAME = "$(TARGET_NAME)";
				SWIFT_SWIFT3_OBJC_INFERENCE = Off;
				SWIFT_VERSION = 4.0;
				TEST_HOST = "$(BUILT_PRODUCTS_DIR)/MoneySaverApp-iOS.app/MoneySaverApp-iOS";
			};
			name = Release;
		};
/* End XCBuildConfiguration section */

/* Begin XCConfigurationList section */
		35BB97151E7F085F003DBA41 /* Build configuration list for PBXProject "MoneySaverApp-iOS" */ = {
			isa = XCConfigurationList;
			buildConfigurations = (
				35BB97351E7F0860003DBA41 /* Debug */,
				35BB97361E7F0860003DBA41 /* Release */,
			);
			defaultConfigurationIsVisible = 0;
			defaultConfigurationName = Release;
		};
		35BB97371E7F0860003DBA41 /* Build configuration list for PBXNativeTarget "MoneySaverApp-iOS" */ = {
			isa = XCConfigurationList;
			buildConfigurations = (
				35BB97381E7F0860003DBA41 /* Debug */,
				35BB97391E7F0860003DBA41 /* Release */,
			);
			defaultConfigurationIsVisible = 0;
			defaultConfigurationName = Release;
		};
		35BB973A1E7F0860003DBA41 /* Build configuration list for PBXNativeTarget "MoneySaverApp-iOSTests" */ = {
			isa = XCConfigurationList;
			buildConfigurations = (
				35BB973B1E7F0860003DBA41 /* Debug */,
				35BB973C1E7F0860003DBA41 /* Release */,
			);
			defaultConfigurationIsVisible = 0;
			defaultConfigurationName = Release;
		};
/* End XCConfigurationList section */

/* Begin XCVersionGroup section */
		35C9FEEF1E8C276A0092D5E3 /* DataModel.xcdatamodeld */ = {
			isa = XCVersionGroup;
			children = (
				35C9FEF01E8C276A0092D5E3 /* DataModel.xcdatamodel */,
			);
			currentVersion = 35C9FEF01E8C276A0092D5E3 /* DataModel.xcdatamodel */;
			path = DataModel.xcdatamodeld;
			sourceTree = "<group>";
			versionGroupType = wrapper.xcdatamodel;
		};
/* End XCVersionGroup section */
	};
	rootObject = 35BB97121E7F085F003DBA41 /* Project object */;
}
