// !$*UTF8*$!
{
	archiveVersion = 1;
	classes = {
	};
	objectVersion = 46;
	objects = {

/* Begin PBXBuildFile section */
		350D55B5206FD47F00BB2F3B /* UILabel+Extensions.swift in Sources */ = {isa = PBXBuildFile; fileRef = 350D55B4206FD47F00BB2F3B /* UILabel+Extensions.swift */; };
		350F0F611E9564F3002ED5D7 /* FlowController.swift in Sources */ = {isa = PBXBuildFile; fileRef = 350F0F601E9564F3002ED5D7 /* FlowController.swift */; };
		350F0F631E956578002ED5D7 /* RootFlowController.swift in Sources */ = {isa = PBXBuildFile; fileRef = 350F0F621E956578002ED5D7 /* RootFlowController.swift */; };
		350F0F651E95664B002ED5D7 /* UIStoryboard+Additions.swift in Sources */ = {isa = PBXBuildFile; fileRef = 350F0F641E95664B002ED5D7 /* UIStoryboard+Additions.swift */; };
		351005FB206438130090AD43 /* TransactionsSummaryViewController.swift in Sources */ = {isa = PBXBuildFile; fileRef = 351005FA206438130090AD43 /* TransactionsSummaryViewController.swift */; };
		35129ED1200B5A1400B7A566 /* TransactionsRepositoryTests.swift in Sources */ = {isa = PBXBuildFile; fileRef = 35129ED0200B5A1400B7A566 /* TransactionsRepositoryTests.swift */; };
		3514C4291F9B9A55003C3044 /* TransactionCategoryViewModel.swift in Sources */ = {isa = PBXBuildFile; fileRef = 3514C4281F9B9A55003C3044 /* TransactionCategoryViewModel.swift */; };
		35163F0C20722472000801FA /* TransactionsOverviewViewController.swift in Sources */ = {isa = PBXBuildFile; fileRef = 35163F0B20722472000801FA /* TransactionsOverviewViewController.swift */; };
		35214FF51F9E670C006503C5 /* FakeTransactionRepository.swift in Sources */ = {isa = PBXBuildFile; fileRef = 35214FF41F9E670C006503C5 /* FakeTransactionRepository.swift */; };
		352324A31F8A8A77007C4FF5 /* TransactionCategoryCollectionViewCell.swift in Sources */ = {isa = PBXBuildFile; fileRef = 352324A21F8A8A77007C4FF5 /* TransactionCategoryCollectionViewCell.swift */; };
		352B030A1E92BD0A001B99CB /* Dip.framework in Frameworks */ = {isa = PBXBuildFile; fileRef = 352B03091E92BD0A001B99CB /* Dip.framework */; };
		352B030E1E92BE13001B99CB /* DependencyContainerConfigurator.swift in Sources */ = {isa = PBXBuildFile; fileRef = 352B030D1E92BE13001B99CB /* DependencyContainerConfigurator.swift */; };
		352B03101E92BF20001B99CB /* ContainerAssembly.swift in Sources */ = {isa = PBXBuildFile; fileRef = 352B030F1E92BF20001B99CB /* ContainerAssembly.swift */; };
		352B03121E92BF63001B99CB /* NetworkingLayerAssembler.swift in Sources */ = {isa = PBXBuildFile; fileRef = 352B03111E92BF63001B99CB /* NetworkingLayerAssembler.swift */; };
		352B03141E92C087001B99CB /* DataLayerAssembler.swift in Sources */ = {isa = PBXBuildFile; fileRef = 352B03131E92C087001B99CB /* DataLayerAssembler.swift */; };
		352B03161E92C44B001B99CB /* ModelsAssembler.swift in Sources */ = {isa = PBXBuildFile; fileRef = 352B03151E92C44B001B99CB /* ModelsAssembler.swift */; };
		352B03181E92C4DA001B99CB /* ViewModelsAssembler.swift in Sources */ = {isa = PBXBuildFile; fileRef = 352B03171E92C4DA001B99CB /* ViewModelsAssembler.swift */; };
		353A944C20A0DB8700B94A72 /* AppGroup.swift in Sources */ = {isa = PBXBuildFile; fileRef = 353A944B20A0DB8700B94A72 /* AppGroup.swift */; };
		353B9C8D2027774F00990667 /* TransactionCellViewModelTests.swift in Sources */ = {isa = PBXBuildFile; fileRef = 353B9C8C2027774F00990667 /* TransactionCellViewModelTests.swift */; };
		353B9C8F2027775D00990667 /* FakeTransction.swift in Sources */ = {isa = PBXBuildFile; fileRef = 353B9C8E2027775D00990667 /* FakeTransction.swift */; };
		35411785200BE83F002B7AF6 /* RootFlowService.swift in Sources */ = {isa = PBXBuildFile; fileRef = 35411784200BE83F002B7AF6 /* RootFlowService.swift */; };
		354513132076A4EB00909A7F /* DateFormattersTests.swift in Sources */ = {isa = PBXBuildFile; fileRef = 354513122076A4EB00909A7F /* DateFormattersTests.swift */; };
		3545131B207A750400909A7F /* FakeUserPreferences.swift in Sources */ = {isa = PBXBuildFile; fileRef = 3545131A207A750400909A7F /* FakeUserPreferences.swift */; };
		354E4B9820A379FA009A8311 /* DashboardTabBar.swift in Sources */ = {isa = PBXBuildFile; fileRef = 354E4B9720A379FA009A8311 /* DashboardTabBar.swift */; };
		355509CB1F7ABF1B0007FEF1 /* BudgetViewController.swift in Sources */ = {isa = PBXBuildFile; fileRef = 355509CA1F7ABF1B0007FEF1 /* BudgetViewController.swift */; };
		355509CD1F7ABF7E0007FEF1 /* StatsViewController.swift in Sources */ = {isa = PBXBuildFile; fileRef = 355509CC1F7ABF7E0007FEF1 /* StatsViewController.swift */; };
		355509CF1F7AC1730007FEF1 /* UIViewController+Additions.swift in Sources */ = {isa = PBXBuildFile; fileRef = 355509CE1F7AC1730007FEF1 /* UIViewController+Additions.swift */; };
		355509D11F7AC4410007FEF1 /* UIViewControllerAdditionsTests.swift in Sources */ = {isa = PBXBuildFile; fileRef = 355509D01F7AC4410007FEF1 /* UIViewControllerAdditionsTests.swift */; };
		355509D31F7AC6070007FEF1 /* RootFlowControllerTests.swift in Sources */ = {isa = PBXBuildFile; fileRef = 355509D21F7AC6070007FEF1 /* RootFlowControllerTests.swift */; };
		355509D41F7AC8080007FEF1 /* Dip.framework in Frameworks */ = {isa = PBXBuildFile; fileRef = 352B03091E92BD0A001B99CB /* Dip.framework */; };
		356D0EAC1F8BF75800378362 /* TransactionCategoriesCollectionViewController.swift in Sources */ = {isa = PBXBuildFile; fileRef = 356D0EAB1F8BF75800378362 /* TransactionCategoriesCollectionViewController.swift */; };
		356D0EAE1F8BF83800378362 /* TransactionCategoriesCollectionViewModel.swift in Sources */ = {isa = PBXBuildFile; fileRef = 356D0EAD1F8BF83800378362 /* TransactionCategoriesCollectionViewModel.swift */; };
		356D0EB11F8C00E700378362 /* Errors.swift in Sources */ = {isa = PBXBuildFile; fileRef = 356D0EB01F8C00E700378362 /* Errors.swift */; };
		35708BBC1FC958110052ED9E /* SetupBudgetViewController.swift in Sources */ = {isa = PBXBuildFile; fileRef = 35708BBB1FC958110052ED9E /* SetupBudgetViewController.swift */; };
		35757FA52075441A00FDAEC0 /* DateRangePickerViewModel.swift in Sources */ = {isa = PBXBuildFile; fileRef = 35757FA42075441A00FDAEC0 /* DateRangePickerViewModel.swift */; };
		35757FA92075444400FDAEC0 /* DateRangePickerViewModelTests.swift in Sources */ = {isa = PBXBuildFile; fileRef = 35757FA82075444400FDAEC0 /* DateRangePickerViewModelTests.swift */; };
		3585EDFC1FDDA50400871941 /* NotificationHandlers.swift in Sources */ = {isa = PBXBuildFile; fileRef = 3585EDFB1FDDA50400871941 /* NotificationHandlers.swift */; };
		3587F20120ADF31300DC8C89 /* TransactionTypePickerView.swift in Sources */ = {isa = PBXBuildFile; fileRef = 3587F20020ADF31300DC8C89 /* TransactionTypePickerView.swift */; };
		3587F20920ADF33A00DC8C89 /* TransactionTypePickerView.xib in Resources */ = {isa = PBXBuildFile; fileRef = 3587F20820ADF33A00DC8C89 /* TransactionTypePickerView.xib */; };
		358894741E992DE500ACF06C /* TransactionDataViewModel.swift in Sources */ = {isa = PBXBuildFile; fileRef = 358894731E992DE500ACF06C /* TransactionDataViewModel.swift */; };
		358894791E994A1C00ACF06C /* MappersAssembler.swift in Sources */ = {isa = PBXBuildFile; fileRef = 358894781E994A1C00ACF06C /* MappersAssembler.swift */; };
		3599F70620BDE43B007CE44D /* TransactionDataNavigationController.swift in Sources */ = {isa = PBXBuildFile; fileRef = 3599F70520BDE43A007CE44D /* TransactionDataNavigationController.swift */; };
		3599F70F20BDE682007CE44D /* HorizontalShiftTransitioning.swift in Sources */ = {isa = PBXBuildFile; fileRef = 3599F70E20BDE682007CE44D /* HorizontalShiftTransitioning.swift */; };
		359A31391FB249C4000DA85F /* Character+Additions.swift in Sources */ = {isa = PBXBuildFile; fileRef = 359A31381FB249C4000DA85F /* Character+Additions.swift */; };
		359A313B1FB4F754000DA85F /* UIColor+Additions.swift in Sources */ = {isa = PBXBuildFile; fileRef = 359A313A1FB4F754000DA85F /* UIColor+Additions.swift */; };
		35A0239E2022394B00E42FFD /* NSManagedObjectContext+Additions.swift in Sources */ = {isa = PBXBuildFile; fileRef = 35A0239D2022394B00E42FFD /* NSManagedObjectContext+Additions.swift */; };
		35A023AC2024E59200E42FFD /* SettingsViewController.swift in Sources */ = {isa = PBXBuildFile; fileRef = 35A023AB2024E59200E42FFD /* SettingsViewController.swift */; };
		35A7BA05201E023C009E6111 /* Calendar+Additions.swift in Sources */ = {isa = PBXBuildFile; fileRef = 35A7BA04201E023C009E6111 /* Calendar+Additions.swift */; };
		35B296D81F7EBEEA004A3E32 /* CardStylePresentationManager.swift in Sources */ = {isa = PBXBuildFile; fileRef = 35B296D71F7EBEEA004A3E32 /* CardStylePresentationManager.swift */; };
		35B296DA1F7EBEF9004A3E32 /* CardStylePresentationController.swift in Sources */ = {isa = PBXBuildFile; fileRef = 35B296D91F7EBEF9004A3E32 /* CardStylePresentationController.swift */; };
		35B296DC1F7EC423004A3E32 /* UIView+Additions.swift in Sources */ = {isa = PBXBuildFile; fileRef = 35B296DB1F7EC423004A3E32 /* UIView+Additions.swift */; };
		35B35ACC1EC8BF7A007E3A53 /* UtilsAssembler.swift in Sources */ = {isa = PBXBuildFile; fileRef = 35B35ACB1EC8BF7A007E3A53 /* UtilsAssembler.swift */; };
		35B8A1DD200D161100EA8C7C /* RootFlowServiceTests.swift in Sources */ = {isa = PBXBuildFile; fileRef = 35B8A1DC200D161100EA8C7C /* RootFlowServiceTests.swift */; };
		35B8A1E1200D18AD00EA8C7C /* TransactionsListViewModelTests.swift in Sources */ = {isa = PBXBuildFile; fileRef = 35B8A1E0200D18AD00EA8C7C /* TransactionsListViewModelTests.swift */; };
		35B8A1E3200D193D00EA8C7C /* FakeTransactionsComputingService.swift in Sources */ = {isa = PBXBuildFile; fileRef = 35B8A1E2200D193D00EA8C7C /* FakeTransactionsComputingService.swift */; };
		35B8A1E5200D1A5B00EA8C7C /* FakeTimeChangedObserver.swift in Sources */ = {isa = PBXBuildFile; fileRef = 35B8A1E4200D1A5B00EA8C7C /* FakeTimeChangedObserver.swift */; };
		35B8A1E7200D201B00EA8C7C /* FakeCollectionUpdater.swift in Sources */ = {isa = PBXBuildFile; fileRef = 35B8A1E6200D201B00EA8C7C /* FakeCollectionUpdater.swift */; };
		35B8A1EB200D22A900EA8C7C /* FakeFetchedResultsController.swift in Sources */ = {isa = PBXBuildFile; fileRef = 35B8A1EA200D22A900EA8C7C /* FakeFetchedResultsController.swift */; };
		35B8C1821F8FF5180059A1CC /* TransactionCategoryService.swift in Sources */ = {isa = PBXBuildFile; fileRef = 35B8C1811F8FF5180059A1CC /* TransactionCategoryService.swift */; };
		35BB971E1E7F085F003DBA41 /* AppDelegate.swift in Sources */ = {isa = PBXBuildFile; fileRef = 35BB971D1E7F085F003DBA41 /* AppDelegate.swift */; };
		35BB97231E7F0860003DBA41 /* Main.storyboard in Resources */ = {isa = PBXBuildFile; fileRef = 35BB97211E7F0860003DBA41 /* Main.storyboard */; };
		35BB97251E7F0860003DBA41 /* Assets.xcassets in Resources */ = {isa = PBXBuildFile; fileRef = 35BB97241E7F0860003DBA41 /* Assets.xcassets */; };
		35BB97281E7F0860003DBA41 /* LaunchScreen.storyboard in Resources */ = {isa = PBXBuildFile; fileRef = 35BB97261E7F0860003DBA41 /* LaunchScreen.storyboard */; };
		35C09DE01E89766900095FE2 /* TransactionsListViewController.swift in Sources */ = {isa = PBXBuildFile; fileRef = 35C09DDF1E89766900095FE2 /* TransactionsListViewController.swift */; };
		35C09DEB1E897ABC00095FE2 /* UITableView+Additions.swift in Sources */ = {isa = PBXBuildFile; fileRef = 35C09DEA1E897ABC00095FE2 /* UITableView+Additions.swift */; };
		35C09DED1E89802900095FE2 /* TransactionDataViewController.swift in Sources */ = {isa = PBXBuildFile; fileRef = 35C09DEC1E89802900095FE2 /* TransactionDataViewController.swift */; };
		35C1BBEF1FFE6B7000C77B72 /* UIScrollView+Additions.swift in Sources */ = {isa = PBXBuildFile; fileRef = 35C1BBEE1FFE6B7000C77B72 /* UIScrollView+Additions.swift */; };
		35C853961FBCD1F400A7E479 /* WeakHoldersCollectionTests.swift in Sources */ = {isa = PBXBuildFile; fileRef = 35C853951FBCD1F400A7E479 /* WeakHoldersCollectionTests.swift */; };
		35C8539C1FBCDAA600A7E479 /* Decimal+Additions.swift in Sources */ = {isa = PBXBuildFile; fileRef = 35C8539B1FBCDAA600A7E479 /* Decimal+Additions.swift */; };
		35C9FEF31E8C279D0092D5E3 /* CoreData.framework in Frameworks */ = {isa = PBXBuildFile; fileRef = 35C9FEF21E8C279D0092D5E3 /* CoreData.framework */; };
		35CCD5061FAE3A3B00BD308E /* DateFormatters.swift in Sources */ = {isa = PBXBuildFile; fileRef = 35CCD5051FAE3A3B00BD308E /* DateFormatters.swift */; };
		35CFA2952028CD790028FBA1 /* FakeCalendarDate.swift in Sources */ = {isa = PBXBuildFile; fileRef = 35CFA2942028CD790028FBA1 /* FakeCalendarDate.swift */; };
		35D7400A1EB8AF240028DD92 /* DashboardTabBarController.swift in Sources */ = {isa = PBXBuildFile; fileRef = 35D740091EB8AF240028DD92 /* DashboardTabBarController.swift */; };
		35DD653A20B0995600909AA4 /* TransactionTypePickerViewTests.swift in Sources */ = {isa = PBXBuildFile; fileRef = 35DD653920B0995600909AA4 /* TransactionTypePickerViewTests.swift */; };
		35DD654220B09BAC00909AA4 /* BudgetViewModelTests.swift in Sources */ = {isa = PBXBuildFile; fileRef = 35DD654120B09BAC00909AA4 /* BudgetViewModelTests.swift */; };
		35DEBBE32011249000EA1556 /* Default-568h@2x.png in Resources */ = {isa = PBXBuildFile; fileRef = 35DEBBE02011249000EA1556 /* Default-568h@2x.png */; };
		35DF1B4A200A03DB00AD2926 /* FakeCalendar.swift in Sources */ = {isa = PBXBuildFile; fileRef = 35DF1B49200A03DA00AD2926 /* FakeCalendar.swift */; };
		35DF3AAE1F8D3BA800141F5B /* TransactionDataViewModelTests.swift in Sources */ = {isa = PBXBuildFile; fileRef = 35DF3AAD1F8D3BA800141F5B /* TransactionDataViewModelTests.swift */; };
		35E1567820132695004F6A8D /* StatsViewModelTests.swift in Sources */ = {isa = PBXBuildFile; fileRef = 35E1567720132695004F6A8D /* StatsViewModelTests.swift */; };
		35E4DD591EC3817300102E3B /* UICollectionView+Additions.swift in Sources */ = {isa = PBXBuildFile; fileRef = 35E4DD581EC3817300102E3B /* UICollectionView+Additions.swift */; };
		35EA1A271EB632A70083C57F /* TransactionCell.swift in Sources */ = {isa = PBXBuildFile; fileRef = 35EA1A261EB632A70083C57F /* TransactionCell.swift */; };
		35EA1A291EB632DB0083C57F /* TransactionCell.xib in Resources */ = {isa = PBXBuildFile; fileRef = 35EA1A281EB632DB0083C57F /* TransactionCell.xib */; };
		35EB3D081F7195BD00BCB79C /* CloudKit.framework in Frameworks */ = {isa = PBXBuildFile; fileRef = 35EB3D071F7195BD00BCB79C /* CloudKit.framework */; };
		35EE9D06200D3C4E006D5791 /* FakeUserDefaults.swift in Sources */ = {isa = PBXBuildFile; fileRef = 35EE9D05200D3C4E006D5791 /* FakeUserDefaults.swift */; };
		35FB7E1A1FFFE352001929DF /* TimeChangedObserverTests.swift in Sources */ = {isa = PBXBuildFile; fileRef = 35FB7E191FFFE352001929DF /* TimeChangedObserverTests.swift */; };
		35FF6E3621065A4F004FBC87 /* MoneySaverAppCore.framework in Frameworks */ = {isa = PBXBuildFile; fileRef = 35227EF32105069600B72F3D /* MoneySaverAppCore.framework */; };
/* End PBXBuildFile section */

/* Begin PBXContainerItemProxy section */
		35227EF22105069600B72F3D /* PBXContainerItemProxy */ = {
			isa = PBXContainerItemProxy;
			containerPortal = 35227EEA2105069600B72F3D /* MoneySaverAppCore.xcodeproj */;
			proxyType = 2;
			remoteGlobalIDString = 35666897208CE5CB0052E724;
			remoteInfo = "MoneySaverAppCore-iOS";
		};
		35227EF42105069600B72F3D /* PBXContainerItemProxy */ = {
			isa = PBXContainerItemProxy;
			containerPortal = 35227EEA2105069600B72F3D /* MoneySaverAppCore.xcodeproj */;
			proxyType = 2;
			remoteGlobalIDString = 356668A0208CE5CB0052E724;
			remoteInfo = "MoneySaverAppCore-iOSTests";
		};
		35227EF62105069600B72F3D /* PBXContainerItemProxy */ = {
			isa = PBXContainerItemProxy;
			containerPortal = 35227EEA2105069600B72F3D /* MoneySaverAppCore.xcodeproj */;
			proxyType = 2;
			remoteGlobalIDString = 356668B4208CE62C0052E724;
			remoteInfo = "MoneySaverAppCore-macOS";
		};
		35227EF82105069600B72F3D /* PBXContainerItemProxy */ = {
			isa = PBXContainerItemProxy;
			containerPortal = 35227EEA2105069600B72F3D /* MoneySaverAppCore.xcodeproj */;
			proxyType = 2;
			remoteGlobalIDString = 356668BC208CE62C0052E724;
			remoteInfo = "MoneySaverAppCore-macOSTests";
		};
		35BB972F1E7F0860003DBA41 /* PBXContainerItemProxy */ = {
			isa = PBXContainerItemProxy;
			containerPortal = 35BB97121E7F085F003DBA41 /* Project object */;
			proxyType = 1;
			remoteGlobalIDString = 35BB97191E7F085F003DBA41;
			remoteInfo = "MoneySaverApp-iOS";
		};
/* End PBXContainerItemProxy section */

/* Begin PBXCopyFilesBuildPhase section */
		35B540531FDD6CFF00B27F9F /* CopyFiles */ = {
			isa = PBXCopyFilesBuildPhase;
			buildActionMask = 2147483647;
			dstPath = "";
			dstSubfolderSpec = 10;
			files = (
			);
			runOnlyForDeploymentPostprocessing = 0;
		};
/* End PBXCopyFilesBuildPhase section */

/* Begin PBXFileReference section */
		350D55B4206FD47F00BB2F3B /* UILabel+Extensions.swift */ = {isa = PBXFileReference; lastKnownFileType = sourcecode.swift; path = "UILabel+Extensions.swift"; sourceTree = "<group>"; };
		350F0F601E9564F3002ED5D7 /* FlowController.swift */ = {isa = PBXFileReference; fileEncoding = 4; lastKnownFileType = sourcecode.swift; path = FlowController.swift; sourceTree = "<group>"; };
		350F0F621E956578002ED5D7 /* RootFlowController.swift */ = {isa = PBXFileReference; fileEncoding = 4; lastKnownFileType = sourcecode.swift; path = RootFlowController.swift; sourceTree = "<group>"; };
		350F0F641E95664B002ED5D7 /* UIStoryboard+Additions.swift */ = {isa = PBXFileReference; fileEncoding = 4; lastKnownFileType = sourcecode.swift; path = "UIStoryboard+Additions.swift"; sourceTree = "<group>"; };
		351005FA206438130090AD43 /* TransactionsSummaryViewController.swift */ = {isa = PBXFileReference; lastKnownFileType = sourcecode.swift; path = TransactionsSummaryViewController.swift; sourceTree = "<group>"; };
		35129ED0200B5A1400B7A566 /* TransactionsRepositoryTests.swift */ = {isa = PBXFileReference; lastKnownFileType = sourcecode.swift; path = TransactionsRepositoryTests.swift; sourceTree = "<group>"; };
		3514C4281F9B9A55003C3044 /* TransactionCategoryViewModel.swift */ = {isa = PBXFileReference; lastKnownFileType = sourcecode.swift; path = TransactionCategoryViewModel.swift; sourceTree = "<group>"; };
		35163F0B20722472000801FA /* TransactionsOverviewViewController.swift */ = {isa = PBXFileReference; lastKnownFileType = sourcecode.swift; path = TransactionsOverviewViewController.swift; sourceTree = "<group>"; };
		351897E11EB71F7B002B6A86 /* MoneySaverApp-iOS.entitlements */ = {isa = PBXFileReference; lastKnownFileType = text.plist.entitlements; path = "MoneySaverApp-iOS.entitlements"; sourceTree = "<group>"; };
		35214FF41F9E670C006503C5 /* FakeTransactionRepository.swift */ = {isa = PBXFileReference; lastKnownFileType = sourcecode.swift; path = FakeTransactionRepository.swift; sourceTree = "<group>"; };
		35227EEA2105069600B72F3D /* MoneySaverAppCore.xcodeproj */ = {isa = PBXFileReference; lastKnownFileType = "wrapper.pb-project"; name = MoneySaverAppCore.xcodeproj; path = InternalFrameworks/MoneySaverAppCore/MoneySaverAppCore.xcodeproj; sourceTree = "<group>"; };
		352324A21F8A8A77007C4FF5 /* TransactionCategoryCollectionViewCell.swift */ = {isa = PBXFileReference; lastKnownFileType = sourcecode.swift; path = TransactionCategoryCollectionViewCell.swift; sourceTree = "<group>"; };
		352B03091E92BD0A001B99CB /* Dip.framework */ = {isa = PBXFileReference; lastKnownFileType = wrapper.framework; name = Dip.framework; path = Carthage/Build/iOS/Dip.framework; sourceTree = "<group>"; };
		352B030D1E92BE13001B99CB /* DependencyContainerConfigurator.swift */ = {isa = PBXFileReference; fileEncoding = 4; lastKnownFileType = sourcecode.swift; path = DependencyContainerConfigurator.swift; sourceTree = "<group>"; };
		352B030F1E92BF20001B99CB /* ContainerAssembly.swift */ = {isa = PBXFileReference; fileEncoding = 4; lastKnownFileType = sourcecode.swift; path = ContainerAssembly.swift; sourceTree = "<group>"; };
		352B03111E92BF63001B99CB /* NetworkingLayerAssembler.swift */ = {isa = PBXFileReference; fileEncoding = 4; lastKnownFileType = sourcecode.swift; path = NetworkingLayerAssembler.swift; sourceTree = "<group>"; };
		352B03131E92C087001B99CB /* DataLayerAssembler.swift */ = {isa = PBXFileReference; fileEncoding = 4; lastKnownFileType = sourcecode.swift; path = DataLayerAssembler.swift; sourceTree = "<group>"; };
		352B03151E92C44B001B99CB /* ModelsAssembler.swift */ = {isa = PBXFileReference; fileEncoding = 4; lastKnownFileType = sourcecode.swift; path = ModelsAssembler.swift; sourceTree = "<group>"; };
		352B03171E92C4DA001B99CB /* ViewModelsAssembler.swift */ = {isa = PBXFileReference; fileEncoding = 4; lastKnownFileType = sourcecode.swift; path = ViewModelsAssembler.swift; sourceTree = "<group>"; };
		353A944B20A0DB8700B94A72 /* AppGroup.swift */ = {isa = PBXFileReference; lastKnownFileType = sourcecode.swift; path = AppGroup.swift; sourceTree = "<group>"; };
		353B9C8C2027774F00990667 /* TransactionCellViewModelTests.swift */ = {isa = PBXFileReference; lastKnownFileType = sourcecode.swift; path = TransactionCellViewModelTests.swift; sourceTree = "<group>"; };
		353B9C8E2027775D00990667 /* FakeTransction.swift */ = {isa = PBXFileReference; lastKnownFileType = sourcecode.swift; path = FakeTransction.swift; sourceTree = "<group>"; };
		35411784200BE83F002B7AF6 /* RootFlowService.swift */ = {isa = PBXFileReference; lastKnownFileType = sourcecode.swift; path = RootFlowService.swift; sourceTree = "<group>"; };
		354513122076A4EB00909A7F /* DateFormattersTests.swift */ = {isa = PBXFileReference; lastKnownFileType = sourcecode.swift; path = DateFormattersTests.swift; sourceTree = "<group>"; };
		3545131A207A750400909A7F /* FakeUserPreferences.swift */ = {isa = PBXFileReference; lastKnownFileType = sourcecode.swift; path = FakeUserPreferences.swift; sourceTree = "<group>"; };
		354E4B9720A379FA009A8311 /* DashboardTabBar.swift */ = {isa = PBXFileReference; lastKnownFileType = sourcecode.swift; path = DashboardTabBar.swift; sourceTree = "<group>"; };
		355509CA1F7ABF1B0007FEF1 /* BudgetViewController.swift */ = {isa = PBXFileReference; lastKnownFileType = sourcecode.swift; path = BudgetViewController.swift; sourceTree = "<group>"; };
		355509CC1F7ABF7E0007FEF1 /* StatsViewController.swift */ = {isa = PBXFileReference; lastKnownFileType = sourcecode.swift; path = StatsViewController.swift; sourceTree = "<group>"; };
		355509CE1F7AC1730007FEF1 /* UIViewController+Additions.swift */ = {isa = PBXFileReference; lastKnownFileType = sourcecode.swift; path = "UIViewController+Additions.swift"; sourceTree = "<group>"; };
		355509D01F7AC4410007FEF1 /* UIViewControllerAdditionsTests.swift */ = {isa = PBXFileReference; lastKnownFileType = sourcecode.swift; path = UIViewControllerAdditionsTests.swift; sourceTree = "<group>"; };
		355509D21F7AC6070007FEF1 /* RootFlowControllerTests.swift */ = {isa = PBXFileReference; lastKnownFileType = sourcecode.swift; path = RootFlowControllerTests.swift; sourceTree = "<group>"; };
		356D0EAB1F8BF75800378362 /* TransactionCategoriesCollectionViewController.swift */ = {isa = PBXFileReference; lastKnownFileType = sourcecode.swift; path = TransactionCategoriesCollectionViewController.swift; sourceTree = "<group>"; };
		356D0EAD1F8BF83800378362 /* TransactionCategoriesCollectionViewModel.swift */ = {isa = PBXFileReference; lastKnownFileType = sourcecode.swift; path = TransactionCategoriesCollectionViewModel.swift; sourceTree = "<group>"; };
		356D0EB01F8C00E700378362 /* Errors.swift */ = {isa = PBXFileReference; lastKnownFileType = sourcecode.swift; path = Errors.swift; sourceTree = "<group>"; };
		35708BBB1FC958110052ED9E /* SetupBudgetViewController.swift */ = {isa = PBXFileReference; lastKnownFileType = sourcecode.swift; path = SetupBudgetViewController.swift; sourceTree = "<group>"; };
		35757FA42075441A00FDAEC0 /* DateRangePickerViewModel.swift */ = {isa = PBXFileReference; lastKnownFileType = sourcecode.swift; path = DateRangePickerViewModel.swift; sourceTree = "<group>"; };
		35757FA82075444400FDAEC0 /* DateRangePickerViewModelTests.swift */ = {isa = PBXFileReference; lastKnownFileType = sourcecode.swift; path = DateRangePickerViewModelTests.swift; sourceTree = "<group>"; };
		3585EDFB1FDDA50400871941 /* NotificationHandlers.swift */ = {isa = PBXFileReference; lastKnownFileType = sourcecode.swift; path = NotificationHandlers.swift; sourceTree = "<group>"; };
		3587F20020ADF31300DC8C89 /* TransactionTypePickerView.swift */ = {isa = PBXFileReference; lastKnownFileType = sourcecode.swift; path = TransactionTypePickerView.swift; sourceTree = "<group>"; };
		3587F20820ADF33A00DC8C89 /* TransactionTypePickerView.xib */ = {isa = PBXFileReference; lastKnownFileType = file.xib; path = TransactionTypePickerView.xib; sourceTree = "<group>"; };
		358894731E992DE500ACF06C /* TransactionDataViewModel.swift */ = {isa = PBXFileReference; fileEncoding = 4; lastKnownFileType = sourcecode.swift; path = TransactionDataViewModel.swift; sourceTree = "<group>"; };
		358894781E994A1C00ACF06C /* MappersAssembler.swift */ = {isa = PBXFileReference; fileEncoding = 4; lastKnownFileType = sourcecode.swift; path = MappersAssembler.swift; sourceTree = "<group>"; };
		3599F70520BDE43A007CE44D /* TransactionDataNavigationController.swift */ = {isa = PBXFileReference; lastKnownFileType = sourcecode.swift; path = TransactionDataNavigationController.swift; sourceTree = "<group>"; };
		3599F70E20BDE682007CE44D /* HorizontalShiftTransitioning.swift */ = {isa = PBXFileReference; lastKnownFileType = sourcecode.swift; path = HorizontalShiftTransitioning.swift; sourceTree = "<group>"; };
		359A31381FB249C4000DA85F /* Character+Additions.swift */ = {isa = PBXFileReference; lastKnownFileType = sourcecode.swift; path = "Character+Additions.swift"; sourceTree = "<group>"; };
		359A313A1FB4F754000DA85F /* UIColor+Additions.swift */ = {isa = PBXFileReference; lastKnownFileType = sourcecode.swift; path = "UIColor+Additions.swift"; sourceTree = "<group>"; };
		359F703B20A83F0A00C9A694 /* Chameleon.framework */ = {isa = PBXFileReference; lastKnownFileType = wrapper.framework; name = Chameleon.framework; path = Carthage/Build/iOS/Chameleon.framework; sourceTree = "<group>"; };
		35A0239D2022394B00E42FFD /* NSManagedObjectContext+Additions.swift */ = {isa = PBXFileReference; lastKnownFileType = sourcecode.swift; path = "NSManagedObjectContext+Additions.swift"; sourceTree = "<group>"; };
		35A023AB2024E59200E42FFD /* SettingsViewController.swift */ = {isa = PBXFileReference; lastKnownFileType = sourcecode.swift; path = SettingsViewController.swift; sourceTree = "<group>"; };
		35A7BA04201E023C009E6111 /* Calendar+Additions.swift */ = {isa = PBXFileReference; lastKnownFileType = sourcecode.swift; path = "Calendar+Additions.swift"; sourceTree = "<group>"; };
		35B296D71F7EBEEA004A3E32 /* CardStylePresentationManager.swift */ = {isa = PBXFileReference; lastKnownFileType = sourcecode.swift; path = CardStylePresentationManager.swift; sourceTree = "<group>"; };
		35B296D91F7EBEF9004A3E32 /* CardStylePresentationController.swift */ = {isa = PBXFileReference; lastKnownFileType = sourcecode.swift; path = CardStylePresentationController.swift; sourceTree = "<group>"; };
		35B296DB1F7EC423004A3E32 /* UIView+Additions.swift */ = {isa = PBXFileReference; lastKnownFileType = sourcecode.swift; path = "UIView+Additions.swift"; sourceTree = "<group>"; };
		35B35ACB1EC8BF7A007E3A53 /* UtilsAssembler.swift */ = {isa = PBXFileReference; fileEncoding = 4; lastKnownFileType = sourcecode.swift; path = UtilsAssembler.swift; sourceTree = "<group>"; };
		35B5CAC71E883D5500D1990E /* RxSwift.framework */ = {isa = PBXFileReference; lastKnownFileType = wrapper.framework; name = RxSwift.framework; path = Carthage/Build/iOS/RxSwift.framework; sourceTree = "<group>"; };
		35B5CAC91E883D6200D1990E /* MoneySaverFoundationiOS.framework */ = {isa = PBXFileReference; lastKnownFileType = wrapper.framework; name = MoneySaverFoundationiOS.framework; path = Carthage/Build/iOS/MoneySaverFoundationiOS.framework; sourceTree = "<group>"; };
		35B8A1DC200D161100EA8C7C /* RootFlowServiceTests.swift */ = {isa = PBXFileReference; lastKnownFileType = sourcecode.swift; path = RootFlowServiceTests.swift; sourceTree = "<group>"; };
		35B8A1E0200D18AD00EA8C7C /* TransactionsListViewModelTests.swift */ = {isa = PBXFileReference; lastKnownFileType = sourcecode.swift; path = TransactionsListViewModelTests.swift; sourceTree = "<group>"; };
		35B8A1E2200D193D00EA8C7C /* FakeTransactionsComputingService.swift */ = {isa = PBXFileReference; lastKnownFileType = sourcecode.swift; path = FakeTransactionsComputingService.swift; sourceTree = "<group>"; };
		35B8A1E4200D1A5B00EA8C7C /* FakeTimeChangedObserver.swift */ = {isa = PBXFileReference; lastKnownFileType = sourcecode.swift; path = FakeTimeChangedObserver.swift; sourceTree = "<group>"; };
		35B8A1E6200D201B00EA8C7C /* FakeCollectionUpdater.swift */ = {isa = PBXFileReference; lastKnownFileType = sourcecode.swift; path = FakeCollectionUpdater.swift; sourceTree = "<group>"; };
		35B8A1EA200D22A900EA8C7C /* FakeFetchedResultsController.swift */ = {isa = PBXFileReference; lastKnownFileType = sourcecode.swift; path = FakeFetchedResultsController.swift; sourceTree = "<group>"; };
		35B8C1811F8FF5180059A1CC /* TransactionCategoryService.swift */ = {isa = PBXFileReference; lastKnownFileType = sourcecode.swift; path = TransactionCategoryService.swift; sourceTree = "<group>"; };
		35BB971A1E7F085F003DBA41 /* MoneySaverApp-iOS.app */ = {isa = PBXFileReference; explicitFileType = wrapper.application; includeInIndex = 0; path = "MoneySaverApp-iOS.app"; sourceTree = BUILT_PRODUCTS_DIR; };
		35BB971D1E7F085F003DBA41 /* AppDelegate.swift */ = {isa = PBXFileReference; lastKnownFileType = sourcecode.swift; path = AppDelegate.swift; sourceTree = "<group>"; };
		35BB97221E7F0860003DBA41 /* Base */ = {isa = PBXFileReference; lastKnownFileType = file.storyboard; name = Base; path = Base.lproj/Main.storyboard; sourceTree = "<group>"; };
		35BB97241E7F0860003DBA41 /* Assets.xcassets */ = {isa = PBXFileReference; lastKnownFileType = folder.assetcatalog; path = Assets.xcassets; sourceTree = "<group>"; };
		35BB97271E7F0860003DBA41 /* Base */ = {isa = PBXFileReference; lastKnownFileType = file.storyboard; name = Base; path = Base.lproj/LaunchScreen.storyboard; sourceTree = "<group>"; };
		35BB97291E7F0860003DBA41 /* Info.plist */ = {isa = PBXFileReference; lastKnownFileType = text.plist.xml; path = Info.plist; sourceTree = "<group>"; };
		35BB972E1E7F0860003DBA41 /* MoneySaverApp-iOSTests.xctest */ = {isa = PBXFileReference; explicitFileType = wrapper.cfbundle; includeInIndex = 0; path = "MoneySaverApp-iOSTests.xctest"; sourceTree = BUILT_PRODUCTS_DIR; };
		35BB97341E7F0860003DBA41 /* Info.plist */ = {isa = PBXFileReference; lastKnownFileType = text.plist.xml; path = Info.plist; sourceTree = "<group>"; };
		35BB973E1E7F0D76003DBA41 /* RESTClient.framework */ = {isa = PBXFileReference; lastKnownFileType = wrapper.framework; name = RESTClient.framework; path = Carthage/Build/iOS/RESTClient.framework; sourceTree = "<group>"; };
		35C09DDF1E89766900095FE2 /* TransactionsListViewController.swift */ = {isa = PBXFileReference; fileEncoding = 4; lastKnownFileType = sourcecode.swift; path = TransactionsListViewController.swift; sourceTree = "<group>"; };
		35C09DEA1E897ABC00095FE2 /* UITableView+Additions.swift */ = {isa = PBXFileReference; fileEncoding = 4; lastKnownFileType = sourcecode.swift; path = "UITableView+Additions.swift"; sourceTree = "<group>"; };
		35C09DEC1E89802900095FE2 /* TransactionDataViewController.swift */ = {isa = PBXFileReference; fileEncoding = 4; lastKnownFileType = sourcecode.swift; path = TransactionDataViewController.swift; sourceTree = "<group>"; };
		35C1BBEE1FFE6B7000C77B72 /* UIScrollView+Additions.swift */ = {isa = PBXFileReference; lastKnownFileType = sourcecode.swift; path = "UIScrollView+Additions.swift"; sourceTree = "<group>"; };
		35C853951FBCD1F400A7E479 /* WeakHoldersCollectionTests.swift */ = {isa = PBXFileReference; lastKnownFileType = sourcecode.swift; path = WeakHoldersCollectionTests.swift; sourceTree = "<group>"; };
		35C8539B1FBCDAA600A7E479 /* Decimal+Additions.swift */ = {isa = PBXFileReference; lastKnownFileType = sourcecode.swift; path = "Decimal+Additions.swift"; sourceTree = "<group>"; };
		35C9FEF21E8C279D0092D5E3 /* CoreData.framework */ = {isa = PBXFileReference; lastKnownFileType = wrapper.framework; name = CoreData.framework; path = System/Library/Frameworks/CoreData.framework; sourceTree = SDKROOT; };
		35CCD5051FAE3A3B00BD308E /* DateFormatters.swift */ = {isa = PBXFileReference; lastKnownFileType = sourcecode.swift; path = DateFormatters.swift; sourceTree = "<group>"; };
		35CFA2942028CD790028FBA1 /* FakeCalendarDate.swift */ = {isa = PBXFileReference; lastKnownFileType = sourcecode.swift; path = FakeCalendarDate.swift; sourceTree = "<group>"; };
		35D740091EB8AF240028DD92 /* DashboardTabBarController.swift */ = {isa = PBXFileReference; fileEncoding = 4; lastKnownFileType = sourcecode.swift; path = DashboardTabBarController.swift; sourceTree = "<group>"; };
		35DD653920B0995600909AA4 /* TransactionTypePickerViewTests.swift */ = {isa = PBXFileReference; lastKnownFileType = sourcecode.swift; path = TransactionTypePickerViewTests.swift; sourceTree = "<group>"; };
		35DD654120B09BAC00909AA4 /* BudgetViewModelTests.swift */ = {isa = PBXFileReference; lastKnownFileType = sourcecode.swift; path = BudgetViewModelTests.swift; sourceTree = "<group>"; };
		35DEBBE02011249000EA1556 /* Default-568h@2x.png */ = {isa = PBXFileReference; lastKnownFileType = image.png; path = "Default-568h@2x.png"; sourceTree = "<group>"; };
		35DF1B49200A03DA00AD2926 /* FakeCalendar.swift */ = {isa = PBXFileReference; lastKnownFileType = sourcecode.swift; path = FakeCalendar.swift; sourceTree = "<group>"; };
		35DF3AAD1F8D3BA800141F5B /* TransactionDataViewModelTests.swift */ = {isa = PBXFileReference; lastKnownFileType = sourcecode.swift; path = TransactionDataViewModelTests.swift; sourceTree = "<group>"; };
		35E1567720132695004F6A8D /* StatsViewModelTests.swift */ = {isa = PBXFileReference; lastKnownFileType = sourcecode.swift; path = StatsViewModelTests.swift; sourceTree = "<group>"; };
		35E4DD581EC3817300102E3B /* UICollectionView+Additions.swift */ = {isa = PBXFileReference; fileEncoding = 4; lastKnownFileType = sourcecode.swift; path = "UICollectionView+Additions.swift"; sourceTree = "<group>"; };
		35E6F1DE1EC389F1007667BB /* RxCocoa.framework */ = {isa = PBXFileReference; lastKnownFileType = wrapper.framework; name = RxCocoa.framework; path = Carthage/Build/iOS/RxCocoa.framework; sourceTree = "<group>"; };
		35EA1A261EB632A70083C57F /* TransactionCell.swift */ = {isa = PBXFileReference; fileEncoding = 4; lastKnownFileType = sourcecode.swift; path = TransactionCell.swift; sourceTree = "<group>"; };
		35EA1A281EB632DB0083C57F /* TransactionCell.xib */ = {isa = PBXFileReference; fileEncoding = 4; lastKnownFileType = file.xib; path = TransactionCell.xib; sourceTree = "<group>"; };
		35EB3D071F7195BD00BCB79C /* CloudKit.framework */ = {isa = PBXFileReference; lastKnownFileType = wrapper.framework; name = CloudKit.framework; path = System/Library/Frameworks/CloudKit.framework; sourceTree = SDKROOT; };
		35EE9D05200D3C4E006D5791 /* FakeUserDefaults.swift */ = {isa = PBXFileReference; lastKnownFileType = sourcecode.swift; path = FakeUserDefaults.swift; sourceTree = "<group>"; };
		35F011D51E8D7B03006A2BC2 /* Cleanse.framework */ = {isa = PBXFileReference; lastKnownFileType = wrapper.framework; name = Cleanse.framework; path = Carthage/Build/iOS/Cleanse.framework; sourceTree = "<group>"; };
		35FB7E191FFFE352001929DF /* TimeChangedObserverTests.swift */ = {isa = PBXFileReference; lastKnownFileType = sourcecode.swift; path = TimeChangedObserverTests.swift; sourceTree = "<group>"; };
		35FF6E3721065A63004FBC87 /* MMFoundation.framework */ = {isa = PBXFileReference; explicitFileType = wrapper.framework; path = MMFoundation.framework; sourceTree = BUILT_PRODUCTS_DIR; };
/* End PBXFileReference section */

/* Begin PBXFrameworksBuildPhase section */
		35BB97171E7F085F003DBA41 /* Frameworks */ = {
			isa = PBXFrameworksBuildPhase;
			buildActionMask = 2147483647;
			files = (
				35FF6E3621065A4F004FBC87 /* MoneySaverAppCore.framework in Frameworks */,
				35C9FEF31E8C279D0092D5E3 /* CoreData.framework in Frameworks */,
				352B030A1E92BD0A001B99CB /* Dip.framework in Frameworks */,
				35EB3D081F7195BD00BCB79C /* CloudKit.framework in Frameworks */,
			);
			runOnlyForDeploymentPostprocessing = 0;
		};
		35BB972B1E7F0860003DBA41 /* Frameworks */ = {
			isa = PBXFrameworksBuildPhase;
			buildActionMask = 2147483647;
			files = (
				355509D41F7AC8080007FEF1 /* Dip.framework in Frameworks */,
			);
			runOnlyForDeploymentPostprocessing = 0;
		};
/* End PBXFrameworksBuildPhase section */

/* Begin PBXGroup section */
		350F0F5F1E9564C8002ED5D7 /* FlowControllers */ = {
			isa = PBXGroup;
			children = (
				350F0F601E9564F3002ED5D7 /* FlowController.swift */,
				350F0F621E956578002ED5D7 /* RootFlowController.swift */,
				35411784200BE83F002B7AF6 /* RootFlowService.swift */,
			);
			path = FlowControllers;
			sourceTree = "<group>";
		};
		351005F9206438000090AD43 /* TransactionsSummary */ = {
			isa = PBXGroup;
			children = (
				351005FA206438130090AD43 /* TransactionsSummaryViewController.swift */,
				35757FA42075441A00FDAEC0 /* DateRangePickerViewModel.swift */,
			);
			path = TransactionsSummary;
			sourceTree = "<group>";
		};
		35163F0820722452000801FA /* TransactionsOverview */ = {
			isa = PBXGroup;
			children = (
				35163F0B20722472000801FA /* TransactionsOverviewViewController.swift */,
			);
			path = TransactionsOverview;
			sourceTree = "<group>";
		};
		35214FF31F9E66FE006503C5 /* Fakes */ = {
			isa = PBXGroup;
			children = (
				35214FF41F9E670C006503C5 /* FakeTransactionRepository.swift */,
				35DF1B49200A03DA00AD2926 /* FakeCalendar.swift */,
				35B8A1E2200D193D00EA8C7C /* FakeTransactionsComputingService.swift */,
				35B8A1E4200D1A5B00EA8C7C /* FakeTimeChangedObserver.swift */,
				35B8A1E6200D201B00EA8C7C /* FakeCollectionUpdater.swift */,
				35B8A1EA200D22A900EA8C7C /* FakeFetchedResultsController.swift */,
				35EE9D05200D3C4E006D5791 /* FakeUserDefaults.swift */,
				353B9C8E2027775D00990667 /* FakeTransction.swift */,
				35CFA2942028CD790028FBA1 /* FakeCalendarDate.swift */,
				3545131A207A750400909A7F /* FakeUserPreferences.swift */,
			);
			path = Fakes;
			sourceTree = "<group>";
		};
		35227EEB2105069600B72F3D /* Products */ = {
			isa = PBXGroup;
			children = (
				35227EF32105069600B72F3D /* MoneySaverAppCore.framework */,
				35227EF52105069600B72F3D /* MoneySaverAppCore-iOSTests.xctest */,
				35227EF72105069600B72F3D /* MoneySaverAppCore.framework */,
				35227EF92105069600B72F3D /* MoneySaverAppCore-macOSTests.xctest */,
			);
			name = Products;
			sourceTree = "<group>";
		};
		352B030C1E92BDB9001B99CB /* DependencyContainers */ = {
			isa = PBXGroup;
			children = (
				352B030D1E92BE13001B99CB /* DependencyContainerConfigurator.swift */,
				352B030F1E92BF20001B99CB /* ContainerAssembly.swift */,
				352B03111E92BF63001B99CB /* NetworkingLayerAssembler.swift */,
				352B03131E92C087001B99CB /* DataLayerAssembler.swift */,
				352B03151E92C44B001B99CB /* ModelsAssembler.swift */,
				352B03171E92C4DA001B99CB /* ViewModelsAssembler.swift */,
				358894781E994A1C00ACF06C /* MappersAssembler.swift */,
				35B35ACB1EC8BF7A007E3A53 /* UtilsAssembler.swift */,
			);
			path = DependencyContainers;
			sourceTree = "<group>";
		};
		353DF8551F84011700EF6F70 /* TransactionCategory */ = {
			isa = PBXGroup;
			children = (
				352324A21F8A8A77007C4FF5 /* TransactionCategoryCollectionViewCell.swift */,
				356D0EAB1F8BF75800378362 /* TransactionCategoriesCollectionViewController.swift */,
				356D0EAD1F8BF83800378362 /* TransactionCategoriesCollectionViewModel.swift */,
				35B8C1811F8FF5180059A1CC /* TransactionCategoryService.swift */,
				3514C4281F9B9A55003C3044 /* TransactionCategoryViewModel.swift */,
			);
			path = TransactionCategory;
			sourceTree = "<group>";
		};
		356D0EAF1F8C00BB00378362 /* Errors */ = {
			isa = PBXGroup;
			children = (
				356D0EB01F8C00E700378362 /* Errors.swift */,
			);
			path = Errors;
			sourceTree = "<group>";
		};
		3599F70D20BDE63D007CE44D /* Animation */ = {
			isa = PBXGroup;
			children = (
				3599F70E20BDE682007CE44D /* HorizontalShiftTransitioning.swift */,
			);
			path = Animation;
			sourceTree = "<group>";
		};
		35A023A72024C9B600E42FFD /* Views */ = {
			isa = PBXGroup;
			children = (
				350D55B4206FD47F00BB2F3B /* UILabel+Extensions.swift */,
			);
			path = Views;
			sourceTree = "<group>";
		};
		35A023AA2024E58300E42FFD /* Settings */ = {
			isa = PBXGroup;
			children = (
				35A023AB2024E59200E42FFD /* SettingsViewController.swift */,
			);
			path = Settings;
			sourceTree = "<group>";
		};
		35B296D61F7EBEC5004A3E32 /* PresentationControllers */ = {
			isa = PBXGroup;
			children = (
				35B296D71F7EBEEA004A3E32 /* CardStylePresentationManager.swift */,
				35B296D91F7EBEF9004A3E32 /* CardStylePresentationController.swift */,
			);
			path = PresentationControllers;
			sourceTree = "<group>";
		};
		35BB97111E7F085F003DBA41 = {
			isa = PBXGroup;
			children = (
				35227EEA2105069600B72F3D /* MoneySaverAppCore.xcodeproj */,
				35DEBBE02011249000EA1556 /* Default-568h@2x.png */,
				35BB971C1E7F085F003DBA41 /* MoneySaverApp-iOS */,
				35BB97311E7F0860003DBA41 /* MoneySaverApp-iOSTests */,
				35BB971B1E7F085F003DBA41 /* Products */,
				35BB973D1E7F0D76003DBA41 /* Frameworks */,
			);
			sourceTree = "<group>";
		};
		35BB971B1E7F085F003DBA41 /* Products */ = {
			isa = PBXGroup;
			children = (
				35BB971A1E7F085F003DBA41 /* MoneySaverApp-iOS.app */,
				35BB972E1E7F0860003DBA41 /* MoneySaverApp-iOSTests.xctest */,
			);
			name = Products;
			sourceTree = "<group>";
		};
		35BB971C1E7F085F003DBA41 /* MoneySaverApp-iOS */ = {
			isa = PBXGroup;
			children = (
				35163F0820722452000801FA /* TransactionsOverview */,
				351005F9206438000090AD43 /* TransactionsSummary */,
				35A023AA2024E58300E42FFD /* Settings */,
				35DFB5D92012900C00F03C93 /* Stats */,
				35C853921FBCC84300A7E479 /* Budget */,
				35D7C4121FAC9C0F0052BAD6 /* Dates */,
				356D0EAF1F8C00BB00378362 /* Errors */,
				353DF8551F84011700EF6F70 /* TransactionCategory */,
				35B296D61F7EBEC5004A3E32 /* PresentationControllers */,
				35D740081EB8AF140028DD92 /* Dashboard */,
				35D740051EB8AECB0028DD92 /* Commons */,
				351897E11EB71F7B002B6A86 /* MoneySaverApp-iOS.entitlements */,
				350F0F5F1E9564C8002ED5D7 /* FlowControllers */,
				352B030C1E92BDB9001B99CB /* DependencyContainers */,
				35C09DE31E8977F500095FE2 /* Extensions */,
				35C09DDC1E8974F800095FE2 /* Transactions */,
				35BB971D1E7F085F003DBA41 /* AppDelegate.swift */,
				35BB97211E7F0860003DBA41 /* Main.storyboard */,
				35BB97241E7F0860003DBA41 /* Assets.xcassets */,
				35BB97261E7F0860003DBA41 /* LaunchScreen.storyboard */,
				35BB97291E7F0860003DBA41 /* Info.plist */,
			);
			path = "MoneySaverApp-iOS";
			sourceTree = "<group>";
		};
		35BB97311E7F0860003DBA41 /* MoneySaverApp-iOSTests */ = {
			isa = PBXGroup;
			children = (
				35214FF31F9E66FE006503C5 /* Fakes */,
				35BB97341E7F0860003DBA41 /* Info.plist */,
				355509D01F7AC4410007FEF1 /* UIViewControllerAdditionsTests.swift */,
				355509D21F7AC6070007FEF1 /* RootFlowControllerTests.swift */,
				35DF3AAD1F8D3BA800141F5B /* TransactionDataViewModelTests.swift */,
				35C853951FBCD1F400A7E479 /* WeakHoldersCollectionTests.swift */,
				35FB7E191FFFE352001929DF /* TimeChangedObserverTests.swift */,
				35129ED0200B5A1400B7A566 /* TransactionsRepositoryTests.swift */,
				35B8A1DC200D161100EA8C7C /* RootFlowServiceTests.swift */,
				35B8A1E0200D18AD00EA8C7C /* TransactionsListViewModelTests.swift */,
				35E1567720132695004F6A8D /* StatsViewModelTests.swift */,
				353B9C8C2027774F00990667 /* TransactionCellViewModelTests.swift */,
				35757FA82075444400FDAEC0 /* DateRangePickerViewModelTests.swift */,
				354513122076A4EB00909A7F /* DateFormattersTests.swift */,
				35DD653920B0995600909AA4 /* TransactionTypePickerViewTests.swift */,
				35DD654120B09BAC00909AA4 /* BudgetViewModelTests.swift */,
			);
			path = "MoneySaverApp-iOSTests";
			sourceTree = "<group>";
		};
		35BB973D1E7F0D76003DBA41 /* Frameworks */ = {
			isa = PBXGroup;
			children = (
				35FF6E3721065A63004FBC87 /* MMFoundation.framework */,
				359F703B20A83F0A00C9A694 /* Chameleon.framework */,
				35EB3D071F7195BD00BCB79C /* CloudKit.framework */,
				35E6F1DE1EC389F1007667BB /* RxCocoa.framework */,
				352B03091E92BD0A001B99CB /* Dip.framework */,
				35F011D51E8D7B03006A2BC2 /* Cleanse.framework */,
				35C9FEF21E8C279D0092D5E3 /* CoreData.framework */,
				35B5CAC91E883D6200D1990E /* MoneySaverFoundationiOS.framework */,
				35B5CAC71E883D5500D1990E /* RxSwift.framework */,
				35BB973E1E7F0D76003DBA41 /* RESTClient.framework */,
			);
			name = Frameworks;
			sourceTree = "<group>";
		};
		35C09DDC1E8974F800095FE2 /* Transactions */ = {
			isa = PBXGroup;
			children = (
				35EA1A251EB6329C0083C57F /* Views */,
				35C09DDF1E89766900095FE2 /* TransactionsListViewController.swift */,
				35C09DEC1E89802900095FE2 /* TransactionDataViewController.swift */,
				358894731E992DE500ACF06C /* TransactionDataViewModel.swift */,
				3599F70520BDE43A007CE44D /* TransactionDataNavigationController.swift */,
			);
			path = Transactions;
			sourceTree = "<group>";
		};
		35C09DE31E8977F500095FE2 /* Extensions */ = {
			isa = PBXGroup;
			children = (
				35C09DEA1E897ABC00095FE2 /* UITableView+Additions.swift */,
				350F0F641E95664B002ED5D7 /* UIStoryboard+Additions.swift */,
				35E4DD581EC3817300102E3B /* UICollectionView+Additions.swift */,
				355509CE1F7AC1730007FEF1 /* UIViewController+Additions.swift */,
				35B296DB1F7EC423004A3E32 /* UIView+Additions.swift */,
				359A31381FB249C4000DA85F /* Character+Additions.swift */,
				359A313A1FB4F754000DA85F /* UIColor+Additions.swift */,
				35C8539B1FBCDAA600A7E479 /* Decimal+Additions.swift */,
				35C1BBEE1FFE6B7000C77B72 /* UIScrollView+Additions.swift */,
				35A7BA04201E023C009E6111 /* Calendar+Additions.swift */,
				35A0239D2022394B00E42FFD /* NSManagedObjectContext+Additions.swift */,
			);
			path = Extensions;
			sourceTree = "<group>";
		};
		35C853921FBCC84300A7E479 /* Budget */ = {
			isa = PBXGroup;
			children = (
				355509CA1F7ABF1B0007FEF1 /* BudgetViewController.swift */,
				35708BBB1FC958110052ED9E /* SetupBudgetViewController.swift */,
			);
			path = Budget;
			sourceTree = "<group>";
		};
		35D740051EB8AECB0028DD92 /* Commons */ = {
			isa = PBXGroup;
			children = (
				3599F70D20BDE63D007CE44D /* Animation */,
				35A023A72024C9B600E42FFD /* Views */,
				3585EDFB1FDDA50400871941 /* NotificationHandlers.swift */,
				353A944B20A0DB8700B94A72 /* AppGroup.swift */,
			);
			path = Commons;
			sourceTree = "<group>";
		};
		35D740081EB8AF140028DD92 /* Dashboard */ = {
			isa = PBXGroup;
			children = (
				35D740091EB8AF240028DD92 /* DashboardTabBarController.swift */,
				354E4B9720A379FA009A8311 /* DashboardTabBar.swift */,
			);
			path = Dashboard;
			sourceTree = "<group>";
		};
		35D7C4121FAC9C0F0052BAD6 /* Dates */ = {
			isa = PBXGroup;
			children = (
				35CCD5051FAE3A3B00BD308E /* DateFormatters.swift */,
			);
			path = Dates;
			sourceTree = "<group>";
		};
		35DFB5D92012900C00F03C93 /* Stats */ = {
			isa = PBXGroup;
			children = (
				355509CC1F7ABF7E0007FEF1 /* StatsViewController.swift */,
			);
			path = Stats;
			sourceTree = "<group>";
		};
		35EA1A251EB6329C0083C57F /* Views */ = {
			isa = PBXGroup;
			children = (
				35EA1A261EB632A70083C57F /* TransactionCell.swift */,
				35EA1A281EB632DB0083C57F /* TransactionCell.xib */,
				3587F20020ADF31300DC8C89 /* TransactionTypePickerView.swift */,
				3587F20820ADF33A00DC8C89 /* TransactionTypePickerView.xib */,
			);
			path = Views;
			sourceTree = "<group>";
		};
/* End PBXGroup section */

/* Begin PBXNativeTarget section */
		35BB97191E7F085F003DBA41 /* MoneySaverApp-iOS */ = {
			isa = PBXNativeTarget;
			buildConfigurationList = 35BB97371E7F0860003DBA41 /* Build configuration list for PBXNativeTarget "MoneySaverApp-iOS" */;
			buildPhases = (
				35BB97161E7F085F003DBA41 /* Sources */,
				35BB97171E7F085F003DBA41 /* Frameworks */,
				35BB97181E7F085F003DBA41 /* Resources */,
				35BBEBAD1FBB8830002CF520 /* ShellScript */,
				35B540531FDD6CFF00B27F9F /* CopyFiles */,
			);
			buildRules = (
			);
			dependencies = (
			);
			name = "MoneySaverApp-iOS";
			productName = "MoneySaverApp-iOS";
			productReference = 35BB971A1E7F085F003DBA41 /* MoneySaverApp-iOS.app */;
			productType = "com.apple.product-type.application";
		};
		35BB972D1E7F0860003DBA41 /* MoneySaverApp-iOSTests */ = {
			isa = PBXNativeTarget;
			buildConfigurationList = 35BB973A1E7F0860003DBA41 /* Build configuration list for PBXNativeTarget "MoneySaverApp-iOSTests" */;
			buildPhases = (
				35BB972A1E7F0860003DBA41 /* Sources */,
				35BB972B1E7F0860003DBA41 /* Frameworks */,
				35BB972C1E7F0860003DBA41 /* Resources */,
			);
			buildRules = (
			);
			dependencies = (
				35BB97301E7F0860003DBA41 /* PBXTargetDependency */,
			);
			name = "MoneySaverApp-iOSTests";
			productName = "MoneySaverApp-iOSTests";
			productReference = 35BB972E1E7F0860003DBA41 /* MoneySaverApp-iOSTests.xctest */;
			productType = "com.apple.product-type.bundle.unit-test";
		};
/* End PBXNativeTarget section */

/* Begin PBXProject section */
		35BB97121E7F085F003DBA41 /* Project object */ = {
			isa = PBXProject;
			attributes = {
				LastSwiftUpdateCheck = 0820;
				LastUpgradeCheck = 0930;
				ORGANIZATIONNAME = "Michal Moskala";
				TargetAttributes = {
					35BB97191E7F085F003DBA41 = {
						CreatedOnToolsVersion = 8.2.1;
						DevelopmentTeam = R77HUFLYN8;
						LastSwiftMigration = 0900;
						ProvisioningStyle = Automatic;
						SystemCapabilities = {
							com.apple.ApplicationGroups.iOS = {
								enabled = 1;
							};
							com.apple.Push = {
								enabled = 1;
							};
							com.apple.iCloud = {
								enabled = 1;
							};
						};
					};
					35BB972D1E7F0860003DBA41 = {
						CreatedOnToolsVersion = 8.2.1;
						DevelopmentTeam = R77HUFLYN8;
						LastSwiftMigration = 0900;
						ProvisioningStyle = Automatic;
						TestTargetID = 35BB97191E7F085F003DBA41;
					};
				};
			};
			buildConfigurationList = 35BB97151E7F085F003DBA41 /* Build configuration list for PBXProject "MoneySaverApp-iOS" */;
			compatibilityVersion = "Xcode 3.2";
			developmentRegion = English;
			hasScannedForEncodings = 0;
			knownRegions = (
				en,
				Base,
			);
			mainGroup = 35BB97111E7F085F003DBA41;
			productRefGroup = 35BB971B1E7F085F003DBA41 /* Products */;
			projectDirPath = "";
			projectReferences = (
				{
					ProductGroup = 35227EEB2105069600B72F3D /* Products */;
					ProjectRef = 35227EEA2105069600B72F3D /* MoneySaverAppCore.xcodeproj */;
				},
			);
			projectRoot = "";
			targets = (
				35BB97191E7F085F003DBA41 /* MoneySaverApp-iOS */,
				35BB972D1E7F0860003DBA41 /* MoneySaverApp-iOSTests */,
			);
		};
/* End PBXProject section */

/* Begin PBXReferenceProxy section */
		35227EF32105069600B72F3D /* MoneySaverAppCore.framework */ = {
			isa = PBXReferenceProxy;
			fileType = wrapper.framework;
			path = MoneySaverAppCore.framework;
			remoteRef = 35227EF22105069600B72F3D /* PBXContainerItemProxy */;
			sourceTree = BUILT_PRODUCTS_DIR;
		};
		35227EF52105069600B72F3D /* MoneySaverAppCore-iOSTests.xctest */ = {
			isa = PBXReferenceProxy;
			fileType = wrapper.cfbundle;
			path = "MoneySaverAppCore-iOSTests.xctest";
			remoteRef = 35227EF42105069600B72F3D /* PBXContainerItemProxy */;
			sourceTree = BUILT_PRODUCTS_DIR;
		};
		35227EF72105069600B72F3D /* MoneySaverAppCore.framework */ = {
			isa = PBXReferenceProxy;
			fileType = wrapper.framework;
			path = MoneySaverAppCore.framework;
			remoteRef = 35227EF62105069600B72F3D /* PBXContainerItemProxy */;
			sourceTree = BUILT_PRODUCTS_DIR;
		};
		35227EF92105069600B72F3D /* MoneySaverAppCore-macOSTests.xctest */ = {
			isa = PBXReferenceProxy;
			fileType = wrapper.cfbundle;
			path = "MoneySaverAppCore-macOSTests.xctest";
			remoteRef = 35227EF82105069600B72F3D /* PBXContainerItemProxy */;
			sourceTree = BUILT_PRODUCTS_DIR;
		};
/* End PBXReferenceProxy section */

/* Begin PBXResourcesBuildPhase section */
		35BB97181E7F085F003DBA41 /* Resources */ = {
			isa = PBXResourcesBuildPhase;
			buildActionMask = 2147483647;
			files = (
				35BB97281E7F0860003DBA41 /* LaunchScreen.storyboard in Resources */,
				3587F20920ADF33A00DC8C89 /* TransactionTypePickerView.xib in Resources */,
				35BB97251E7F0860003DBA41 /* Assets.xcassets in Resources */,
				35EA1A291EB632DB0083C57F /* TransactionCell.xib in Resources */,
				35DEBBE32011249000EA1556 /* Default-568h@2x.png in Resources */,
				35BB97231E7F0860003DBA41 /* Main.storyboard in Resources */,
			);
			runOnlyForDeploymentPostprocessing = 0;
		};
		35BB972C1E7F0860003DBA41 /* Resources */ = {
			isa = PBXResourcesBuildPhase;
			buildActionMask = 2147483647;
			files = (
			);
			runOnlyForDeploymentPostprocessing = 0;
		};
/* End PBXResourcesBuildPhase section */

/* Begin PBXShellScriptBuildPhase section */
		35BBEBAD1FBB8830002CF520 /* ShellScript */ = {
			isa = PBXShellScriptBuildPhase;
			buildActionMask = 2147483647;
			files = (
			);
			inputPaths = (
				"$(SRCROOT)/Carthage/Build/iOS/Dip.framework",
				"$(SRCROOT)/Carthage/Build/iOS/Charts.framework",
				"$(SRCROOT)/Carthage/Build/iOS/ScrollableGraphView.framework",
				"$(SRCROOT)/Carthage/Build/iOS/Chameleon.framework",
			);
			outputPaths = (
				"$(BUILT_PRODUCTS_DIR)/$(FRAMEWORKS_FOLDER_PATH)/Dip.framework",
				"$(BUILT_PRODUCTS_DIR)/$(FRAMEWORKS_FOLDER_PATH)/Charts.framework",
				"$(BUILT_PRODUCTS_DIR)/$(FRAMEWORKS_FOLDER_PATH)/ScrollableGraphView.framework",
				"$(BUILT_PRODUCTS_DIR)/$(FRAMEWORKS_FOLDER_PATH)/Chameleon.framework",
			);
			runOnlyForDeploymentPostprocessing = 0;
			shellPath = /bin/sh;
			shellScript = "/usr/local/bin/carthage copy-frameworks";
		};
/* End PBXShellScriptBuildPhase section */

/* Begin PBXSourcesBuildPhase section */
		35BB97161E7F085F003DBA41 /* Sources */ = {
			isa = PBXSourcesBuildPhase;
			buildActionMask = 2147483647;
			files = (
				359A313B1FB4F754000DA85F /* UIColor+Additions.swift in Sources */,
				352324A31F8A8A77007C4FF5 /* TransactionCategoryCollectionViewCell.swift in Sources */,
				35A7BA05201E023C009E6111 /* Calendar+Additions.swift in Sources */,
				35C09DEB1E897ABC00095FE2 /* UITableView+Additions.swift in Sources */,
				352B03181E92C4DA001B99CB /* ViewModelsAssembler.swift in Sources */,
				355509CD1F7ABF7E0007FEF1 /* StatsViewController.swift in Sources */,
				350F0F651E95664B002ED5D7 /* UIStoryboard+Additions.swift in Sources */,
				354E4B9820A379FA009A8311 /* DashboardTabBar.swift in Sources */,
				352B03161E92C44B001B99CB /* ModelsAssembler.swift in Sources */,
				359A31391FB249C4000DA85F /* Character+Additions.swift in Sources */,
				35CCD5061FAE3A3B00BD308E /* DateFormatters.swift in Sources */,
				355509CB1F7ABF1B0007FEF1 /* BudgetViewController.swift in Sources */,
				35C8539C1FBCDAA600A7E479 /* Decimal+Additions.swift in Sources */,
				358894741E992DE500ACF06C /* TransactionDataViewModel.swift in Sources */,
				35B296DA1F7EBEF9004A3E32 /* CardStylePresentationController.swift in Sources */,
				35EA1A271EB632A70083C57F /* TransactionCell.swift in Sources */,
				351005FB206438130090AD43 /* TransactionsSummaryViewController.swift in Sources */,
				352B03121E92BF63001B99CB /* NetworkingLayerAssembler.swift in Sources */,
				352B03101E92BF20001B99CB /* ContainerAssembly.swift in Sources */,
				35B8C1821F8FF5180059A1CC /* TransactionCategoryService.swift in Sources */,
				352B03141E92C087001B99CB /* DataLayerAssembler.swift in Sources */,
				3587F20120ADF31300DC8C89 /* TransactionTypePickerView.swift in Sources */,
				356D0EAC1F8BF75800378362 /* TransactionCategoriesCollectionViewController.swift in Sources */,
				35C1BBEF1FFE6B7000C77B72 /* UIScrollView+Additions.swift in Sources */,
				355509CF1F7AC1730007FEF1 /* UIViewController+Additions.swift in Sources */,
				350D55B5206FD47F00BB2F3B /* UILabel+Extensions.swift in Sources */,
				35BB971E1E7F085F003DBA41 /* AppDelegate.swift in Sources */,
				3599F70F20BDE682007CE44D /* HorizontalShiftTransitioning.swift in Sources */,
				35D7400A1EB8AF240028DD92 /* DashboardTabBarController.swift in Sources */,
				35A023AC2024E59200E42FFD /* SettingsViewController.swift in Sources */,
				358894791E994A1C00ACF06C /* MappersAssembler.swift in Sources */,
				3585EDFC1FDDA50400871941 /* NotificationHandlers.swift in Sources */,
				35B296DC1F7EC423004A3E32 /* UIView+Additions.swift in Sources */,
				35C09DE01E89766900095FE2 /* TransactionsListViewController.swift in Sources */,
				35C09DED1E89802900095FE2 /* TransactionDataViewController.swift in Sources */,
				3514C4291F9B9A55003C3044 /* TransactionCategoryViewModel.swift in Sources */,
				352B030E1E92BE13001B99CB /* DependencyContainerConfigurator.swift in Sources */,
				35757FA52075441A00FDAEC0 /* DateRangePickerViewModel.swift in Sources */,
				350F0F611E9564F3002ED5D7 /* FlowController.swift in Sources */,
				3599F70620BDE43B007CE44D /* TransactionDataNavigationController.swift in Sources */,
				350F0F631E956578002ED5D7 /* RootFlowController.swift in Sources */,
				35B35ACC1EC8BF7A007E3A53 /* UtilsAssembler.swift in Sources */,
				356D0EAE1F8BF83800378362 /* TransactionCategoriesCollectionViewModel.swift in Sources */,
				35A0239E2022394B00E42FFD /* NSManagedObjectContext+Additions.swift in Sources */,
				35411785200BE83F002B7AF6 /* RootFlowService.swift in Sources */,
				35708BBC1FC958110052ED9E /* SetupBudgetViewController.swift in Sources */,
				35163F0C20722472000801FA /* TransactionsOverviewViewController.swift in Sources */,
				35E4DD591EC3817300102E3B /* UICollectionView+Additions.swift in Sources */,
				356D0EB11F8C00E700378362 /* Errors.swift in Sources */,
				353A944C20A0DB8700B94A72 /* AppGroup.swift in Sources */,
				35B296D81F7EBEEA004A3E32 /* CardStylePresentationManager.swift in Sources */,
			);
			runOnlyForDeploymentPostprocessing = 0;
		};
		35BB972A1E7F0860003DBA41 /* Sources */ = {
			isa = PBXSourcesBuildPhase;
			buildActionMask = 2147483647;
			files = (
				355509D11F7AC4410007FEF1 /* UIViewControllerAdditionsTests.swift in Sources */,
				35B8A1E1200D18AD00EA8C7C /* TransactionsListViewModelTests.swift in Sources */,
				353B9C8D2027774F00990667 /* TransactionCellViewModelTests.swift in Sources */,
				3545131B207A750400909A7F /* FakeUserPreferences.swift in Sources */,
				35B8A1E5200D1A5B00EA8C7C /* FakeTimeChangedObserver.swift in Sources */,
				35DF1B4A200A03DB00AD2926 /* FakeCalendar.swift in Sources */,
				355509D31F7AC6070007FEF1 /* RootFlowControllerTests.swift in Sources */,
				35B8A1DD200D161100EA8C7C /* RootFlowServiceTests.swift in Sources */,
				35B8A1E7200D201B00EA8C7C /* FakeCollectionUpdater.swift in Sources */,
				35DD653A20B0995600909AA4 /* TransactionTypePickerViewTests.swift in Sources */,
				35B8A1E3200D193D00EA8C7C /* FakeTransactionsComputingService.swift in Sources */,
				353B9C8F2027775D00990667 /* FakeTransction.swift in Sources */,
				354513132076A4EB00909A7F /* DateFormattersTests.swift in Sources */,
				35DF3AAE1F8D3BA800141F5B /* TransactionDataViewModelTests.swift in Sources */,
				35129ED1200B5A1400B7A566 /* TransactionsRepositoryTests.swift in Sources */,
				35DD654220B09BAC00909AA4 /* BudgetViewModelTests.swift in Sources */,
				35E1567820132695004F6A8D /* StatsViewModelTests.swift in Sources */,
				35CFA2952028CD790028FBA1 /* FakeCalendarDate.swift in Sources */,
				35EE9D06200D3C4E006D5791 /* FakeUserDefaults.swift in Sources */,
				35757FA92075444400FDAEC0 /* DateRangePickerViewModelTests.swift in Sources */,
				35B8A1EB200D22A900EA8C7C /* FakeFetchedResultsController.swift in Sources */,
				35C853961FBCD1F400A7E479 /* WeakHoldersCollectionTests.swift in Sources */,
				35FB7E1A1FFFE352001929DF /* TimeChangedObserverTests.swift in Sources */,
				35214FF51F9E670C006503C5 /* FakeTransactionRepository.swift in Sources */,
			);
			runOnlyForDeploymentPostprocessing = 0;
		};
/* End PBXSourcesBuildPhase section */

/* Begin PBXTargetDependency section */
		35BB97301E7F0860003DBA41 /* PBXTargetDependency */ = {
			isa = PBXTargetDependency;
			target = 35BB97191E7F085F003DBA41 /* MoneySaverApp-iOS */;
			targetProxy = 35BB972F1E7F0860003DBA41 /* PBXContainerItemProxy */;
		};
/* End PBXTargetDependency section */

/* Begin PBXVariantGroup section */
		35BB97211E7F0860003DBA41 /* Main.storyboard */ = {
			isa = PBXVariantGroup;
			children = (
				35BB97221E7F0860003DBA41 /* Base */,
			);
			name = Main.storyboard;
			sourceTree = "<group>";
		};
		35BB97261E7F0860003DBA41 /* LaunchScreen.storyboard */ = {
			isa = PBXVariantGroup;
			children = (
				35BB97271E7F0860003DBA41 /* Base */,
			);
			name = LaunchScreen.storyboard;
			sourceTree = "<group>";
		};
/* End PBXVariantGroup section */

/* Begin XCBuildConfiguration section */
		35BB97351E7F0860003DBA41 /* Debug */ = {
			isa = XCBuildConfiguration;
			buildSettings = {
				ALWAYS_SEARCH_USER_PATHS = NO;
				CLANG_ANALYZER_NONNULL = YES;
				CLANG_CXX_LANGUAGE_STANDARD = "gnu++0x";
				CLANG_CXX_LIBRARY = "libc++";
				CLANG_ENABLE_MODULES = YES;
				CLANG_ENABLE_OBJC_ARC = YES;
				CLANG_WARN_BLOCK_CAPTURE_AUTORELEASING = YES;
				CLANG_WARN_BOOL_CONVERSION = YES;
				CLANG_WARN_COMMA = YES;
				CLANG_WARN_CONSTANT_CONVERSION = YES;
				CLANG_WARN_DEPRECATED_OBJC_IMPLEMENTATIONS = YES;
				CLANG_WARN_DIRECT_OBJC_ISA_USAGE = YES_ERROR;
				CLANG_WARN_DOCUMENTATION_COMMENTS = YES;
				CLANG_WARN_EMPTY_BODY = YES;
				CLANG_WARN_ENUM_CONVERSION = YES;
				CLANG_WARN_INFINITE_RECURSION = YES;
				CLANG_WARN_INT_CONVERSION = YES;
				CLANG_WARN_NON_LITERAL_NULL_CONVERSION = YES;
				CLANG_WARN_OBJC_IMPLICIT_RETAIN_SELF = YES;
				CLANG_WARN_OBJC_LITERAL_CONVERSION = YES;
				CLANG_WARN_OBJC_ROOT_CLASS = YES_ERROR;
				CLANG_WARN_RANGE_LOOP_ANALYSIS = YES;
				CLANG_WARN_STRICT_PROTOTYPES = YES;
				CLANG_WARN_SUSPICIOUS_MOVE = YES;
				CLANG_WARN_UNREACHABLE_CODE = YES;
				CLANG_WARN__DUPLICATE_METHOD_MATCH = YES;
				"CODE_SIGN_IDENTITY[sdk=iphoneos*]" = "iPhone Developer";
				COPY_PHASE_STRIP = NO;
				DEBUG_INFORMATION_FORMAT = dwarf;
				ENABLE_STRICT_OBJC_MSGSEND = YES;
				ENABLE_TESTABILITY = YES;
				GCC_C_LANGUAGE_STANDARD = gnu99;
				GCC_DYNAMIC_NO_PIC = NO;
				GCC_NO_COMMON_BLOCKS = YES;
				GCC_OPTIMIZATION_LEVEL = 0;
				GCC_PREPROCESSOR_DEFINITIONS = (
					"DEBUG=1",
					"$(inherited)",
				);
				GCC_WARN_64_TO_32_BIT_CONVERSION = YES;
				GCC_WARN_ABOUT_RETURN_TYPE = YES_ERROR;
				GCC_WARN_UNDECLARED_SELECTOR = YES;
				GCC_WARN_UNINITIALIZED_AUTOS = YES_AGGRESSIVE;
				GCC_WARN_UNUSED_FUNCTION = YES;
				GCC_WARN_UNUSED_VARIABLE = YES;
				IPHONEOS_DEPLOYMENT_TARGET = 11.0;
				MTL_ENABLE_DEBUG_INFO = YES;
				ONLY_ACTIVE_ARCH = YES;
				SDKROOT = iphoneos;
				SWIFT_ACTIVE_COMPILATION_CONDITIONS = DEBUG;
				SWIFT_OPTIMIZATION_LEVEL = "-Onone";
				SWIFT_SWIFT3_OBJC_INFERENCE = Off;
			};
			name = Debug;
		};
		35BB97361E7F0860003DBA41 /* Release */ = {
			isa = XCBuildConfiguration;
			buildSettings = {
				ALWAYS_SEARCH_USER_PATHS = NO;
				CLANG_ANALYZER_NONNULL = YES;
				CLANG_CXX_LANGUAGE_STANDARD = "gnu++0x";
				CLANG_CXX_LIBRARY = "libc++";
				CLANG_ENABLE_MODULES = YES;
				CLANG_ENABLE_OBJC_ARC = YES;
				CLANG_WARN_BLOCK_CAPTURE_AUTORELEASING = YES;
				CLANG_WARN_BOOL_CONVERSION = YES;
				CLANG_WARN_COMMA = YES;
				CLANG_WARN_CONSTANT_CONVERSION = YES;
				CLANG_WARN_DEPRECATED_OBJC_IMPLEMENTATIONS = YES;
				CLANG_WARN_DIRECT_OBJC_ISA_USAGE = YES_ERROR;
				CLANG_WARN_DOCUMENTATION_COMMENTS = YES;
				CLANG_WARN_EMPTY_BODY = YES;
				CLANG_WARN_ENUM_CONVERSION = YES;
				CLANG_WARN_INFINITE_RECURSION = YES;
				CLANG_WARN_INT_CONVERSION = YES;
				CLANG_WARN_NON_LITERAL_NULL_CONVERSION = YES;
				CLANG_WARN_OBJC_IMPLICIT_RETAIN_SELF = YES;
				CLANG_WARN_OBJC_LITERAL_CONVERSION = YES;
				CLANG_WARN_OBJC_ROOT_CLASS = YES_ERROR;
				CLANG_WARN_RANGE_LOOP_ANALYSIS = YES;
				CLANG_WARN_STRICT_PROTOTYPES = YES;
				CLANG_WARN_SUSPICIOUS_MOVE = YES;
				CLANG_WARN_UNREACHABLE_CODE = YES;
				CLANG_WARN__DUPLICATE_METHOD_MATCH = YES;
				"CODE_SIGN_IDENTITY[sdk=iphoneos*]" = "iPhone Developer";
				COPY_PHASE_STRIP = NO;
				DEBUG_INFORMATION_FORMAT = "dwarf-with-dsym";
				ENABLE_NS_ASSERTIONS = NO;
				ENABLE_STRICT_OBJC_MSGSEND = YES;
				GCC_C_LANGUAGE_STANDARD = gnu99;
				GCC_NO_COMMON_BLOCKS = YES;
				GCC_WARN_64_TO_32_BIT_CONVERSION = YES;
				GCC_WARN_ABOUT_RETURN_TYPE = YES_ERROR;
				GCC_WARN_UNDECLARED_SELECTOR = YES;
				GCC_WARN_UNINITIALIZED_AUTOS = YES_AGGRESSIVE;
				GCC_WARN_UNUSED_FUNCTION = YES;
				GCC_WARN_UNUSED_VARIABLE = YES;
				IPHONEOS_DEPLOYMENT_TARGET = 11.0;
				MTL_ENABLE_DEBUG_INFO = NO;
				SDKROOT = iphoneos;
				SWIFT_OPTIMIZATION_LEVEL = "-Owholemodule";
				SWIFT_SWIFT3_OBJC_INFERENCE = Off;
				VALIDATE_PRODUCT = YES;
			};
			name = Release;
		};
		35BB97381E7F0860003DBA41 /* Debug */ = {
			isa = XCBuildConfiguration;
			buildSettings = {
				ASSETCATALOG_COMPILER_APPICON_NAME = AppIcon;
				CODE_SIGN_ENTITLEMENTS = "MoneySaverApp-iOS/MoneySaverApp-iOS.entitlements";
				DEFINES_MODULE = NO;
				DEVELOPMENT_TEAM = R77HUFLYN8;
				FRAMEWORK_SEARCH_PATHS = (
					"$(inherited)",
					"$(PROJECT_DIR)/Carthage/Build/iOS",
				);
				INFOPLIST_FILE = "MoneySaverApp-iOS/Info.plist";
				IPHONEOS_DEPLOYMENT_TARGET = 11.0;
				LD_RUNPATH_SEARCH_PATHS = "$(inherited) @executable_path/Frameworks";
				PRODUCT_BUNDLE_IDENTIFIER = com.michal.moskala.moneySaverApp;
				PRODUCT_NAME = "$(TARGET_NAME)";
				SWIFT_SWIFT3_OBJC_INFERENCE = Off;
				SWIFT_VERSION = 4.0;
			};
			name = Debug;
		};
		35BB97391E7F0860003DBA41 /* Release */ = {
			isa = XCBuildConfiguration;
			buildSettings = {
				ASSETCATALOG_COMPILER_APPICON_NAME = AppIcon;
				CODE_SIGN_ENTITLEMENTS = "MoneySaverApp-iOS/MoneySaverApp-iOS.entitlements";
				DEFINES_MODULE = NO;
				DEVELOPMENT_TEAM = R77HUFLYN8;
				FRAMEWORK_SEARCH_PATHS = (
					"$(inherited)",
					"$(PROJECT_DIR)/Carthage/Build/iOS",
				);
				INFOPLIST_FILE = "MoneySaverApp-iOS/Info.plist";
				IPHONEOS_DEPLOYMENT_TARGET = 11.0;
				LD_RUNPATH_SEARCH_PATHS = "$(inherited) @executable_path/Frameworks";
				PRODUCT_BUNDLE_IDENTIFIER = com.michal.moskala.moneySaverApp;
				PRODUCT_NAME = "$(TARGET_NAME)";
				SWIFT_SWIFT3_OBJC_INFERENCE = Off;
				SWIFT_VERSION = 4.0;
			};
			name = Release;
		};
		35BB973B1E7F0860003DBA41 /* Debug */ = {
			isa = XCBuildConfiguration;
			buildSettings = {
				ALWAYS_EMBED_SWIFT_STANDARD_LIBRARIES = YES;
				BUNDLE_LOADER = "$(TEST_HOST)";
				CLANG_ENABLE_MODULES = YES;
				DEVELOPMENT_TEAM = R77HUFLYN8;
				FRAMEWORK_SEARCH_PATHS = (
					"$(inherited)",
					"$(PROJECT_DIR)/Carthage/Build/iOS",
				);
				INFOPLIST_FILE = "MoneySaverApp-iOSTests/Info.plist";
				LD_RUNPATH_SEARCH_PATHS = "$(inherited) @executable_path/Frameworks @loader_path/Frameworks";
				PRODUCT_BUNDLE_IDENTIFIER = "com.michal.moskala.MoneySaverApp-iOSTests";
				PRODUCT_NAME = "$(TARGET_NAME)";
				SWIFT_OPTIMIZATION_LEVEL = "-Onone";
				SWIFT_SWIFT3_OBJC_INFERENCE = Off;
				SWIFT_VERSION = 4.0;
				TEST_HOST = "$(BUILT_PRODUCTS_DIR)/MoneySaverApp-iOS.app/MoneySaverApp-iOS";
			};
			name = Debug;
		};
		35BB973C1E7F0860003DBA41 /* Release */ = {
			isa = XCBuildConfiguration;
			buildSettings = {
				ALWAYS_EMBED_SWIFT_STANDARD_LIBRARIES = YES;
				BUNDLE_LOADER = "$(TEST_HOST)";
				CLANG_ENABLE_MODULES = YES;
				DEVELOPMENT_TEAM = R77HUFLYN8;
				FRAMEWORK_SEARCH_PATHS = (
					"$(inherited)",
					"$(PROJECT_DIR)/Carthage/Build/iOS",
				);
				INFOPLIST_FILE = "MoneySaverApp-iOSTests/Info.plist";
				LD_RUNPATH_SEARCH_PATHS = "$(inherited) @executable_path/Frameworks @loader_path/Frameworks";
				PRODUCT_BUNDLE_IDENTIFIER = "com.michal.moskala.MoneySaverApp-iOSTests";
				PRODUCT_NAME = "$(TARGET_NAME)";
				SWIFT_SWIFT3_OBJC_INFERENCE = Off;
				SWIFT_VERSION = 4.0;
				TEST_HOST = "$(BUILT_PRODUCTS_DIR)/MoneySaverApp-iOS.app/MoneySaverApp-iOS";
			};
			name = Release;
		};
/* End XCBuildConfiguration section */

/* Begin XCConfigurationList section */
		35BB97151E7F085F003DBA41 /* Build configuration list for PBXProject "MoneySaverApp-iOS" */ = {
			isa = XCConfigurationList;
			buildConfigurations = (
				35BB97351E7F0860003DBA41 /* Debug */,
				35BB97361E7F0860003DBA41 /* Release */,
			);
			defaultConfigurationIsVisible = 0;
			defaultConfigurationName = Release;
		};
		35BB97371E7F0860003DBA41 /* Build configuration list for PBXNativeTarget "MoneySaverApp-iOS" */ = {
			isa = XCConfigurationList;
			buildConfigurations = (
				35BB97381E7F0860003DBA41 /* Debug */,
				35BB97391E7F0860003DBA41 /* Release */,
			);
			defaultConfigurationIsVisible = 0;
			defaultConfigurationName = Release;
		};
		35BB973A1E7F0860003DBA41 /* Build configuration list for PBXNativeTarget "MoneySaverApp-iOSTests" */ = {
			isa = XCConfigurationList;
			buildConfigurations = (
				35BB973B1E7F0860003DBA41 /* Debug */,
				35BB973C1E7F0860003DBA41 /* Release */,
			);
			defaultConfigurationIsVisible = 0;
			defaultConfigurationName = Release;
		};
/* End XCConfigurationList section */
	};
	rootObject = 35BB97121E7F085F003DBA41 /* Project object */;
}
