// !$*UTF8*$!
{
	archiveVersion = 1;
	classes = {
	};
	objectVersion = 46;
	objects = {

/* Begin PBXBuildFile section */
		35BB971E1E7F085F003DBA41 /* AppDelegate.swift in Sources */ = {isa = PBXBuildFile; fileRef = 35BB971D1E7F085F003DBA41 /* AppDelegate.swift */; };
		35BB97201E7F085F003DBA41 /* ViewController.swift in Sources */ = {isa = PBXBuildFile; fileRef = 35BB971F1E7F085F003DBA41 /* ViewController.swift */; };
		35BB97231E7F0860003DBA41 /* Main.storyboard in Resources */ = {isa = PBXBuildFile; fileRef = 35BB97211E7F0860003DBA41 /* Main.storyboard */; };
		35BB97251E7F0860003DBA41 /* Assets.xcassets in Resources */ = {isa = PBXBuildFile; fileRef = 35BB97241E7F0860003DBA41 /* Assets.xcassets */; };
		35BB97281E7F0860003DBA41 /* LaunchScreen.storyboard in Resources */ = {isa = PBXBuildFile; fileRef = 35BB97261E7F0860003DBA41 /* LaunchScreen.storyboard */; };
		35BB97331E7F0860003DBA41 /* MoneySaverApp_iOSTests.swift in Sources */ = {isa = PBXBuildFile; fileRef = 35BB97321E7F0860003DBA41 /* MoneySaverApp_iOSTests.swift */; };
		35C233E41E81AA350095AFFE /* RESTClient.framework in Frameworks */ = {isa = PBXBuildFile; fileRef = 35BB973E1E7F0D76003DBA41 /* RESTClient.framework */; };
		35C233E61E81AAC20095AFFE /* RESTClient.framework in CopyFiles */ = {isa = PBXBuildFile; fileRef = 35BB973E1E7F0D76003DBA41 /* RESTClient.framework */; settings = {ATTRIBUTES = (CodeSignOnCopy, RemoveHeadersOnCopy, ); }; };
/* End PBXBuildFile section */

/* Begin PBXContainerItemProxy section */
		35BB972F1E7F0860003DBA41 /* PBXContainerItemProxy */ = {
			isa = PBXContainerItemProxy;
			containerPortal = 35BB97121E7F085F003DBA41 /* Project object */;
			proxyType = 1;
			remoteGlobalIDString = 35BB97191E7F085F003DBA41;
			remoteInfo = "MoneySaverApp-iOS";
		};
/* End PBXContainerItemProxy section */

/* Begin PBXCopyFilesBuildPhase section */
		35C233E51E81AAA30095AFFE /* CopyFiles */ = {
			isa = PBXCopyFilesBuildPhase;
			buildActionMask = 2147483647;
			dstPath = "";
			dstSubfolderSpec = 10;
			files = (
				35C233E61E81AAC20095AFFE /* RESTClient.framework in CopyFiles */,
			);
			runOnlyForDeploymentPostprocessing = 0;
		};
/* End PBXCopyFilesBuildPhase section */

/* Begin PBXFileReference section */
		35BB971A1E7F085F003DBA41 /* MoneySaverApp-iOS.app */ = {isa = PBXFileReference; explicitFileType = wrapper.application; includeInIndex = 0; path = "MoneySaverApp-iOS.app"; sourceTree = BUILT_PRODUCTS_DIR; };
		35BB971D1E7F085F003DBA41 /* AppDelegate.swift */ = {isa = PBXFileReference; lastKnownFileType = sourcecode.swift; path = AppDelegate.swift; sourceTree = "<group>"; };
		35BB971F1E7F085F003DBA41 /* ViewController.swift */ = {isa = PBXFileReference; lastKnownFileType = sourcecode.swift; path = ViewController.swift; sourceTree = "<group>"; };
		35BB97221E7F0860003DBA41 /* Base */ = {isa = PBXFileReference; lastKnownFileType = file.storyboard; name = Base; path = Base.lproj/Main.storyboard; sourceTree = "<group>"; };
		35BB97241E7F0860003DBA41 /* Assets.xcassets */ = {isa = PBXFileReference; lastKnownFileType = folder.assetcatalog; path = Assets.xcassets; sourceTree = "<group>"; };
		35BB97271E7F0860003DBA41 /* Base */ = {isa = PBXFileReference; lastKnownFileType = file.storyboard; name = Base; path = Base.lproj/LaunchScreen.storyboard; sourceTree = "<group>"; };
		35BB97291E7F0860003DBA41 /* Info.plist */ = {isa = PBXFileReference; lastKnownFileType = text.plist.xml; path = Info.plist; sourceTree = "<group>"; };
		35BB972E1E7F0860003DBA41 /* MoneySaverApp-iOSTests.xctest */ = {isa = PBXFileReference; explicitFileType = wrapper.cfbundle; includeInIndex = 0; path = "MoneySaverApp-iOSTests.xctest"; sourceTree = BUILT_PRODUCTS_DIR; };
		35BB97321E7F0860003DBA41 /* MoneySaverApp_iOSTests.swift */ = {isa = PBXFileReference; lastKnownFileType = sourcecode.swift; path = MoneySaverApp_iOSTests.swift; sourceTree = "<group>"; };
		35BB97341E7F0860003DBA41 /* Info.plist */ = {isa = PBXFileReference; lastKnownFileType = text.plist.xml; path = Info.plist; sourceTree = "<group>"; };
		35BB973E1E7F0D76003DBA41 /* RESTClient.framework */ = {isa = PBXFileReference; lastKnownFileType = wrapper.framework; name = RESTClient.framework; path = Carthage/Build/iOS/RESTClient.framework; sourceTree = "<group>"; };
/* End PBXFileReference section */

/* Begin PBXFrameworksBuildPhase section */
		35BB97171E7F085F003DBA41 /* Frameworks */ = {
			isa = PBXFrameworksBuildPhase;
			buildActionMask = 2147483647;
			files = (
				35C233E41E81AA350095AFFE /* RESTClient.framework in Frameworks */,
			);
			runOnlyForDeploymentPostprocessing = 0;
		};
		35BB972B1E7F0860003DBA41 /* Frameworks */ = {
			isa = PBXFrameworksBuildPhase;
			buildActionMask = 2147483647;
			files = (
			);
			runOnlyForDeploymentPostprocessing = 0;
		};
/* End PBXFrameworksBuildPhase section */

/* Begin PBXGroup section */
		35BB97111E7F085F003DBA41 = {
			isa = PBXGroup;
			children = (
				35BB971C1E7F085F003DBA41 /* MoneySaverApp-iOS */,
				35BB97311E7F0860003DBA41 /* MoneySaverApp-iOSTests */,
				35BB971B1E7F085F003DBA41 /* Products */,
				35BB973D1E7F0D76003DBA41 /* Frameworks */,
			);
			sourceTree = "<group>";
		};
		35BB971B1E7F085F003DBA41 /* Products */ = {
			isa = PBXGroup;
			children = (
				35BB971A1E7F085F003DBA41 /* MoneySaverApp-iOS.app */,
				35BB972E1E7F0860003DBA41 /* MoneySaverApp-iOSTests.xctest */,
			);
			name = Products;
			sourceTree = "<group>";
		};
		35BB971C1E7F085F003DBA41 /* MoneySaverApp-iOS */ = {
			isa = PBXGroup;
			children = (
				35BB971D1E7F085F003DBA41 /* AppDelegate.swift */,
				35BB971F1E7F085F003DBA41 /* ViewController.swift */,
				35BB97211E7F0860003DBA41 /* Main.storyboard */,
				35BB97241E7F0860003DBA41 /* Assets.xcassets */,
				35BB97261E7F0860003DBA41 /* LaunchScreen.storyboard */,
				35BB97291E7F0860003DBA41 /* Info.plist */,
			);
			path = "MoneySaverApp-iOS";
			sourceTree = "<group>";
		};
		35BB97311E7F0860003DBA41 /* MoneySaverApp-iOSTests */ = {
			isa = PBXGroup;
			children = (
				35BB97321E7F0860003DBA41 /* MoneySaverApp_iOSTests.swift */,
				35BB97341E7F0860003DBA41 /* Info.plist */,
			);
			path = "MoneySaverApp-iOSTests";
			sourceTree = "<group>";
		};
		35BB973D1E7F0D76003DBA41 /* Frameworks */ = {
			isa = PBXGroup;
			children = (
				35BB973E1E7F0D76003DBA41 /* RESTClient.framework */,
			);
			name = Frameworks;
			sourceTree = "<group>";
		};
/* End PBXGroup section */

/* Begin PBXNativeTarget section */
		35BB97191E7F085F003DBA41 /* MoneySaverApp-iOS */ = {
			isa = PBXNativeTarget;
			buildConfigurationList = 35BB97371E7F0860003DBA41 /* Build configuration list for PBXNativeTarget "MoneySaverApp-iOS" */;
			buildPhases = (
				35BB97161E7F085F003DBA41 /* Sources */,
				35BB97171E7F085F003DBA41 /* Frameworks */,
				35BB97181E7F085F003DBA41 /* Resources */,
				35C233E51E81AAA30095AFFE /* CopyFiles */,
			);
			buildRules = (
			);
			dependencies = (
			);
			name = "MoneySaverApp-iOS";
			productName = "MoneySaverApp-iOS";
			productReference = 35BB971A1E7F085F003DBA41 /* MoneySaverApp-iOS.app */;
			productType = "com.apple.product-type.application";
		};
		35BB972D1E7F0860003DBA41 /* MoneySaverApp-iOSTests */ = {
			isa = PBXNativeTarget;
			buildConfigurationList = 35BB973A1E7F0860003DBA41 /* Build configuration list for PBXNativeTarget "MoneySaverApp-iOSTests" */;
			buildPhases = (
				35BB972A1E7F0860003DBA41 /* Sources */,
				35BB972B1E7F0860003DBA41 /* Frameworks */,
				35BB972C1E7F0860003DBA41 /* Resources */,
			);
			buildRules = (
			);
			dependencies = (
				35BB97301E7F0860003DBA41 /* PBXTargetDependency */,
			);
			name = "MoneySaverApp-iOSTests";
			productName = "MoneySaverApp-iOSTests";
			productReference = 35BB972E1E7F0860003DBA41 /* MoneySaverApp-iOSTests.xctest */;
			productType = "com.apple.product-type.bundle.unit-test";
		};
/* End PBXNativeTarget section */

/* Begin PBXProject section */
		35BB97121E7F085F003DBA41 /* Project object */ = {
			isa = PBXProject;
			attributes = {
				LastSwiftUpdateCheck = 0820;
				LastUpgradeCheck = 0820;
				ORGANIZATIONNAME = "Michal Moskala";
				TargetAttributes = {
					35BB97191E7F085F003DBA41 = {
						CreatedOnToolsVersion = 8.2.1;
						DevelopmentTeam = R77HUFLYN8;
						ProvisioningStyle = Automatic;
					};
					35BB972D1E7F0860003DBA41 = {
						CreatedOnToolsVersion = 8.2.1;
						DevelopmentTeam = R77HUFLYN8;
						ProvisioningStyle = Automatic;
						TestTargetID = 35BB97191E7F085F003DBA41;
					};
				};
			};
			buildConfigurationList = 35BB97151E7F085F003DBA41 /* Build configuration list for PBXProject "MoneySaverApp-iOS" */;
			compatibilityVersion = "Xcode 3.2";
			developmentRegion = English;
			hasScannedForEncodings = 0;
			knownRegions = (
				en,
				Base,
			);
			mainGroup = 35BB97111E7F085F003DBA41;
			productRefGroup = 35BB971B1E7F085F003DBA41 /* Products */;
			projectDirPath = "";
			projectRoot = "";
			targets = (
				35BB97191E7F085F003DBA41 /* MoneySaverApp-iOS */,
				35BB972D1E7F0860003DBA41 /* MoneySaverApp-iOSTests */,
			);
		};
/* End PBXProject section */

/* Begin PBXResourcesBuildPhase section */
		35BB97181E7F085F003DBA41 /* Resources */ = {
			isa = PBXResourcesBuildPhase;
			buildActionMask = 2147483647;
			files = (
				35BB97281E7F0860003DBA41 /* LaunchScreen.storyboard in Resources */,
				35BB97251E7F0860003DBA41 /* Assets.xcassets in Resources */,
				35BB97231E7F0860003DBA41 /* Main.storyboard in Resources */,
			);
			runOnlyForDeploymentPostprocessing = 0;
		};
		35BB972C1E7F0860003DBA41 /* Resources */ = {
			isa = PBXResourcesBuildPhase;
			buildActionMask = 2147483647;
			files = (
			);
			runOnlyForDeploymentPostprocessing = 0;
		};
/* End PBXResourcesBuildPhase section */

/* Begin PBXSourcesBuildPhase section */
		35BB97161E7F085F003DBA41 /* Sources */ = {
			isa = PBXSourcesBuildPhase;
			buildActionMask = 2147483647;
			files = (
				35BB97201E7F085F003DBA41 /* ViewController.swift in Sources */,
				35BB971E1E7F085F003DBA41 /* AppDelegate.swift in Sources */,
			);
			runOnlyForDeploymentPostprocessing = 0;
		};
		35BB972A1E7F0860003DBA41 /* Sources */ = {
			isa = PBXSourcesBuildPhase;
			buildActionMask = 2147483647;
			files = (
				35BB97331E7F0860003DBA41 /* MoneySaverApp_iOSTests.swift in Sources */,
			);
			runOnlyForDeploymentPostprocessing = 0;
		};
/* End PBXSourcesBuildPhase section */

/* Begin PBXTargetDependency section */
		35BB97301E7F0860003DBA41 /* PBXTargetDependency */ = {
			isa = PBXTargetDependency;
			target = 35BB97191E7F085F003DBA41 /* MoneySaverApp-iOS */;
			targetProxy = 35BB972F1E7F0860003DBA41 /* PBXContainerItemProxy */;
		};
/* End PBXTargetDependency section */

/* Begin PBXVariantGroup section */
		35BB97211E7F0860003DBA41 /* Main.storyboard */ = {
			isa = PBXVariantGroup;
			children = (
				35BB97221E7F0860003DBA41 /* Base */,
			);
			name = Main.storyboard;
			sourceTree = "<group>";
		};
		35BB97261E7F0860003DBA41 /* LaunchScreen.storyboard */ = {
			isa = PBXVariantGroup;
			children = (
				35BB97271E7F0860003DBA41 /* Base */,
			);
			name = LaunchScreen.storyboard;
			sourceTree = "<group>";
		};
/* End PBXVariantGroup section */

/* Begin XCBuildConfiguration section */
		35BB97351E7F0860003DBA41 /* Debug */ = {
			isa = XCBuildConfiguration;
			buildSettings = {
				ALWAYS_SEARCH_USER_PATHS = NO;
				CLANG_ANALYZER_NONNULL = YES;
				CLANG_CXX_LANGUAGE_STANDARD = "gnu++0x";
				CLANG_CXX_LIBRARY = "libc++";
				CLANG_ENABLE_MODULES = YES;
				CLANG_ENABLE_OBJC_ARC = YES;
				CLANG_WARN_BOOL_CONVERSION = YES;
				CLANG_WARN_CONSTANT_CONVERSION = YES;
				CLANG_WARN_DIRECT_OBJC_ISA_USAGE = YES_ERROR;
				CLANG_WARN_DOCUMENTATION_COMMENTS = YES;
				CLANG_WARN_EMPTY_BODY = YES;
				CLANG_WARN_ENUM_CONVERSION = YES;
				CLANG_WARN_INFINITE_RECURSION = YES;
				CLANG_WARN_INT_CONVERSION = YES;
				CLANG_WARN_OBJC_ROOT_CLASS = YES_ERROR;
				CLANG_WARN_SUSPICIOUS_MOVE = YES;
				CLANG_WARN_UNREACHABLE_CODE = YES;
				CLANG_WARN__DUPLICATE_METHOD_MATCH = YES;
				"CODE_SIGN_IDENTITY[sdk=iphoneos*]" = "iPhone Developer";
				COPY_PHASE_STRIP = NO;
				DEBUG_INFORMATION_FORMAT = dwarf;
				ENABLE_STRICT_OBJC_MSGSEND = YES;
				ENABLE_TESTABILITY = YES;
				GCC_C_LANGUAGE_STANDARD = gnu99;
				GCC_DYNAMIC_NO_PIC = NO;
				GCC_NO_COMMON_BLOCKS = YES;
				GCC_OPTIMIZATION_LEVEL = 0;
				GCC_PREPROCESSOR_DEFINITIONS = (
					"DEBUG=1",
					"$(inherited)",
				);
				GCC_WARN_64_TO_32_BIT_CONVERSION = YES;
				GCC_WARN_ABOUT_RETURN_TYPE = YES_ERROR;
				GCC_WARN_UNDECLARED_SELECTOR = YES;
				GCC_WARN_UNINITIALIZED_AUTOS = YES_AGGRESSIVE;
				GCC_WARN_UNUSED_FUNCTION = YES;
				GCC_WARN_UNUSED_VARIABLE = YES;
				IPHONEOS_DEPLOYMENT_TARGET = 10.2;
				MTL_ENABLE_DEBUG_INFO = YES;
				ONLY_ACTIVE_ARCH = YES;
				SDKROOT = iphoneos;
				SWIFT_ACTIVE_COMPILATION_CONDITIONS = DEBUG;
				SWIFT_OPTIMIZATION_LEVEL = "-Onone";
			};
			name = Debug;
		};
		35BB97361E7F0860003DBA41 /* Release */ = {
			isa = XCBuildConfiguration;
			buildSettings = {
				ALWAYS_SEARCH_USER_PATHS = NO;
				CLANG_ANALYZER_NONNULL = YES;
				CLANG_CXX_LANGUAGE_STANDARD = "gnu++0x";
				CLANG_CXX_LIBRARY = "libc++";
				CLANG_ENABLE_MODULES = YES;
				CLANG_ENABLE_OBJC_ARC = YES;
				CLANG_WARN_BOOL_CONVERSION = YES;
				CLANG_WARN_CONSTANT_CONVERSION = YES;
				CLANG_WARN_DIRECT_OBJC_ISA_USAGE = YES_ERROR;
				CLANG_WARN_DOCUMENTATION_COMMENTS = YES;
				CLANG_WARN_EMPTY_BODY = YES;
				CLANG_WARN_ENUM_CONVERSION = YES;
				CLANG_WARN_INFINITE_RECURSION = YES;
				CLANG_WARN_INT_CONVERSION = YES;
				CLANG_WARN_OBJC_ROOT_CLASS = YES_ERROR;
				CLANG_WARN_SUSPICIOUS_MOVE = YES;
				CLANG_WARN_UNREACHABLE_CODE = YES;
				CLANG_WARN__DUPLICATE_METHOD_MATCH = YES;
				"CODE_SIGN_IDENTITY[sdk=iphoneos*]" = "iPhone Developer";
				COPY_PHASE_STRIP = NO;
				DEBUG_INFORMATION_FORMAT = "dwarf-with-dsym";
				ENABLE_NS_ASSERTIONS = NO;
				ENABLE_STRICT_OBJC_MSGSEND = YES;
				GCC_C_LANGUAGE_STANDARD = gnu99;
				GCC_NO_COMMON_BLOCKS = YES;
				GCC_WARN_64_TO_32_BIT_CONVERSION = YES;
				GCC_WARN_ABOUT_RETURN_TYPE = YES_ERROR;
				GCC_WARN_UNDECLARED_SELECTOR = YES;
				GCC_WARN_UNINITIALIZED_AUTOS = YES_AGGRESSIVE;
				GCC_WARN_UNUSED_FUNCTION = YES;
				GCC_WARN_UNUSED_VARIABLE = YES;
				IPHONEOS_DEPLOYMENT_TARGET = 10.2;
				MTL_ENABLE_DEBUG_INFO = NO;
				SDKROOT = iphoneos;
				SWIFT_OPTIMIZATION_LEVEL = "-Owholemodule";
				VALIDATE_PRODUCT = YES;
			};
			name = Release;
		};
		35BB97381E7F0860003DBA41 /* Debug */ = {
			isa = XCBuildConfiguration;
			buildSettings = {
				ASSETCATALOG_COMPILER_APPICON_NAME = AppIcon;
				DEVELOPMENT_TEAM = R77HUFLYN8;
				FRAMEWORK_SEARCH_PATHS = (
					"$(inherited)",
					"$(PROJECT_DIR)/Carthage/Build/iOS",
				);
				INFOPLIST_FILE = "MoneySaverApp-iOS/Info.plist";
				LD_RUNPATH_SEARCH_PATHS = "$(inherited) @executable_path/Frameworks";
				PRODUCT_BUNDLE_IDENTIFIER = "com.michal.moskala.MoneySaverApp-iOS";
				PRODUCT_NAME = "$(TARGET_NAME)";
				SWIFT_VERSION = 3.0;
			};
			name = Debug;
		};
		35BB97391E7F0860003DBA41 /* Release */ = {
			isa = XCBuildConfiguration;
			buildSettings = {
				ASSETCATALOG_COMPILER_APPICON_NAME = AppIcon;
				DEVELOPMENT_TEAM = R77HUFLYN8;
				FRAMEWORK_SEARCH_PATHS = (
					"$(inherited)",
					"$(PROJECT_DIR)/Carthage/Build/iOS",
				);
				INFOPLIST_FILE = "MoneySaverApp-iOS/Info.plist";
				LD_RUNPATH_SEARCH_PATHS = "$(inherited) @executable_path/Frameworks";
				PRODUCT_BUNDLE_IDENTIFIER = "com.michal.moskala.MoneySaverApp-iOS";
				PRODUCT_NAME = "$(TARGET_NAME)";
				SWIFT_VERSION = 3.0;
			};
			name = Release;
		};
		35BB973B1E7F0860003DBA41 /* Debug */ = {
			isa = XCBuildConfiguration;
			buildSettings = {
				ALWAYS_EMBED_SWIFT_STANDARD_LIBRARIES = YES;
				BUNDLE_LOADER = "$(TEST_HOST)";
				DEVELOPMENT_TEAM = R77HUFLYN8;
				INFOPLIST_FILE = "MoneySaverApp-iOSTests/Info.plist";
				LD_RUNPATH_SEARCH_PATHS = "$(inherited) @executable_path/Frameworks @loader_path/Frameworks";
				PRODUCT_BUNDLE_IDENTIFIER = "com.michal.moskala.MoneySaverApp-iOSTests";
				PRODUCT_NAME = "$(TARGET_NAME)";
				SWIFT_VERSION = 3.0;
				TEST_HOST = "$(BUILT_PRODUCTS_DIR)/MoneySaverApp-iOS.app/MoneySaverApp-iOS";
			};
			name = Debug;
		};
		35BB973C1E7F0860003DBA41 /* Release */ = {
			isa = XCBuildConfiguration;
			buildSettings = {
				ALWAYS_EMBED_SWIFT_STANDARD_LIBRARIES = YES;
				BUNDLE_LOADER = "$(TEST_HOST)";
				DEVELOPMENT_TEAM = R77HUFLYN8;
				INFOPLIST_FILE = "MoneySaverApp-iOSTests/Info.plist";
				LD_RUNPATH_SEARCH_PATHS = "$(inherited) @executable_path/Frameworks @loader_path/Frameworks";
				PRODUCT_BUNDLE_IDENTIFIER = "com.michal.moskala.MoneySaverApp-iOSTests";
				PRODUCT_NAME = "$(TARGET_NAME)";
				SWIFT_VERSION = 3.0;
				TEST_HOST = "$(BUILT_PRODUCTS_DIR)/MoneySaverApp-iOS.app/MoneySaverApp-iOS";
			};
			name = Release;
		};
/* End XCBuildConfiguration section */

/* Begin XCConfigurationList section */
		35BB97151E7F085F003DBA41 /* Build configuration list for PBXProject "MoneySaverApp-iOS" */ = {
			isa = XCConfigurationList;
			buildConfigurations = (
				35BB97351E7F0860003DBA41 /* Debug */,
				35BB97361E7F0860003DBA41 /* Release */,
			);
			defaultConfigurationIsVisible = 0;
			defaultConfigurationName = Release;
		};
		35BB97371E7F0860003DBA41 /* Build configuration list for PBXNativeTarget "MoneySaverApp-iOS" */ = {
			isa = XCConfigurationList;
			buildConfigurations = (
				35BB97381E7F0860003DBA41 /* Debug */,
				35BB97391E7F0860003DBA41 /* Release */,
			);
			defaultConfigurationIsVisible = 0;
			defaultConfigurationName = Release;
		};
		35BB973A1E7F0860003DBA41 /* Build configuration list for PBXNativeTarget "MoneySaverApp-iOSTests" */ = {
			isa = XCConfigurationList;
			buildConfigurations = (
				35BB973B1E7F0860003DBA41 /* Debug */,
				35BB973C1E7F0860003DBA41 /* Release */,
			);
			defaultConfigurationIsVisible = 0;
			defaultConfigurationName = Release;
		};
/* End XCConfigurationList section */
	};
	rootObject = 35BB97121E7F085F003DBA41 /* Project object */;
}
